// !$*UTF8*$!
{
	archiveVersion = 1;
	classes = {
	};
	objectVersion = 50;
	objects = {

/* Begin PBXBuildFile section */
		4B4B04DA213ECC67008FA20D /* Assets.xcassets in Resources */ = {isa = PBXBuildFile; fileRef = 4B4B04D9213ECC67008FA20D /* Assets.xcassets */; };
		4B4B04DD213ECC67008FA20D /* LaunchScreen.storyboard in Resources */ = {isa = PBXBuildFile; fileRef = 4B4B04DB213ECC67008FA20D /* LaunchScreen.storyboard */; };
		BF75E8CE2218F59B005244C5 /* SWUTabBarController.m in Sources */ = {isa = PBXBuildFile; fileRef = BF75E8B52218F59B005244C5 /* SWUTabBarController.m */; };
		BF75E8CF2218F59B005244C5 /* SWUMainViewController.m in Sources */ = {isa = PBXBuildFile; fileRef = BF75E8BB2218F59B005244C5 /* SWUMainViewController.m */; };
		BF75E8D02218F59B005244C5 /* SWUMineViewController.m in Sources */ = {isa = PBXBuildFile; fileRef = BF75E8C12218F59B005244C5 /* SWUMineViewController.m */; };
		BF75E8D12218F59B005244C5 /* AppDelegate.m in Sources */ = {isa = PBXBuildFile; fileRef = BF75E8C62218F59B005244C5 /* AppDelegate.m */; };
		BF75E8D22218F59B005244C5 /* main.m in Sources */ = {isa = PBXBuildFile; fileRef = BF75E8C72218F59B005244C5 /* main.m */; };
		BF75E8D32218F59B005244C5 /* SWUScheduleViewController.m in Sources */ = {isa = PBXBuildFile; fileRef = BF75E8CB2218F59B005244C5 /* SWUScheduleViewController.m */; };
		BF7E68B4221BE1480032422F /* SWUHeaderView.m in Sources */ = {isa = PBXBuildFile; fileRef = BF7E68B2221BE1470032422F /* SWUHeaderView.m */; };
		BF7E68B7221BEB4B0032422F /* SWUMineTableViewCell.m in Sources */ = {isa = PBXBuildFile; fileRef = BF7E68B6221BEB4B0032422F /* SWUMineTableViewCell.m */; };
		BF7E6902221C19160032422F /* MJDictionaryCache.m in Sources */ = {isa = PBXBuildFile; fileRef = BF7E68EC221C19160032422F /* MJDictionaryCache.m */; };
		BF7E6903221C19160032422F /* MJExtensionConst.m in Sources */ = {isa = PBXBuildFile; fileRef = BF7E68EF221C19160032422F /* MJExtensionConst.m */; };
		BF7E6904221C19160032422F /* MJFoundation.m in Sources */ = {isa = PBXBuildFile; fileRef = BF7E68F1221C19160032422F /* MJFoundation.m */; };
		BF7E6905221C19160032422F /* MJProperty.m in Sources */ = {isa = PBXBuildFile; fileRef = BF7E68F3221C19160032422F /* MJProperty.m */; };
		BF7E6906221C19160032422F /* MJPropertyKey.m in Sources */ = {isa = PBXBuildFile; fileRef = BF7E68F5221C19160032422F /* MJPropertyKey.m */; };
		BF7E6907221C19160032422F /* MJPropertyType.m in Sources */ = {isa = PBXBuildFile; fileRef = BF7E68F7221C19160032422F /* MJPropertyType.m */; };
		BF7E6908221C19160032422F /* NSObject+MJClass.m in Sources */ = {isa = PBXBuildFile; fileRef = BF7E68F9221C19160032422F /* NSObject+MJClass.m */; };
		BF7E6909221C19160032422F /* NSObject+MJCoding.m in Sources */ = {isa = PBXBuildFile; fileRef = BF7E68FB221C19160032422F /* NSObject+MJCoding.m */; };
		BF7E690A221C19160032422F /* NSObject+MJKeyValue.m in Sources */ = {isa = PBXBuildFile; fileRef = BF7E68FD221C19160032422F /* NSObject+MJKeyValue.m */; };
		BF7E690B221C19160032422F /* NSObject+MJProperty.m in Sources */ = {isa = PBXBuildFile; fileRef = BF7E68FF221C19160032422F /* NSObject+MJProperty.m */; };
		BF7E690C221C19160032422F /* NSString+MJExtension.m in Sources */ = {isa = PBXBuildFile; fileRef = BF7E6901221C19160032422F /* NSString+MJExtension.m */; };
		BF7E6913221C19D80032422F /* SWUMineModel.m in Sources */ = {isa = PBXBuildFile; fileRef = BF7E6912221C19D80032422F /* SWUMineModel.m */; };
		BF7E6917221C55540032422F /* Mine.plist in Resources */ = {isa = PBXBuildFile; fileRef = BF7E6916221C55540032422F /* Mine.plist */; };
		DC09C91A2C60A4222D2326BA /* libPods-OpenSwuNG.a in Frameworks */ = {isa = PBXBuildFile; fileRef = 055E4E42096CDE36E1746EE7 /* libPods-OpenSwuNG.a */; };
/* End PBXBuildFile section */

/* Begin PBXFileReference section */
		055E4E42096CDE36E1746EE7 /* libPods-OpenSwuNG.a */ = {isa = PBXFileReference; explicitFileType = archive.ar; includeInIndex = 0; path = "libPods-OpenSwuNG.a"; sourceTree = BUILT_PRODUCTS_DIR; };
		4B4B04CD213ECC66008FA20D /* OpenSwuNG.app */ = {isa = PBXFileReference; explicitFileType = wrapper.application; includeInIndex = 0; path = OpenSwuNG.app; sourceTree = BUILT_PRODUCTS_DIR; };
		4B4B04D9213ECC67008FA20D /* Assets.xcassets */ = {isa = PBXFileReference; lastKnownFileType = folder.assetcatalog; path = Assets.xcassets; sourceTree = "<group>"; };
		4B4B04DC213ECC67008FA20D /* Base */ = {isa = PBXFileReference; lastKnownFileType = file.storyboard; name = Base; path = Base.lproj/LaunchScreen.storyboard; sourceTree = "<group>"; };
		4B4B04DE213ECC67008FA20D /* Info.plist */ = {isa = PBXFileReference; lastKnownFileType = text.plist.xml; path = Info.plist; sourceTree = "<group>"; };
		BF75E8B42218F59B005244C5 /* SWUTabBarController.h */ = {isa = PBXFileReference; fileEncoding = 4; lastKnownFileType = sourcecode.c.h; path = SWUTabBarController.h; sourceTree = "<group>"; };
		BF75E8B52218F59B005244C5 /* SWUTabBarController.m */ = {isa = PBXFileReference; fileEncoding = 4; lastKnownFileType = sourcecode.c.objc; path = SWUTabBarController.m; sourceTree = "<group>"; };
		BF75E8BA2218F59B005244C5 /* SWUMainViewController.h */ = {isa = PBXFileReference; fileEncoding = 4; lastKnownFileType = sourcecode.c.h; path = SWUMainViewController.h; sourceTree = "<group>"; };
		BF75E8BB2218F59B005244C5 /* SWUMainViewController.m */ = {isa = PBXFileReference; fileEncoding = 4; lastKnownFileType = sourcecode.c.objc; path = SWUMainViewController.m; sourceTree = "<group>"; };
		BF75E8C02218F59B005244C5 /* SWUMineViewController.h */ = {isa = PBXFileReference; fileEncoding = 4; lastKnownFileType = sourcecode.c.h; path = SWUMineViewController.h; sourceTree = "<group>"; };
		BF75E8C12218F59B005244C5 /* SWUMineViewController.m */ = {isa = PBXFileReference; fileEncoding = 4; lastKnownFileType = sourcecode.c.objc; path = SWUMineViewController.m; sourceTree = "<group>"; };
		BF75E8C52218F59B005244C5 /* AppDelegate.h */ = {isa = PBXFileReference; fileEncoding = 4; lastKnownFileType = sourcecode.c.h; path = AppDelegate.h; sourceTree = "<group>"; };
		BF75E8C62218F59B005244C5 /* AppDelegate.m */ = {isa = PBXFileReference; fileEncoding = 4; lastKnownFileType = sourcecode.c.objc; path = AppDelegate.m; sourceTree = "<group>"; };
		BF75E8C72218F59B005244C5 /* main.m */ = {isa = PBXFileReference; fileEncoding = 4; lastKnownFileType = sourcecode.c.objc; path = main.m; sourceTree = "<group>"; };
		BF75E8CA2218F59B005244C5 /* SWUScheduleViewController.h */ = {isa = PBXFileReference; fileEncoding = 4; lastKnownFileType = sourcecode.c.h; path = SWUScheduleViewController.h; sourceTree = "<group>"; };
		BF75E8CB2218F59B005244C5 /* SWUScheduleViewController.m */ = {isa = PBXFileReference; fileEncoding = 4; lastKnownFileType = sourcecode.c.objc; path = SWUScheduleViewController.m; sourceTree = "<group>"; };
		BF7E68B2221BE1470032422F /* SWUHeaderView.m */ = {isa = PBXFileReference; fileEncoding = 4; lastKnownFileType = sourcecode.c.objc; path = SWUHeaderView.m; sourceTree = "<group>"; };
		BF7E68B3221BE1480032422F /* SWUHeaderView.h */ = {isa = PBXFileReference; fileEncoding = 4; lastKnownFileType = sourcecode.c.h; path = SWUHeaderView.h; sourceTree = "<group>"; };
		BF7E68B5221BEB4B0032422F /* SWUMineTableViewCell.h */ = {isa = PBXFileReference; lastKnownFileType = sourcecode.c.h; path = SWUMineTableViewCell.h; sourceTree = "<group>"; };
		BF7E68B6221BEB4B0032422F /* SWUMineTableViewCell.m */ = {isa = PBXFileReference; lastKnownFileType = sourcecode.c.objc; path = SWUMineTableViewCell.m; sourceTree = "<group>"; };
		BF7E68EB221C19160032422F /* MJDictionaryCache.h */ = {isa = PBXFileReference; fileEncoding = 4; lastKnownFileType = sourcecode.c.h; path = MJDictionaryCache.h; sourceTree = "<group>"; };
		BF7E68EC221C19160032422F /* MJDictionaryCache.m */ = {isa = PBXFileReference; fileEncoding = 4; lastKnownFileType = sourcecode.c.objc; path = MJDictionaryCache.m; sourceTree = "<group>"; };
		BF7E68ED221C19160032422F /* MJExtension.h */ = {isa = PBXFileReference; fileEncoding = 4; lastKnownFileType = sourcecode.c.h; path = MJExtension.h; sourceTree = "<group>"; };
		BF7E68EE221C19160032422F /* MJExtensionConst.h */ = {isa = PBXFileReference; fileEncoding = 4; lastKnownFileType = sourcecode.c.h; path = MJExtensionConst.h; sourceTree = "<group>"; };
		BF7E68EF221C19160032422F /* MJExtensionConst.m */ = {isa = PBXFileReference; fileEncoding = 4; lastKnownFileType = sourcecode.c.objc; path = MJExtensionConst.m; sourceTree = "<group>"; };
		BF7E68F0221C19160032422F /* MJFoundation.h */ = {isa = PBXFileReference; fileEncoding = 4; lastKnownFileType = sourcecode.c.h; path = MJFoundation.h; sourceTree = "<group>"; };
		BF7E68F1221C19160032422F /* MJFoundation.m */ = {isa = PBXFileReference; fileEncoding = 4; lastKnownFileType = sourcecode.c.objc; path = MJFoundation.m; sourceTree = "<group>"; };
		BF7E68F2221C19160032422F /* MJProperty.h */ = {isa = PBXFileReference; fileEncoding = 4; lastKnownFileType = sourcecode.c.h; path = MJProperty.h; sourceTree = "<group>"; };
		BF7E68F3221C19160032422F /* MJProperty.m */ = {isa = PBXFileReference; fileEncoding = 4; lastKnownFileType = sourcecode.c.objc; path = MJProperty.m; sourceTree = "<group>"; };
		BF7E68F4221C19160032422F /* MJPropertyKey.h */ = {isa = PBXFileReference; fileEncoding = 4; lastKnownFileType = sourcecode.c.h; path = MJPropertyKey.h; sourceTree = "<group>"; };
		BF7E68F5221C19160032422F /* MJPropertyKey.m */ = {isa = PBXFileReference; fileEncoding = 4; lastKnownFileType = sourcecode.c.objc; path = MJPropertyKey.m; sourceTree = "<group>"; };
		BF7E68F6221C19160032422F /* MJPropertyType.h */ = {isa = PBXFileReference; fileEncoding = 4; lastKnownFileType = sourcecode.c.h; path = MJPropertyType.h; sourceTree = "<group>"; };
		BF7E68F7221C19160032422F /* MJPropertyType.m */ = {isa = PBXFileReference; fileEncoding = 4; lastKnownFileType = sourcecode.c.objc; path = MJPropertyType.m; sourceTree = "<group>"; };
		BF7E68F8221C19160032422F /* NSObject+MJClass.h */ = {isa = PBXFileReference; fileEncoding = 4; lastKnownFileType = sourcecode.c.h; path = "NSObject+MJClass.h"; sourceTree = "<group>"; };
		BF7E68F9221C19160032422F /* NSObject+MJClass.m */ = {isa = PBXFileReference; fileEncoding = 4; lastKnownFileType = sourcecode.c.objc; path = "NSObject+MJClass.m"; sourceTree = "<group>"; };
		BF7E68FA221C19160032422F /* NSObject+MJCoding.h */ = {isa = PBXFileReference; fileEncoding = 4; lastKnownFileType = sourcecode.c.h; path = "NSObject+MJCoding.h"; sourceTree = "<group>"; };
		BF7E68FB221C19160032422F /* NSObject+MJCoding.m */ = {isa = PBXFileReference; fileEncoding = 4; lastKnownFileType = sourcecode.c.objc; path = "NSObject+MJCoding.m"; sourceTree = "<group>"; };
		BF7E68FC221C19160032422F /* NSObject+MJKeyValue.h */ = {isa = PBXFileReference; fileEncoding = 4; lastKnownFileType = sourcecode.c.h; path = "NSObject+MJKeyValue.h"; sourceTree = "<group>"; };
		BF7E68FD221C19160032422F /* NSObject+MJKeyValue.m */ = {isa = PBXFileReference; fileEncoding = 4; lastKnownFileType = sourcecode.c.objc; path = "NSObject+MJKeyValue.m"; sourceTree = "<group>"; };
		BF7E68FE221C19160032422F /* NSObject+MJProperty.h */ = {isa = PBXFileReference; fileEncoding = 4; lastKnownFileType = sourcecode.c.h; path = "NSObject+MJProperty.h"; sourceTree = "<group>"; };
		BF7E68FF221C19160032422F /* NSObject+MJProperty.m */ = {isa = PBXFileReference; fileEncoding = 4; lastKnownFileType = sourcecode.c.objc; path = "NSObject+MJProperty.m"; sourceTree = "<group>"; };
		BF7E6900221C19160032422F /* NSString+MJExtension.h */ = {isa = PBXFileReference; fileEncoding = 4; lastKnownFileType = sourcecode.c.h; path = "NSString+MJExtension.h"; sourceTree = "<group>"; };
		BF7E6901221C19160032422F /* NSString+MJExtension.m */ = {isa = PBXFileReference; fileEncoding = 4; lastKnownFileType = sourcecode.c.objc; path = "NSString+MJExtension.m"; sourceTree = "<group>"; };
		BF7E6911221C19D80032422F /* SWUMineModel.h */ = {isa = PBXFileReference; fileEncoding = 4; lastKnownFileType = sourcecode.c.h; path = SWUMineModel.h; sourceTree = "<group>"; };
		BF7E6912221C19D80032422F /* SWUMineModel.m */ = {isa = PBXFileReference; fileEncoding = 4; lastKnownFileType = sourcecode.c.objc; path = SWUMineModel.m; sourceTree = "<group>"; };
		BF7E6916221C55540032422F /* Mine.plist */ = {isa = PBXFileReference; fileEncoding = 4; lastKnownFileType = text.plist.xml; path = Mine.plist; sourceTree = "<group>"; };
		CD0B42B6BB2805C5D6295880 /* Pods-OpenSwuNG.debug.xcconfig */ = {isa = PBXFileReference; includeInIndex = 1; lastKnownFileType = text.xcconfig; name = "Pods-OpenSwuNG.debug.xcconfig"; path = "Pods/Target Support Files/Pods-OpenSwuNG/Pods-OpenSwuNG.debug.xcconfig"; sourceTree = "<group>"; };
		F8B7907FCE06F2DC1CECC24F /* Pods-OpenSwuNG.release.xcconfig */ = {isa = PBXFileReference; includeInIndex = 1; lastKnownFileType = text.xcconfig; name = "Pods-OpenSwuNG.release.xcconfig"; path = "Pods/Target Support Files/Pods-OpenSwuNG/Pods-OpenSwuNG.release.xcconfig"; sourceTree = "<group>"; };
/* End PBXFileReference section */

/* Begin PBXFrameworksBuildPhase section */
		4B4B04CA213ECC66008FA20D /* Frameworks */ = {
			isa = PBXFrameworksBuildPhase;
			buildActionMask = 2147483647;
			files = (
				DC09C91A2C60A4222D2326BA /* libPods-OpenSwuNG.a in Frameworks */,
			);
			runOnlyForDeploymentPostprocessing = 0;
		};
/* End PBXFrameworksBuildPhase section */

/* Begin PBXGroup section */
		28EF1B5D3E93E805818CEC18 /* Pods */ = {
			isa = PBXGroup;
			children = (
				CD0B42B6BB2805C5D6295880 /* Pods-OpenSwuNG.debug.xcconfig */,
				F8B7907FCE06F2DC1CECC24F /* Pods-OpenSwuNG.release.xcconfig */,
			);
			name = Pods;
			sourceTree = "<group>";
		};
		4B4B04C4213ECC66008FA20D = {
			isa = PBXGroup;
			children = (
				4B4B04CF213ECC66008FA20D /* OpenSwuNG */,
				4B4B04CE213ECC66008FA20D /* Products */,
				28EF1B5D3E93E805818CEC18 /* Pods */,
				8A1F23BCE7A3E2F4677BF21D /* Frameworks */,
			);
			sourceTree = "<group>";
		};
		4B4B04CE213ECC66008FA20D /* Products */ = {
			isa = PBXGroup;
			children = (
				4B4B04CD213ECC66008FA20D /* OpenSwuNG.app */,
			);
			name = Products;
			sourceTree = "<group>";
		};
		4B4B04CF213ECC66008FA20D /* OpenSwuNG */ = {
			isa = PBXGroup;
			children = (
				BF75E8B12218F59B005244C5 /* Classes */,
				4B4B04D9213ECC67008FA20D /* Assets.xcassets */,
				4B4B04DB213ECC67008FA20D /* LaunchScreen.storyboard */,
				BF7E6916221C55540032422F /* Mine.plist */,
				4B4B04DE213ECC67008FA20D /* Info.plist */,
			);
			path = OpenSwuNG;
			sourceTree = "<group>";
		};
		8A1F23BCE7A3E2F4677BF21D /* Frameworks */ = {
			isa = PBXGroup;
			children = (
				BF7E68EA221C19160032422F /* MJExtension */,
				055E4E42096CDE36E1746EE7 /* libPods-OpenSwuNG.a */,
			);
			name = Frameworks;
			sourceTree = "<group>";
		};
		BF75E8B12218F59B005244C5 /* Classes */ = {
			isa = PBXGroup;
			children = (
				BF75E8B22218F59B005244C5 /* Main */,
				BF75E8B82218F59B005244C5 /* Home */,
				BF75E8BE2218F59B005244C5 /* Mine */,
				BF75E8C82218F59B005244C5 /* Schedule */,
				BF75E8C42218F59B005244C5 /* Other */,
			);
			path = Classes;
			sourceTree = "<group>";
		};
		BF75E8B22218F59B005244C5 /* Main */ = {
			isa = PBXGroup;
			children = (
				BF75E8B32218F59B005244C5 /* Controller */,
				BF75E8B62218F59B005244C5 /* Model */,
				BF75E8B72218F59B005244C5 /* View */,
			);
			path = Main;
			sourceTree = "<group>";
		};
		BF75E8B32218F59B005244C5 /* Controller */ = {
			isa = PBXGroup;
			children = (
				BF75E8B42218F59B005244C5 /* SWUTabBarController.h */,
				BF75E8B52218F59B005244C5 /* SWUTabBarController.m */,
			);
			path = Controller;
			sourceTree = "<group>";
		};
		BF75E8B62218F59B005244C5 /* Model */ = {
			isa = PBXGroup;
			children = (
			);
			path = Model;
			sourceTree = "<group>";
		};
		BF75E8B72218F59B005244C5 /* View */ = {
			isa = PBXGroup;
			children = (
			);
			path = View;
			sourceTree = "<group>";
		};
		BF75E8B82218F59B005244C5 /* Home */ = {
			isa = PBXGroup;
			children = (
				BF75E8B92218F59B005244C5 /* Controller */,
				BF75E8BC2218F59B005244C5 /* Model */,
				BF75E8BD2218F59B005244C5 /* View */,
			);
			path = Home;
			sourceTree = "<group>";
		};
		BF75E8B92218F59B005244C5 /* Controller */ = {
			isa = PBXGroup;
			children = (
				BF75E8BA2218F59B005244C5 /* SWUMainViewController.h */,
				BF75E8BB2218F59B005244C5 /* SWUMainViewController.m */,
			);
			path = Controller;
			sourceTree = "<group>";
		};
		BF75E8BC2218F59B005244C5 /* Model */ = {
			isa = PBXGroup;
			children = (
			);
			path = Model;
			sourceTree = "<group>";
		};
		BF75E8BD2218F59B005244C5 /* View */ = {
			isa = PBXGroup;
			children = (
			);
			path = View;
			sourceTree = "<group>";
		};
		BF75E8BE2218F59B005244C5 /* Mine */ = {
			isa = PBXGroup;
			children = (
				BF7E6910221C19D80032422F /* Model */,
				BF75E8BF2218F59B005244C5 /* Controller */,
				BF75E8C32218F59B005244C5 /* View */,
			);
			path = Mine;
			sourceTree = "<group>";
		};
		BF75E8BF2218F59B005244C5 /* Controller */ = {
			isa = PBXGroup;
			children = (
				BF75E8C02218F59B005244C5 /* SWUMineViewController.h */,
				BF75E8C12218F59B005244C5 /* SWUMineViewController.m */,
			);
			path = Controller;
			sourceTree = "<group>";
		};
		BF75E8C32218F59B005244C5 /* View */ = {
			isa = PBXGroup;
			children = (
				BF7E68B3221BE1480032422F /* SWUHeaderView.h */,
				BF7E68B2221BE1470032422F /* SWUHeaderView.m */,
				BF7E68B5221BEB4B0032422F /* SWUMineTableViewCell.h */,
				BF7E68B6221BEB4B0032422F /* SWUMineTableViewCell.m */,
			);
			path = View;
			sourceTree = "<group>";
		};
		BF75E8C42218F59B005244C5 /* Other */ = {
			isa = PBXGroup;
			children = (
				BF75E8C52218F59B005244C5 /* AppDelegate.h */,
				BF75E8C62218F59B005244C5 /* AppDelegate.m */,
				BF75E8C72218F59B005244C5 /* main.m */,
			);
			path = Other;
			sourceTree = "<group>";
		};
		BF75E8C82218F59B005244C5 /* Schedule */ = {
			isa = PBXGroup;
			children = (
				BF75E8C92218F59B005244C5 /* Controller */,
				BF75E8CC2218F59B005244C5 /* Model */,
				BF75E8CD2218F59B005244C5 /* View */,
			);
			path = Schedule;
			sourceTree = "<group>";
		};
		BF75E8C92218F59B005244C5 /* Controller */ = {
			isa = PBXGroup;
			children = (
				BF75E8CA2218F59B005244C5 /* SWUScheduleViewController.h */,
				BF75E8CB2218F59B005244C5 /* SWUScheduleViewController.m */,
			);
			path = Controller;
			sourceTree = "<group>";
		};
		BF75E8CC2218F59B005244C5 /* Model */ = {
			isa = PBXGroup;
			children = (
			);
			path = Model;
			sourceTree = "<group>";
		};
		BF75E8CD2218F59B005244C5 /* View */ = {
			isa = PBXGroup;
			children = (
			);
			path = View;
			sourceTree = "<group>";
		};
		BF7E68EA221C19160032422F /* MJExtension */ = {
			isa = PBXGroup;
			children = (
				BF7E68EB221C19160032422F /* MJDictionaryCache.h */,
				BF7E68EC221C19160032422F /* MJDictionaryCache.m */,
				BF7E68ED221C19160032422F /* MJExtension.h */,
				BF7E68EE221C19160032422F /* MJExtensionConst.h */,
				BF7E68EF221C19160032422F /* MJExtensionConst.m */,
				BF7E68F0221C19160032422F /* MJFoundation.h */,
				BF7E68F1221C19160032422F /* MJFoundation.m */,
				BF7E68F2221C19160032422F /* MJProperty.h */,
				BF7E68F3221C19160032422F /* MJProperty.m */,
				BF7E68F4221C19160032422F /* MJPropertyKey.h */,
				BF7E68F5221C19160032422F /* MJPropertyKey.m */,
				BF7E68F6221C19160032422F /* MJPropertyType.h */,
				BF7E68F7221C19160032422F /* MJPropertyType.m */,
				BF7E68F8221C19160032422F /* NSObject+MJClass.h */,
				BF7E68F9221C19160032422F /* NSObject+MJClass.m */,
				BF7E68FA221C19160032422F /* NSObject+MJCoding.h */,
				BF7E68FB221C19160032422F /* NSObject+MJCoding.m */,
				BF7E68FC221C19160032422F /* NSObject+MJKeyValue.h */,
				BF7E68FD221C19160032422F /* NSObject+MJKeyValue.m */,
				BF7E68FE221C19160032422F /* NSObject+MJProperty.h */,
				BF7E68FF221C19160032422F /* NSObject+MJProperty.m */,
				BF7E6900221C19160032422F /* NSString+MJExtension.h */,
				BF7E6901221C19160032422F /* NSString+MJExtension.m */,
			);
			path = MJExtension;
			sourceTree = "<group>";
		};
		BF7E6910221C19D80032422F /* Model */ = {
			isa = PBXGroup;
			children = (
				BF7E6911221C19D80032422F /* SWUMineModel.h */,
				BF7E6912221C19D80032422F /* SWUMineModel.m */,
			);
			path = Model;
			sourceTree = "<group>";
		};
/* End PBXGroup section */

/* Begin PBXNativeTarget section */
		4B4B04CC213ECC66008FA20D /* OpenSwuNG */ = {
			isa = PBXNativeTarget;
			buildConfigurationList = 4B4B04E3213ECC67008FA20D /* Build configuration list for PBXNativeTarget "OpenSwuNG" */;
			buildPhases = (
				8F4FA79A4A75D3462CCC925E /* [CP] Check Pods Manifest.lock */,
				4B4B04C9213ECC66008FA20D /* Sources */,
				4B4B04CA213ECC66008FA20D /* Frameworks */,
				4B4B04CB213ECC66008FA20D /* Resources */,
			);
			buildRules = (
			);
			dependencies = (
			);
			name = OpenSwuNG;
			productName = OpenSwuNG;
			productReference = 4B4B04CD213ECC66008FA20D /* OpenSwuNG.app */;
			productType = "com.apple.product-type.application";
		};
/* End PBXNativeTarget section */

/* Begin PBXProject section */
		4B4B04C5213ECC66008FA20D /* Project object */ = {
			isa = PBXProject;
			attributes = {
				LastUpgradeCheck = 0940;
				TargetAttributes = {
					4B4B04CC213ECC66008FA20D = {
						CreatedOnToolsVersion = 9.4.1;
					};
				};
			};
			buildConfigurationList = 4B4B04C8213ECC66008FA20D /* Build configuration list for PBXProject "OpenSwuNG" */;
			compatibilityVersion = "Xcode 9.3";
			developmentRegion = en;
			hasScannedForEncodings = 0;
			knownRegions = (
				en,
				Base,
			);
			mainGroup = 4B4B04C4213ECC66008FA20D;
			productRefGroup = 4B4B04CE213ECC66008FA20D /* Products */;
			projectDirPath = "";
			projectRoot = "";
			targets = (
				4B4B04CC213ECC66008FA20D /* OpenSwuNG */,
			);
		};
/* End PBXProject section */

/* Begin PBXResourcesBuildPhase section */
		4B4B04CB213ECC66008FA20D /* Resources */ = {
			isa = PBXResourcesBuildPhase;
			buildActionMask = 2147483647;
			files = (
				4B4B04DD213ECC67008FA20D /* LaunchScreen.storyboard in Resources */,
				4B4B04DA213ECC67008FA20D /* Assets.xcassets in Resources */,
				BF7E6917221C55540032422F /* Mine.plist in Resources */,
			);
			runOnlyForDeploymentPostprocessing = 0;
		};
/* End PBXResourcesBuildPhase section */

/* Begin PBXShellScriptBuildPhase section */
		8F4FA79A4A75D3462CCC925E /* [CP] Check Pods Manifest.lock */ = {
			isa = PBXShellScriptBuildPhase;
			buildActionMask = 2147483647;
			files = (
			);
			inputPaths = (
				"${PODS_PODFILE_DIR_PATH}/Podfile.lock",
				"${PODS_ROOT}/Manifest.lock",
			);
			name = "[CP] Check Pods Manifest.lock";
			outputPaths = (
				"$(DERIVED_FILE_DIR)/Pods-OpenSwuNG-checkManifestLockResult.txt",
			);
			runOnlyForDeploymentPostprocessing = 0;
			shellPath = /bin/sh;
			shellScript = "diff \"${PODS_PODFILE_DIR_PATH}/Podfile.lock\" \"${PODS_ROOT}/Manifest.lock\" > /dev/null\nif [ $? != 0 ] ; then\n    # print error to STDERR\n    echo \"error: The sandbox is not in sync with the Podfile.lock. Run 'pod install' or update your CocoaPods installation.\" >&2\n    exit 1\nfi\n# This output is used by Xcode 'outputs' to avoid re-running this script phase.\necho \"SUCCESS\" > \"${SCRIPT_OUTPUT_FILE_0}\"\n";
			showEnvVarsInLog = 0;
		};
/* End PBXShellScriptBuildPhase section */

/* Begin PBXSourcesBuildPhase section */
		4B4B04C9213ECC66008FA20D /* Sources */ = {
			isa = PBXSourcesBuildPhase;
			buildActionMask = 2147483647;
			files = (
				BF7E6909221C19160032422F /* NSObject+MJCoding.m in Sources */,
				BF7E6907221C19160032422F /* MJPropertyType.m in Sources */,
				BF7E6903221C19160032422F /* MJExtensionConst.m in Sources */,
				BF7E6906221C19160032422F /* MJPropertyKey.m in Sources */,
				BF7E690A221C19160032422F /* NSObject+MJKeyValue.m in Sources */,
				BF75E8D22218F59B005244C5 /* main.m in Sources */,
				BF7E6904221C19160032422F /* MJFoundation.m in Sources */,
				BF7E690C221C19160032422F /* NSString+MJExtension.m in Sources */,
				BF7E6905221C19160032422F /* MJProperty.m in Sources */,
				BF75E8D12218F59B005244C5 /* AppDelegate.m in Sources */,
				BF7E6902221C19160032422F /* MJDictionaryCache.m in Sources */,
				BF75E8CE2218F59B005244C5 /* SWUTabBarController.m in Sources */,
				BF75E8D02218F59B005244C5 /* SWUMineViewController.m in Sources */,
				BF7E690B221C19160032422F /* NSObject+MJProperty.m in Sources */,
				BF7E6913221C19D80032422F /* SWUMineModel.m in Sources */,
				BF7E68B7221BEB4B0032422F /* SWUMineTableViewCell.m in Sources */,
				BF75E8CF2218F59B005244C5 /* SWUMainViewController.m in Sources */,
				BF7E6908221C19160032422F /* NSObject+MJClass.m in Sources */,
				BF75E8D32218F59B005244C5 /* SWUScheduleViewController.m in Sources */,
				BF7E68B4221BE1480032422F /* SWUHeaderView.m in Sources */,
			);
			runOnlyForDeploymentPostprocessing = 0;
		};
/* End PBXSourcesBuildPhase section */

/* Begin PBXVariantGroup section */
		4B4B04DB213ECC67008FA20D /* LaunchScreen.storyboard */ = {
			isa = PBXVariantGroup;
			children = (
				4B4B04DC213ECC67008FA20D /* Base */,
			);
			name = LaunchScreen.storyboard;
			sourceTree = "<group>";
		};
/* End PBXVariantGroup section */

/* Begin XCBuildConfiguration section */
		4B4B04E1213ECC67008FA20D /* Debug */ = {
			isa = XCBuildConfiguration;
			buildSettings = {
				ALWAYS_SEARCH_USER_PATHS = NO;
				CLANG_ANALYZER_NONNULL = YES;
				CLANG_ANALYZER_NUMBER_OBJECT_CONVERSION = YES_AGGRESSIVE;
				CLANG_CXX_LANGUAGE_STANDARD = "gnu++14";
				CLANG_CXX_LIBRARY = "libc++";
				CLANG_ENABLE_MODULES = YES;
				CLANG_ENABLE_OBJC_ARC = YES;
				CLANG_ENABLE_OBJC_WEAK = YES;
				CLANG_WARN_BLOCK_CAPTURE_AUTORELEASING = YES;
				CLANG_WARN_BOOL_CONVERSION = YES;
				CLANG_WARN_COMMA = YES;
				CLANG_WARN_CONSTANT_CONVERSION = YES;
				CLANG_WARN_DEPRECATED_OBJC_IMPLEMENTATIONS = YES;
				CLANG_WARN_DIRECT_OBJC_ISA_USAGE = YES_ERROR;
				CLANG_WARN_DOCUMENTATION_COMMENTS = YES;
				CLANG_WARN_EMPTY_BODY = YES;
				CLANG_WARN_ENUM_CONVERSION = YES;
				CLANG_WARN_INFINITE_RECURSION = YES;
				CLANG_WARN_INT_CONVERSION = YES;
				CLANG_WARN_NON_LITERAL_NULL_CONVERSION = YES;
				CLANG_WARN_OBJC_IMPLICIT_RETAIN_SELF = YES;
				CLANG_WARN_OBJC_LITERAL_CONVERSION = YES;
				CLANG_WARN_OBJC_ROOT_CLASS = YES_ERROR;
				CLANG_WARN_RANGE_LOOP_ANALYSIS = YES;
				CLANG_WARN_STRICT_PROTOTYPES = YES;
				CLANG_WARN_SUSPICIOUS_MOVE = YES;
				CLANG_WARN_UNGUARDED_AVAILABILITY = YES_AGGRESSIVE;
				CLANG_WARN_UNREACHABLE_CODE = YES;
				CLANG_WARN__DUPLICATE_METHOD_MATCH = YES;
				CODE_SIGN_IDENTITY = "iPhone Developer";
				COPY_PHASE_STRIP = NO;
				DEBUG_INFORMATION_FORMAT = dwarf;
				ENABLE_STRICT_OBJC_MSGSEND = YES;
				ENABLE_TESTABILITY = YES;
				GCC_C_LANGUAGE_STANDARD = gnu11;
				GCC_DYNAMIC_NO_PIC = NO;
				GCC_NO_COMMON_BLOCKS = YES;
				GCC_OPTIMIZATION_LEVEL = 0;
				GCC_PREPROCESSOR_DEFINITIONS = (
					"DEBUG=1",
					"$(inherited)",
				);
				GCC_WARN_64_TO_32_BIT_CONVERSION = YES;
				GCC_WARN_ABOUT_RETURN_TYPE = YES_ERROR;
				GCC_WARN_UNDECLARED_SELECTOR = YES;
				GCC_WARN_UNINITIALIZED_AUTOS = YES_AGGRESSIVE;
				GCC_WARN_UNUSED_FUNCTION = YES;
				GCC_WARN_UNUSED_VARIABLE = YES;
				IPHONEOS_DEPLOYMENT_TARGET = 11.4;
				MTL_ENABLE_DEBUG_INFO = YES;
				ONLY_ACTIVE_ARCH = YES;
				SDKROOT = iphoneos;
			};
			name = Debug;
		};
		4B4B04E2213ECC67008FA20D /* Release */ = {
			isa = XCBuildConfiguration;
			buildSettings = {
				ALWAYS_SEARCH_USER_PATHS = NO;
				CLANG_ANALYZER_NONNULL = YES;
				CLANG_ANALYZER_NUMBER_OBJECT_CONVERSION = YES_AGGRESSIVE;
				CLANG_CXX_LANGUAGE_STANDARD = "gnu++14";
				CLANG_CXX_LIBRARY = "libc++";
				CLANG_ENABLE_MODULES = YES;
				CLANG_ENABLE_OBJC_ARC = YES;
				CLANG_ENABLE_OBJC_WEAK = YES;
				CLANG_WARN_BLOCK_CAPTURE_AUTORELEASING = YES;
				CLANG_WARN_BOOL_CONVERSION = YES;
				CLANG_WARN_COMMA = YES;
				CLANG_WARN_CONSTANT_CONVERSION = YES;
				CLANG_WARN_DEPRECATED_OBJC_IMPLEMENTATIONS = YES;
				CLANG_WARN_DIRECT_OBJC_ISA_USAGE = YES_ERROR;
				CLANG_WARN_DOCUMENTATION_COMMENTS = YES;
				CLANG_WARN_EMPTY_BODY = YES;
				CLANG_WARN_ENUM_CONVERSION = YES;
				CLANG_WARN_INFINITE_RECURSION = YES;
				CLANG_WARN_INT_CONVERSION = YES;
				CLANG_WARN_NON_LITERAL_NULL_CONVERSION = YES;
				CLANG_WARN_OBJC_IMPLICIT_RETAIN_SELF = YES;
				CLANG_WARN_OBJC_LITERAL_CONVERSION = YES;
				CLANG_WARN_OBJC_ROOT_CLASS = YES_ERROR;
				CLANG_WARN_RANGE_LOOP_ANALYSIS = YES;
				CLANG_WARN_STRICT_PROTOTYPES = YES;
				CLANG_WARN_SUSPICIOUS_MOVE = YES;
				CLANG_WARN_UNGUARDED_AVAILABILITY = YES_AGGRESSIVE;
				CLANG_WARN_UNREACHABLE_CODE = YES;
				CLANG_WARN__DUPLICATE_METHOD_MATCH = YES;
				CODE_SIGN_IDENTITY = "iPhone Developer";
				COPY_PHASE_STRIP = NO;
				DEBUG_INFORMATION_FORMAT = "dwarf-with-dsym";
				ENABLE_NS_ASSERTIONS = NO;
				ENABLE_STRICT_OBJC_MSGSEND = YES;
				GCC_C_LANGUAGE_STANDARD = gnu11;
				GCC_NO_COMMON_BLOCKS = YES;
				GCC_WARN_64_TO_32_BIT_CONVERSION = YES;
				GCC_WARN_ABOUT_RETURN_TYPE = YES_ERROR;
				GCC_WARN_UNDECLARED_SELECTOR = YES;
				GCC_WARN_UNINITIALIZED_AUTOS = YES_AGGRESSIVE;
				GCC_WARN_UNUSED_FUNCTION = YES;
				GCC_WARN_UNUSED_VARIABLE = YES;
				IPHONEOS_DEPLOYMENT_TARGET = 11.4;
				MTL_ENABLE_DEBUG_INFO = NO;
				SDKROOT = iphoneos;
				VALIDATE_PRODUCT = YES;
			};
			name = Release;
		};
		4B4B04E4213ECC67008FA20D /* Debug */ = {
			isa = XCBuildConfiguration;
			baseConfigurationReference = CD0B42B6BB2805C5D6295880 /* Pods-OpenSwuNG.debug.xcconfig */;
			buildSettings = {
				ASSETCATALOG_COMPILER_APPICON_NAME = AppIcon;
				CODE_SIGN_STYLE = Automatic;
				INFOPLIST_FILE = OpenSwuNG/Info.plist;
				LD_RUNPATH_SEARCH_PATHS = (
					"$(inherited)",
					"@executable_path/Frameworks",
				);
				PRODUCT_BUNDLE_IDENTIFIER = "SWU-OPENSOURCE.OpenSwuNG";
				PRODUCT_NAME = "$(TARGET_NAME)";
				TARGETED_DEVICE_FAMILY = "1,2";
			};
			name = Debug;
		};
		4B4B04E5213ECC67008FA20D /* Release */ = {
			isa = XCBuildConfiguration;
			baseConfigurationReference = F8B7907FCE06F2DC1CECC24F /* Pods-OpenSwuNG.release.xcconfig */;
			buildSettings = {
				ASSETCATALOG_COMPILER_APPICON_NAME = AppIcon;
				CODE_SIGN_STYLE = Automatic;
				INFOPLIST_FILE = OpenSwuNG/Info.plist;
				LD_RUNPATH_SEARCH_PATHS = (
					"$(inherited)",
					"@executable_path/Frameworks",
				);
				PRODUCT_BUNDLE_IDENTIFIER = "SWU-OPENSOURCE.OpenSwuNG";
				PRODUCT_NAME = "$(TARGET_NAME)";
				TARGETED_DEVICE_FAMILY = "1,2";
			};
			name = Release;
		};
/* End XCBuildConfiguration section */

/* Begin XCConfigurationList section */
		4B4B04C8213ECC66008FA20D /* Build configuration list for PBXProject "OpenSwuNG" */ = {
			isa = XCConfigurationList;
			buildConfigurations = (
				4B4B04E1213ECC67008FA20D /* Debug */,
				4B4B04E2213ECC67008FA20D /* Release */,
			);
			defaultConfigurationIsVisible = 0;
			defaultConfigurationName = Release;
		};
		4B4B04E3213ECC67008FA20D /* Build configuration list for PBXNativeTarget "OpenSwuNG" */ = {
			isa = XCConfigurationList;
			buildConfigurations = (
				4B4B04E4213ECC67008FA20D /* Debug */,
				4B4B04E5213ECC67008FA20D /* Release */,
			);
			defaultConfigurationIsVisible = 0;
			defaultConfigurationName = Release;
		};
/* End XCConfigurationList section */
	};
	rootObject = 4B4B04C5213ECC66008FA20D /* Project object */;
}
