// !$*UTF8*$!
{
	archiveVersion = 1;
	classes = {
	};
	objectVersion = 51;
	objects = {

/* Begin PBXBuildFile section */
		0E23245B23915E78001E74EC /* load.gif in Resources */ = {isa = PBXBuildFile; fileRef = 0E23245A23915E78001E74EC /* load.gif */; };
		0E422A6823829B9D00D3B3ED /* SWUMainViewController.m in Sources */ = {isa = PBXBuildFile; fileRef = 0E4229A223829B9C00D3B3ED /* SWUMainViewController.m */; };
		0E422A6923829B9D00D3B3ED /* SWUNewsInfoController.m in Sources */ = {isa = PBXBuildFile; fileRef = 0E4229A323829B9C00D3B3ED /* SWUNewsInfoController.m */; };
		0E422A6A23829B9D00D3B3ED /* SWUNewsCell.m in Sources */ = {isa = PBXBuildFile; fileRef = 0E4229A623829B9C00D3B3ED /* SWUNewsCell.m */; };
		0E422A6C23829B9D00D3B3ED /* SWUNewsModel.m in Sources */ = {isa = PBXBuildFile; fileRef = 0E4229AB23829B9C00D3B3ED /* SWUNewsModel.m */; };
		0E422A6D23829B9D00D3B3ED /* SWUHomeSchedule.m in Sources */ = {isa = PBXBuildFile; fileRef = 0E4229AD23829B9C00D3B3ED /* SWUHomeSchedule.m */; };
		0E422A6E23829B9D00D3B3ED /* SWUHomeScheduleSubview.m in Sources */ = {isa = PBXBuildFile; fileRef = 0E4229AE23829B9C00D3B3ED /* SWUHomeScheduleSubview.m */; };
		0E422A6F23829B9D00D3B3ED /* SWUMainHeaderView.m in Sources */ = {isa = PBXBuildFile; fileRef = 0E4229AF23829B9C00D3B3ED /* SWUMainHeaderView.m */; };
		0E422A7023829B9D00D3B3ED /* SWUHomeBanner.m in Sources */ = {isa = PBXBuildFile; fileRef = 0E4229B123829B9C00D3B3ED /* SWUHomeBanner.m */; };
		0E422A7123829B9D00D3B3ED /* SWUMainButton.m in Sources */ = {isa = PBXBuildFile; fileRef = 0E4229B523829B9C00D3B3ED /* SWUMainButton.m */; };
		0E422A7223829B9D00D3B3ED /* course.plist in Resources */ = {isa = PBXBuildFile; fileRef = 0E4229B823829B9C00D3B3ED /* course.plist */; };
		0E422A7323829B9D00D3B3ED /* SWUScheduleViewController.m in Sources */ = {isa = PBXBuildFile; fileRef = 0E4229BA23829B9C00D3B3ED /* SWUScheduleViewController.m */; };
		0E422A7423829B9D00D3B3ED /* SWUAlertViewController.m in Sources */ = {isa = PBXBuildFile; fileRef = 0E4229BB23829B9C00D3B3ED /* SWUAlertViewController.m */; };
		0E422A7523829B9D00D3B3ED /* Weekitem.m in Sources */ = {isa = PBXBuildFile; fileRef = 0E4229BF23829B9C00D3B3ED /* Weekitem.m */; };
		0E422A7623829B9D00D3B3ED /* SWUScheduleModel.m in Sources */ = {isa = PBXBuildFile; fileRef = 0E4229C323829B9C00D3B3ED /* SWUScheduleModel.m */; };
		0E422A7723829B9D00D3B3ED /* Data.m in Sources */ = {isa = PBXBuildFile; fileRef = 0E4229C423829B9C00D3B3ED /* Data.m */; };
		0E422A7823829B9D00D3B3ED /* SWUScrollview.m in Sources */ = {isa = PBXBuildFile; fileRef = 0E4229C823829B9C00D3B3ED /* SWUScrollview.m */; };
		0E422A7923829B9D00D3B3ED /* SWULabel.m in Sources */ = {isa = PBXBuildFile; fileRef = 0E4229C923829B9C00D3B3ED /* SWULabel.m */; };
		0E422A7A23829B9D00D3B3ED /* SWUNavTitleView.m in Sources */ = {isa = PBXBuildFile; fileRef = 0E4229CB23829B9C00D3B3ED /* SWUNavTitleView.m */; };
		0E422A7B23829B9D00D3B3ED /* SWUCollectionViewCell.m in Sources */ = {isa = PBXBuildFile; fileRef = 0E4229CC23829B9C00D3B3ED /* SWUCollectionViewCell.m */; };
		0E422A7C23829B9D00D3B3ED /* SWUWeekSelectView.m in Sources */ = {isa = PBXBuildFile; fileRef = 0E4229CF23829B9C00D3B3ED /* SWUWeekSelectView.m */; };
		0E422A7D23829B9D00D3B3ED /* SWUMinePublisViewController.m in Sources */ = {isa = PBXBuildFile; fileRef = 0E4229D223829B9C00D3B3ED /* SWUMinePublisViewController.m */; };
		0E422A7E23829B9D00D3B3ED /* SWULostViewController.m in Sources */ = {isa = PBXBuildFile; fileRef = 0E4229D323829B9C00D3B3ED /* SWULostViewController.m */; };
		0E422A7F23829B9D00D3B3ED /* SWUPublishViewController.m in Sources */ = {isa = PBXBuildFile; fileRef = 0E4229D423829B9C00D3B3ED /* SWUPublishViewController.m */; };
		0E422A8023829B9D00D3B3ED /* SWULostModel.m in Sources */ = {isa = PBXBuildFile; fileRef = 0E4229DA23829B9C00D3B3ED /* SWULostModel.m */; };
		0E422A8123829B9D00D3B3ED /* SWULostCell.m in Sources */ = {isa = PBXBuildFile; fileRef = 0E4229DB23829B9C00D3B3ED /* SWULostCell.m */; };
		0E422A8223829B9D00D3B3ED /* SWUFactory.m in Sources */ = {isa = PBXBuildFile; fileRef = 0E4229E023829B9C00D3B3ED /* SWUFactory.m */; };
		0E422A8323829B9D00D3B3ED /* UIButton+Login.m in Sources */ = {isa = PBXBuildFile; fileRef = 0E4229E223829B9C00D3B3ED /* UIButton+Login.m */; };
		0E422A8423829B9D00D3B3ED /* NSDate+DistanceOfTimes.m in Sources */ = {isa = PBXBuildFile; fileRef = 0E4229E723829B9C00D3B3ED /* NSDate+DistanceOfTimes.m */; };
		0E422A8523829B9D00D3B3ED /* UIBarButtonItem+Item.m in Sources */ = {isa = PBXBuildFile; fileRef = 0E4229E823829B9C00D3B3ED /* UIBarButtonItem+Item.m */; };
		0E422A8623829B9D00D3B3ED /* NSDate+PickerView.m in Sources */ = {isa = PBXBuildFile; fileRef = 0E4229E923829B9C00D3B3ED /* NSDate+PickerView.m */; };
		0E422A8723829B9D00D3B3ED /* main.m in Sources */ = {isa = PBXBuildFile; fileRef = 0E4229EA23829B9C00D3B3ED /* main.m */; };
		0E422A8823829B9D00D3B3ED /* AppDelegate.m in Sources */ = {isa = PBXBuildFile; fileRef = 0E4229EC23829B9C00D3B3ED /* AppDelegate.m */; };
		0E422A8923829B9D00D3B3ED /* SWUBookCaseController.m in Sources */ = {isa = PBXBuildFile; fileRef = 0E4229EF23829B9C00D3B3ED /* SWUBookCaseController.m */; };
		0E422A8A23829B9D00D3B3ED /* SWUSearchController.m in Sources */ = {isa = PBXBuildFile; fileRef = 0E4229F023829B9C00D3B3ED /* SWUSearchController.m */; };
		0E422A8B23829B9D00D3B3ED /* SWULibraryViewController.m in Sources */ = {isa = PBXBuildFile; fileRef = 0E4229F423829B9C00D3B3ED /* SWULibraryViewController.m */; };
		0E422A8C23829B9D00D3B3ED /* SWUPopularModel.m in Sources */ = {isa = PBXBuildFile; fileRef = 0E4229F623829B9C00D3B3ED /* SWUPopularModel.m */; };
		0E422A8D23829B9D00D3B3ED /* SWULibraryCollectModel.m in Sources */ = {isa = PBXBuildFile; fileRef = 0E4229FA23829B9C00D3B3ED /* SWULibraryCollectModel.m */; };
		0E422A8E23829B9D00D3B3ED /* SWULibraryBorrowingModel.m in Sources */ = {isa = PBXBuildFile; fileRef = 0E4229FB23829B9C00D3B3ED /* SWULibraryBorrowingModel.m */; };
		0E422A9023829B9D00D3B3ED /* SWULibraryHistoryModel.m in Sources */ = {isa = PBXBuildFile; fileRef = 0E4229FF23829B9C00D3B3ED /* SWULibraryHistoryModel.m */; };
		0E422A9123829B9D00D3B3ED /* SWUBookCaseCell.m in Sources */ = {isa = PBXBuildFile; fileRef = 0E422A0223829B9C00D3B3ED /* SWUBookCaseCell.m */; };
		0E422A9223829B9D00D3B3ED /* SWULibraryCell.m in Sources */ = {isa = PBXBuildFile; fileRef = 0E422A0323829B9C00D3B3ED /* SWULibraryCell.m */; };
		0E422A9323829B9D00D3B3ED /* SWUBookCaseHeaderView.m in Sources */ = {isa = PBXBuildFile; fileRef = 0E422A0523829B9C00D3B3ED /* SWUBookCaseHeaderView.m */; };
		0E422A9423829B9D00D3B3ED /* SWULibraryHeaderView.m in Sources */ = {isa = PBXBuildFile; fileRef = 0E422A0623829B9C00D3B3ED /* SWULibraryHeaderView.m */; };
		0E422A9523829B9D00D3B3ED /* SWUAboutViewController.m in Sources */ = {isa = PBXBuildFile; fileRef = 0E422A0C23829B9C00D3B3ED /* SWUAboutViewController.m */; };
		0E422A9623829B9D00D3B3ED /* SWUAboutUsViewController.m in Sources */ = {isa = PBXBuildFile; fileRef = 0E422A0D23829B9C00D3B3ED /* SWUAboutUsViewController.m */; };
		0E422A9723829B9D00D3B3ED /* SWUUpdateLogViewController.m in Sources */ = {isa = PBXBuildFile; fileRef = 0E422A0E23829B9C00D3B3ED /* SWUUpdateLogViewController.m */; };
		0E422A9823829B9D00D3B3ED /* SWUAboutModel.m in Sources */ = {isa = PBXBuildFile; fileRef = 0E422A1223829B9C00D3B3ED /* SWUAboutModel.m */; };
		0E422A9923829B9D00D3B3ED /* SWUAboutHeaderView.m in Sources */ = {isa = PBXBuildFile; fileRef = 0E422A1523829B9C00D3B3ED /* SWUAboutHeaderView.m */; };
		0E422A9A23829B9D00D3B3ED /* About.plist in Resources */ = {isa = PBXBuildFile; fileRef = 0E422A1723829B9C00D3B3ED /* About.plist */; };
		0E422A9B23829B9D00D3B3ED /* SWUBayWayViewController.m in Sources */ = {isa = PBXBuildFile; fileRef = 0E422A1B23829B9C00D3B3ED /* SWUBayWayViewController.m */; };
		0E422A9C23829B9D00D3B3ED /* SWUByWayPlanCell.m in Sources */ = {isa = PBXBuildFile; fileRef = 0E422A1D23829B9C00D3B3ED /* SWUByWayPlanCell.m */; };
		0E422A9D23829B9D00D3B3ED /* SWUByWayCell.m in Sources */ = {isa = PBXBuildFile; fileRef = 0E422A1F23829B9C00D3B3ED /* SWUByWayCell.m */; };
		0E422A9E23829B9D00D3B3ED /* SWUByWayModel.m in Sources */ = {isa = PBXBuildFile; fileRef = 0E422A2223829B9C00D3B3ED /* SWUByWayModel.m */; };
		0E422A9F23829B9D00D3B3ED /* SWUByWayPickerView.m in Sources */ = {isa = PBXBuildFile; fileRef = 0E422A2423829B9C00D3B3ED /* SWUByWayPickerView.m */; };
		0E422AA023829B9D00D3B3ED /* SWUByWayScrollView.m in Sources */ = {isa = PBXBuildFile; fileRef = 0E422A2623829B9C00D3B3ED /* SWUByWayScrollView.m */; };
		0E422AA123829B9D00D3B3ED /* SWUByWayHeaderView.m in Sources */ = {isa = PBXBuildFile; fileRef = 0E422A2723829B9C00D3B3ED /* SWUByWayHeaderView.m */; };
		0E422AA223829B9D00D3B3ED /* SWUScoreViewController.m in Sources */ = {isa = PBXBuildFile; fileRef = 0E422A2E23829B9C00D3B3ED /* SWUScoreViewController.m */; };
		0E422AA323829B9D00D3B3ED /* SWUScoreCell.m in Sources */ = {isa = PBXBuildFile; fileRef = 0E422A3123829B9C00D3B3ED /* SWUScoreCell.m */; };
		0E422AA423829B9D00D3B3ED /* SWUScoreModel.m in Sources */ = {isa = PBXBuildFile; fileRef = 0E422A3223829B9C00D3B3ED /* SWUScoreModel.m */; };
		0E422AA523829B9D00D3B3ED /* SWUPickerView.m in Sources */ = {isa = PBXBuildFile; fileRef = 0E422A3623829B9C00D3B3ED /* SWUPickerView.m */; };
		0E422AA623829B9D00D3B3ED /* SWUScrollerBackView.m in Sources */ = {isa = PBXBuildFile; fileRef = 0E422A3B23829B9C00D3B3ED /* SWUScrollerBackView.m */; };
		0E422AA723829B9D00D3B3ED /* SWUPointView.m in Sources */ = {isa = PBXBuildFile; fileRef = 0E422A3C23829B9C00D3B3ED /* SWUPointView.m */; };
		0E422AA823829B9D00D3B3ED /* SWUScoreHeaderView.m in Sources */ = {isa = PBXBuildFile; fileRef = 0E422A3D23829B9C00D3B3ED /* SWUScoreHeaderView.m */; };
		0E422AA923829B9D00D3B3ED /* SWUTotalScoreView.m in Sources */ = {isa = PBXBuildFile; fileRef = 0E422A3E23829B9C00D3B3ED /* SWUTotalScoreView.m */; };
		0E422AAA23829B9D00D3B3ED /* Mine.plist in Resources */ = {isa = PBXBuildFile; fileRef = 0E422A4023829B9C00D3B3ED /* Mine.plist */; };
		0E422AAB23829B9D00D3B3ED /* SWUBindingViewController.m in Sources */ = {isa = PBXBuildFile; fileRef = 0E422A4423829B9D00D3B3ED /* SWUBindingViewController.m */; };
		0E422AAC23829B9D00D3B3ED /* SWUMineViewController.m in Sources */ = {isa = PBXBuildFile; fileRef = 0E422A4523829B9D00D3B3ED /* SWUMineViewController.m */; };
		0E422AAD23829B9D00D3B3ED /* SWUBindingModel.m in Sources */ = {isa = PBXBuildFile; fileRef = 0E422A4823829B9D00D3B3ED /* SWUBindingModel.m */; };
		0E422AAE23829B9D00D3B3ED /* SWUMineModel.m in Sources */ = {isa = PBXBuildFile; fileRef = 0E422A4923829B9D00D3B3ED /* SWUMineModel.m */; };
		0E422AAF23829B9D00D3B3ED /* SWUMineTableViewCell.m in Sources */ = {isa = PBXBuildFile; fileRef = 0E422A4D23829B9D00D3B3ED /* SWUMineTableViewCell.m */; };
		0E422AB023829B9D00D3B3ED /* SWUHeaderView.m in Sources */ = {isa = PBXBuildFile; fileRef = 0E422A4F23829B9D00D3B3ED /* SWUHeaderView.m */; };
		0E422AB123829B9D00D3B3ED /* SWUTabBarController.m in Sources */ = {isa = PBXBuildFile; fileRef = 0E422A5223829B9D00D3B3ED /* SWUTabBarController.m */; };
		0E422AB223829B9D00D3B3ED /* SWUNavigationController.m in Sources */ = {isa = PBXBuildFile; fileRef = 0E422A5523829B9D00D3B3ED /* SWUNavigationController.m */; };
		0E422AB323829B9D00D3B3ED /* SWURegisterViewController.m in Sources */ = {isa = PBXBuildFile; fileRef = 0E422A5823829B9D00D3B3ED /* SWURegisterViewController.m */; };
		0E422AB423829B9D00D3B3ED /* SWULoginViewController.m in Sources */ = {isa = PBXBuildFile; fileRef = 0E422A5923829B9D00D3B3ED /* SWULoginViewController.m */; };
		0E422AB523829B9D00D3B3ED /* SWUForgetPwdViewController.m in Sources */ = {isa = PBXBuildFile; fileRef = 0E422A5D23829B9D00D3B3ED /* SWUForgetPwdViewController.m */; };
		0E422AB623829B9D00D3B3ED /* SWULoginModel.m in Sources */ = {isa = PBXBuildFile; fileRef = 0E422A6023829B9D00D3B3ED /* SWULoginModel.m */; };
		0E422AB723829B9D00D3B3ED /* SWULoginLabel.m in Sources */ = {isa = PBXBuildFile; fileRef = 0E422A6223829B9D00D3B3ED /* SWULoginLabel.m */; };
		0E422AB823829B9D00D3B3ED /* SWUVerificationCodeButton.m in Sources */ = {isa = PBXBuildFile; fileRef = 0E422A6323829B9D00D3B3ED /* SWUVerificationCodeButton.m */; };
		0E422AB923829B9D00D3B3ED /* SWUTextField.m in Sources */ = {isa = PBXBuildFile; fileRef = 0E422A6723829B9D00D3B3ED /* SWUTextField.m */; };
		0EBAA1E1239D3A5C00ACC960 /* SWUBaseData.m in Sources */ = {isa = PBXBuildFile; fileRef = 0EBAA1E0239D3A5C00ACC960 /* SWUBaseData.m */; };
		0EBAA1E4239DEDF200ACC960 /* SWUDataSource.m in Sources */ = {isa = PBXBuildFile; fileRef = 0EBAA1E3239DEDF200ACC960 /* SWUDataSource.m */; };
		0EBAA1E9239E367A00ACC960 /* SWUMainDataSource.m in Sources */ = {isa = PBXBuildFile; fileRef = 0EBAA1E8239E367A00ACC960 /* SWUMainDataSource.m */; };
		0EBAA1ED239E477500ACC960 /* Factory.m in Sources */ = {isa = PBXBuildFile; fileRef = 0EBAA1EC239E477500ACC960 /* Factory.m */; };
		0EBAA1F3239E6C6900ACC960 /* SWUPublishView.m in Sources */ = {isa = PBXBuildFile; fileRef = 0EBAA1F2239E6C6900ACC960 /* SWUPublishView.m */; };
		4B4B04DA213ECC67008FA20D /* Assets.xcassets in Resources */ = {isa = PBXBuildFile; fileRef = 4B4B04D9213ECC67008FA20D /* Assets.xcassets */; };
		4B4B04DD213ECC67008FA20D /* LaunchScreen.storyboard in Resources */ = {isa = PBXBuildFile; fileRef = 4B4B04DB213ECC67008FA20D /* LaunchScreen.storyboard */; };
		DC09C91A2C60A4222D2326BA /* libPods-OpenSwuNG.a in Frameworks */ = {isa = PBXBuildFile; fileRef = 055E4E42096CDE36E1746EE7 /* libPods-OpenSwuNG.a */; };
/* End PBXBuildFile section */

/* Begin PBXFileReference section */
		055E4E42096CDE36E1746EE7 /* libPods-OpenSwuNG.a */ = {isa = PBXFileReference; explicitFileType = archive.ar; includeInIndex = 0; path = "libPods-OpenSwuNG.a"; sourceTree = BUILT_PRODUCTS_DIR; };
		0E23245A23915E78001E74EC /* load.gif */ = {isa = PBXFileReference; lastKnownFileType = image.gif; path = load.gif; sourceTree = "<group>"; };
		0E4229A123829B9C00D3B3ED /* SWUNewsInfoController.h */ = {isa = PBXFileReference; fileEncoding = 4; lastKnownFileType = sourcecode.c.h; path = SWUNewsInfoController.h; sourceTree = "<group>"; };
		0E4229A223829B9C00D3B3ED /* SWUMainViewController.m */ = {isa = PBXFileReference; fileEncoding = 4; lastKnownFileType = sourcecode.c.objc; path = SWUMainViewController.m; sourceTree = "<group>"; };
		0E4229A323829B9C00D3B3ED /* SWUNewsInfoController.m */ = {isa = PBXFileReference; fileEncoding = 4; lastKnownFileType = sourcecode.c.objc; path = SWUNewsInfoController.m; sourceTree = "<group>"; };
		0E4229A423829B9C00D3B3ED /* SWUMainViewController.h */ = {isa = PBXFileReference; fileEncoding = 4; lastKnownFileType = sourcecode.c.h; path = SWUMainViewController.h; sourceTree = "<group>"; };
		0E4229A623829B9C00D3B3ED /* SWUNewsCell.m */ = {isa = PBXFileReference; fileEncoding = 4; lastKnownFileType = sourcecode.c.objc; path = SWUNewsCell.m; sourceTree = "<group>"; };
		0E4229A723829B9C00D3B3ED /* SWUNewsModel.h */ = {isa = PBXFileReference; fileEncoding = 4; lastKnownFileType = sourcecode.c.h; path = SWUNewsModel.h; sourceTree = "<group>"; };
		0E4229A923829B9C00D3B3ED /* SWUNewsCell.h */ = {isa = PBXFileReference; fileEncoding = 4; lastKnownFileType = sourcecode.c.h; path = SWUNewsCell.h; sourceTree = "<group>"; };
		0E4229AB23829B9C00D3B3ED /* SWUNewsModel.m */ = {isa = PBXFileReference; fileEncoding = 4; lastKnownFileType = sourcecode.c.objc; path = SWUNewsModel.m; sourceTree = "<group>"; };
		0E4229AD23829B9C00D3B3ED /* SWUHomeSchedule.m */ = {isa = PBXFileReference; fileEncoding = 4; lastKnownFileType = sourcecode.c.objc; path = SWUHomeSchedule.m; sourceTree = "<group>"; };
		0E4229AE23829B9C00D3B3ED /* SWUHomeScheduleSubview.m */ = {isa = PBXFileReference; fileEncoding = 4; lastKnownFileType = sourcecode.c.objc; path = SWUHomeScheduleSubview.m; sourceTree = "<group>"; };
		0E4229AF23829B9C00D3B3ED /* SWUMainHeaderView.m */ = {isa = PBXFileReference; fileEncoding = 4; lastKnownFileType = sourcecode.c.objc; path = SWUMainHeaderView.m; sourceTree = "<group>"; };
		0E4229B023829B9C00D3B3ED /* SWUMainButton.h */ = {isa = PBXFileReference; fileEncoding = 4; lastKnownFileType = sourcecode.c.h; path = SWUMainButton.h; sourceTree = "<group>"; };
		0E4229B123829B9C00D3B3ED /* SWUHomeBanner.m */ = {isa = PBXFileReference; fileEncoding = 4; lastKnownFileType = sourcecode.c.objc; path = SWUHomeBanner.m; sourceTree = "<group>"; };
		0E4229B223829B9C00D3B3ED /* SWUHomeSchedule.h */ = {isa = PBXFileReference; fileEncoding = 4; lastKnownFileType = sourcecode.c.h; path = SWUHomeSchedule.h; sourceTree = "<group>"; };
		0E4229B323829B9C00D3B3ED /* SWUHomeScheduleSubview.h */ = {isa = PBXFileReference; fileEncoding = 4; lastKnownFileType = sourcecode.c.h; path = SWUHomeScheduleSubview.h; sourceTree = "<group>"; };
		0E4229B423829B9C00D3B3ED /* SWUHomeBanner.h */ = {isa = PBXFileReference; fileEncoding = 4; lastKnownFileType = sourcecode.c.h; path = SWUHomeBanner.h; sourceTree = "<group>"; };
		0E4229B523829B9C00D3B3ED /* SWUMainButton.m */ = {isa = PBXFileReference; fileEncoding = 4; lastKnownFileType = sourcecode.c.objc; path = SWUMainButton.m; sourceTree = "<group>"; };
		0E4229B623829B9C00D3B3ED /* SWUMainHeaderView.h */ = {isa = PBXFileReference; fileEncoding = 4; lastKnownFileType = sourcecode.c.h; path = SWUMainHeaderView.h; sourceTree = "<group>"; };
		0E4229B823829B9C00D3B3ED /* course.plist */ = {isa = PBXFileReference; fileEncoding = 4; lastKnownFileType = text.plist.xml; path = course.plist; sourceTree = "<group>"; };
		0E4229BA23829B9C00D3B3ED /* SWUScheduleViewController.m */ = {isa = PBXFileReference; fileEncoding = 4; lastKnownFileType = sourcecode.c.objc; path = SWUScheduleViewController.m; sourceTree = "<group>"; };
		0E4229BB23829B9C00D3B3ED /* SWUAlertViewController.m */ = {isa = PBXFileReference; fileEncoding = 4; lastKnownFileType = sourcecode.c.objc; path = SWUAlertViewController.m; sourceTree = "<group>"; };
		0E4229BC23829B9C00D3B3ED /* SWUScheduleViewController.h */ = {isa = PBXFileReference; fileEncoding = 4; lastKnownFileType = sourcecode.c.h; path = SWUScheduleViewController.h; sourceTree = "<group>"; };
		0E4229BD23829B9C00D3B3ED /* SWUAlertViewController.h */ = {isa = PBXFileReference; fileEncoding = 4; lastKnownFileType = sourcecode.c.h; path = SWUAlertViewController.h; sourceTree = "<group>"; };
		0E4229BF23829B9C00D3B3ED /* Weekitem.m */ = {isa = PBXFileReference; fileEncoding = 4; lastKnownFileType = sourcecode.c.objc; path = Weekitem.m; sourceTree = "<group>"; };
		0E4229C023829B9C00D3B3ED /* Data.h */ = {isa = PBXFileReference; fileEncoding = 4; lastKnownFileType = sourcecode.c.h; path = Data.h; sourceTree = "<group>"; };
		0E4229C123829B9C00D3B3ED /* SWUScheduleModel.h */ = {isa = PBXFileReference; fileEncoding = 4; lastKnownFileType = sourcecode.c.h; path = SWUScheduleModel.h; sourceTree = "<group>"; };
		0E4229C223829B9C00D3B3ED /* Weekitem.h */ = {isa = PBXFileReference; fileEncoding = 4; lastKnownFileType = sourcecode.c.h; path = Weekitem.h; sourceTree = "<group>"; };
		0E4229C323829B9C00D3B3ED /* SWUScheduleModel.m */ = {isa = PBXFileReference; fileEncoding = 4; lastKnownFileType = sourcecode.c.objc; path = SWUScheduleModel.m; sourceTree = "<group>"; };
		0E4229C423829B9C00D3B3ED /* Data.m */ = {isa = PBXFileReference; fileEncoding = 4; lastKnownFileType = sourcecode.c.objc; path = Data.m; sourceTree = "<group>"; };
		0E4229C623829B9C00D3B3ED /* SWUCollectionViewCell.h */ = {isa = PBXFileReference; fileEncoding = 4; lastKnownFileType = sourcecode.c.h; path = SWUCollectionViewCell.h; sourceTree = "<group>"; };
		0E4229C723829B9C00D3B3ED /* SWUNavTitleView.h */ = {isa = PBXFileReference; fileEncoding = 4; lastKnownFileType = sourcecode.c.h; path = SWUNavTitleView.h; sourceTree = "<group>"; };
		0E4229C823829B9C00D3B3ED /* SWUScrollview.m */ = {isa = PBXFileReference; fileEncoding = 4; lastKnownFileType = sourcecode.c.objc; path = SWUScrollview.m; sourceTree = "<group>"; };
		0E4229C923829B9C00D3B3ED /* SWULabel.m */ = {isa = PBXFileReference; fileEncoding = 4; lastKnownFileType = sourcecode.c.objc; path = SWULabel.m; sourceTree = "<group>"; };
		0E4229CA23829B9C00D3B3ED /* SWUWeekSelectView.h */ = {isa = PBXFileReference; fileEncoding = 4; lastKnownFileType = sourcecode.c.h; path = SWUWeekSelectView.h; sourceTree = "<group>"; };
		0E4229CB23829B9C00D3B3ED /* SWUNavTitleView.m */ = {isa = PBXFileReference; fileEncoding = 4; lastKnownFileType = sourcecode.c.objc; path = SWUNavTitleView.m; sourceTree = "<group>"; };
		0E4229CC23829B9C00D3B3ED /* SWUCollectionViewCell.m */ = {isa = PBXFileReference; fileEncoding = 4; lastKnownFileType = sourcecode.c.objc; path = SWUCollectionViewCell.m; sourceTree = "<group>"; };
		0E4229CD23829B9C00D3B3ED /* SWULabel.h */ = {isa = PBXFileReference; fileEncoding = 4; lastKnownFileType = sourcecode.c.h; path = SWULabel.h; sourceTree = "<group>"; };
		0E4229CE23829B9C00D3B3ED /* SWUScrollview.h */ = {isa = PBXFileReference; fileEncoding = 4; lastKnownFileType = sourcecode.c.h; path = SWUScrollview.h; sourceTree = "<group>"; };
		0E4229CF23829B9C00D3B3ED /* SWUWeekSelectView.m */ = {isa = PBXFileReference; fileEncoding = 4; lastKnownFileType = sourcecode.c.objc; path = SWUWeekSelectView.m; sourceTree = "<group>"; };
		0E4229D223829B9C00D3B3ED /* SWUMinePublisViewController.m */ = {isa = PBXFileReference; fileEncoding = 4; lastKnownFileType = sourcecode.c.objc; path = SWUMinePublisViewController.m; sourceTree = "<group>"; };
		0E4229D323829B9C00D3B3ED /* SWULostViewController.m */ = {isa = PBXFileReference; fileEncoding = 4; lastKnownFileType = sourcecode.c.objc; path = SWULostViewController.m; sourceTree = "<group>"; };
		0E4229D423829B9C00D3B3ED /* SWUPublishViewController.m */ = {isa = PBXFileReference; fileEncoding = 4; lastKnownFileType = sourcecode.c.objc; path = SWUPublishViewController.m; sourceTree = "<group>"; };
		0E4229D523829B9C00D3B3ED /* SWUMinePublisViewController.h */ = {isa = PBXFileReference; fileEncoding = 4; lastKnownFileType = sourcecode.c.h; path = SWUMinePublisViewController.h; sourceTree = "<group>"; };
		0E4229D623829B9C00D3B3ED /* SWUPublishViewController.h */ = {isa = PBXFileReference; fileEncoding = 4; lastKnownFileType = sourcecode.c.h; path = SWUPublishViewController.h; sourceTree = "<group>"; };
		0E4229D723829B9C00D3B3ED /* SWULostViewController.h */ = {isa = PBXFileReference; fileEncoding = 4; lastKnownFileType = sourcecode.c.h; path = SWULostViewController.h; sourceTree = "<group>"; };
		0E4229D923829B9C00D3B3ED /* SWULostCell.h */ = {isa = PBXFileReference; fileEncoding = 4; lastKnownFileType = sourcecode.c.h; path = SWULostCell.h; sourceTree = "<group>"; };
		0E4229DA23829B9C00D3B3ED /* SWULostModel.m */ = {isa = PBXFileReference; fileEncoding = 4; lastKnownFileType = sourcecode.c.objc; path = SWULostModel.m; sourceTree = "<group>"; };
		0E4229DB23829B9C00D3B3ED /* SWULostCell.m */ = {isa = PBXFileReference; fileEncoding = 4; lastKnownFileType = sourcecode.c.objc; path = SWULostCell.m; sourceTree = "<group>"; };
		0E4229DC23829B9C00D3B3ED /* SWULostModel.h */ = {isa = PBXFileReference; fileEncoding = 4; lastKnownFileType = sourcecode.c.h; path = SWULostModel.h; sourceTree = "<group>"; };
		0E4229DF23829B9C00D3B3ED /* AppDelegate.h */ = {isa = PBXFileReference; fileEncoding = 4; lastKnownFileType = sourcecode.c.h; path = AppDelegate.h; sourceTree = "<group>"; };
		0E4229E023829B9C00D3B3ED /* SWUFactory.m */ = {isa = PBXFileReference; fileEncoding = 4; lastKnownFileType = sourcecode.c.objc; path = SWUFactory.m; sourceTree = "<group>"; };
		0E4229E223829B9C00D3B3ED /* UIButton+Login.m */ = {isa = PBXFileReference; fileEncoding = 4; lastKnownFileType = sourcecode.c.objc; path = "UIButton+Login.m"; sourceTree = "<group>"; };
		0E4229E323829B9C00D3B3ED /* NSDate+DistanceOfTimes.h */ = {isa = PBXFileReference; fileEncoding = 4; lastKnownFileType = sourcecode.c.h; path = "NSDate+DistanceOfTimes.h"; sourceTree = "<group>"; };
		0E4229E423829B9C00D3B3ED /* UIBarButtonItem+Item.h */ = {isa = PBXFileReference; fileEncoding = 4; lastKnownFileType = sourcecode.c.h; path = "UIBarButtonItem+Item.h"; sourceTree = "<group>"; };
		0E4229E523829B9C00D3B3ED /* NSDate+PickerView.h */ = {isa = PBXFileReference; fileEncoding = 4; lastKnownFileType = sourcecode.c.h; path = "NSDate+PickerView.h"; sourceTree = "<group>"; };
		0E4229E623829B9C00D3B3ED /* UIButton+Login.h */ = {isa = PBXFileReference; fileEncoding = 4; lastKnownFileType = sourcecode.c.h; path = "UIButton+Login.h"; sourceTree = "<group>"; };
		0E4229E723829B9C00D3B3ED /* NSDate+DistanceOfTimes.m */ = {isa = PBXFileReference; fileEncoding = 4; lastKnownFileType = sourcecode.c.objc; path = "NSDate+DistanceOfTimes.m"; sourceTree = "<group>"; };
		0E4229E823829B9C00D3B3ED /* UIBarButtonItem+Item.m */ = {isa = PBXFileReference; fileEncoding = 4; lastKnownFileType = sourcecode.c.objc; path = "UIBarButtonItem+Item.m"; sourceTree = "<group>"; };
		0E4229E923829B9C00D3B3ED /* NSDate+PickerView.m */ = {isa = PBXFileReference; fileEncoding = 4; lastKnownFileType = sourcecode.c.objc; path = "NSDate+PickerView.m"; sourceTree = "<group>"; };
		0E4229EA23829B9C00D3B3ED /* main.m */ = {isa = PBXFileReference; fileEncoding = 4; lastKnownFileType = sourcecode.c.objc; path = main.m; sourceTree = "<group>"; };
		0E4229EB23829B9C00D3B3ED /* SWUFactory.h */ = {isa = PBXFileReference; fileEncoding = 4; lastKnownFileType = sourcecode.c.h; path = SWUFactory.h; sourceTree = "<group>"; };
		0E4229EC23829B9C00D3B3ED /* AppDelegate.m */ = {isa = PBXFileReference; fileEncoding = 4; lastKnownFileType = sourcecode.c.objc; path = AppDelegate.m; sourceTree = "<group>"; };
		0E4229EF23829B9C00D3B3ED /* SWUBookCaseController.m */ = {isa = PBXFileReference; fileEncoding = 4; lastKnownFileType = sourcecode.c.objc; path = SWUBookCaseController.m; sourceTree = "<group>"; };
		0E4229F023829B9C00D3B3ED /* SWUSearchController.m */ = {isa = PBXFileReference; fileEncoding = 4; lastKnownFileType = sourcecode.c.objc; path = SWUSearchController.m; sourceTree = "<group>"; };
		0E4229F123829B9C00D3B3ED /* SWULibraryViewController.h */ = {isa = PBXFileReference; fileEncoding = 4; lastKnownFileType = sourcecode.c.h; path = SWULibraryViewController.h; sourceTree = "<group>"; };
		0E4229F223829B9C00D3B3ED /* SWUSearchController.h */ = {isa = PBXFileReference; fileEncoding = 4; lastKnownFileType = sourcecode.c.h; path = SWUSearchController.h; sourceTree = "<group>"; };
		0E4229F323829B9C00D3B3ED /* SWUBookCaseController.h */ = {isa = PBXFileReference; fileEncoding = 4; lastKnownFileType = sourcecode.c.h; path = SWUBookCaseController.h; sourceTree = "<group>"; };
		0E4229F423829B9C00D3B3ED /* SWULibraryViewController.m */ = {isa = PBXFileReference; fileEncoding = 4; lastKnownFileType = sourcecode.c.objc; path = SWULibraryViewController.m; sourceTree = "<group>"; };
		0E4229F623829B9C00D3B3ED /* SWUPopularModel.m */ = {isa = PBXFileReference; fileEncoding = 4; lastKnownFileType = sourcecode.c.objc; path = SWUPopularModel.m; sourceTree = "<group>"; };
		0E4229F723829B9C00D3B3ED /* SWULibraryHistoryModel.h */ = {isa = PBXFileReference; fileEncoding = 4; lastKnownFileType = sourcecode.c.h; path = SWULibraryHistoryModel.h; sourceTree = "<group>"; };
		0E4229F923829B9C00D3B3ED /* SWUBookCaseCell.h */ = {isa = PBXFileReference; fileEncoding = 4; lastKnownFileType = sourcecode.c.h; path = SWUBookCaseCell.h; sourceTree = "<group>"; };
		0E4229FA23829B9C00D3B3ED /* SWULibraryCollectModel.m */ = {isa = PBXFileReference; fileEncoding = 4; lastKnownFileType = sourcecode.c.objc; path = SWULibraryCollectModel.m; sourceTree = "<group>"; };
		0E4229FB23829B9C00D3B3ED /* SWULibraryBorrowingModel.m */ = {isa = PBXFileReference; fileEncoding = 4; lastKnownFileType = sourcecode.c.objc; path = SWULibraryBorrowingModel.m; sourceTree = "<group>"; };
		0E4229FC23829B9C00D3B3ED /* SWULibraryCell.h */ = {isa = PBXFileReference; fileEncoding = 4; lastKnownFileType = sourcecode.c.h; path = SWULibraryCell.h; sourceTree = "<group>"; };
		0E4229FD23829B9C00D3B3ED /* SWUPopularModel.h */ = {isa = PBXFileReference; fileEncoding = 4; lastKnownFileType = sourcecode.c.h; path = SWUPopularModel.h; sourceTree = "<group>"; };
		0E4229FF23829B9C00D3B3ED /* SWULibraryHistoryModel.m */ = {isa = PBXFileReference; fileEncoding = 4; lastKnownFileType = sourcecode.c.objc; path = SWULibraryHistoryModel.m; sourceTree = "<group>"; };
		0E422A0023829B9C00D3B3ED /* SWULibraryBorrowingModel.h */ = {isa = PBXFileReference; fileEncoding = 4; lastKnownFileType = sourcecode.c.h; path = SWULibraryBorrowingModel.h; sourceTree = "<group>"; };
		0E422A0123829B9C00D3B3ED /* SWULibraryCollectModel.h */ = {isa = PBXFileReference; fileEncoding = 4; lastKnownFileType = sourcecode.c.h; path = SWULibraryCollectModel.h; sourceTree = "<group>"; };
		0E422A0223829B9C00D3B3ED /* SWUBookCaseCell.m */ = {isa = PBXFileReference; fileEncoding = 4; lastKnownFileType = sourcecode.c.objc; path = SWUBookCaseCell.m; sourceTree = "<group>"; };
		0E422A0323829B9C00D3B3ED /* SWULibraryCell.m */ = {isa = PBXFileReference; fileEncoding = 4; lastKnownFileType = sourcecode.c.objc; path = SWULibraryCell.m; sourceTree = "<group>"; };
		0E422A0523829B9C00D3B3ED /* SWUBookCaseHeaderView.m */ = {isa = PBXFileReference; fileEncoding = 4; lastKnownFileType = sourcecode.c.objc; path = SWUBookCaseHeaderView.m; sourceTree = "<group>"; };
		0E422A0623829B9C00D3B3ED /* SWULibraryHeaderView.m */ = {isa = PBXFileReference; fileEncoding = 4; lastKnownFileType = sourcecode.c.objc; path = SWULibraryHeaderView.m; sourceTree = "<group>"; };
		0E422A0723829B9C00D3B3ED /* SWUBookCaseHeaderView.h */ = {isa = PBXFileReference; fileEncoding = 4; lastKnownFileType = sourcecode.c.h; path = SWUBookCaseHeaderView.h; sourceTree = "<group>"; };
		0E422A0823829B9C00D3B3ED /* SWULibraryHeaderView.h */ = {isa = PBXFileReference; fileEncoding = 4; lastKnownFileType = sourcecode.c.h; path = SWULibraryHeaderView.h; sourceTree = "<group>"; };
		0E422A0B23829B9C00D3B3ED /* SWUUpdateLogViewController.h */ = {isa = PBXFileReference; fileEncoding = 4; lastKnownFileType = sourcecode.c.h; path = SWUUpdateLogViewController.h; sourceTree = "<group>"; };
		0E422A0C23829B9C00D3B3ED /* SWUAboutViewController.m */ = {isa = PBXFileReference; fileEncoding = 4; lastKnownFileType = sourcecode.c.objc; path = SWUAboutViewController.m; sourceTree = "<group>"; };
		0E422A0D23829B9C00D3B3ED /* SWUAboutUsViewController.m */ = {isa = PBXFileReference; fileEncoding = 4; lastKnownFileType = sourcecode.c.objc; path = SWUAboutUsViewController.m; sourceTree = "<group>"; };
		0E422A0E23829B9C00D3B3ED /* SWUUpdateLogViewController.m */ = {isa = PBXFileReference; fileEncoding = 4; lastKnownFileType = sourcecode.c.objc; path = SWUUpdateLogViewController.m; sourceTree = "<group>"; };
		0E422A0F23829B9C00D3B3ED /* SWUAboutViewController.h */ = {isa = PBXFileReference; fileEncoding = 4; lastKnownFileType = sourcecode.c.h; path = SWUAboutViewController.h; sourceTree = "<group>"; };
		0E422A1023829B9C00D3B3ED /* SWUAboutUsViewController.h */ = {isa = PBXFileReference; fileEncoding = 4; lastKnownFileType = sourcecode.c.h; path = SWUAboutUsViewController.h; sourceTree = "<group>"; };
		0E422A1223829B9C00D3B3ED /* SWUAboutModel.m */ = {isa = PBXFileReference; fileEncoding = 4; lastKnownFileType = sourcecode.c.objc; path = SWUAboutModel.m; sourceTree = "<group>"; };
		0E422A1323829B9C00D3B3ED /* SWUAboutModel.h */ = {isa = PBXFileReference; fileEncoding = 4; lastKnownFileType = sourcecode.c.h; path = SWUAboutModel.h; sourceTree = "<group>"; };
		0E422A1523829B9C00D3B3ED /* SWUAboutHeaderView.m */ = {isa = PBXFileReference; fileEncoding = 4; lastKnownFileType = sourcecode.c.objc; path = SWUAboutHeaderView.m; sourceTree = "<group>"; };
		0E422A1623829B9C00D3B3ED /* SWUAboutHeaderView.h */ = {isa = PBXFileReference; fileEncoding = 4; lastKnownFileType = sourcecode.c.h; path = SWUAboutHeaderView.h; sourceTree = "<group>"; };
		0E422A1723829B9C00D3B3ED /* About.plist */ = {isa = PBXFileReference; fileEncoding = 4; lastKnownFileType = text.plist.xml; path = About.plist; sourceTree = "<group>"; };
		0E422A1A23829B9C00D3B3ED /* SWUBayWayViewController.h */ = {isa = PBXFileReference; fileEncoding = 4; lastKnownFileType = sourcecode.c.h; path = SWUBayWayViewController.h; sourceTree = "<group>"; };
		0E422A1B23829B9C00D3B3ED /* SWUBayWayViewController.m */ = {isa = PBXFileReference; fileEncoding = 4; lastKnownFileType = sourcecode.c.objc; path = SWUBayWayViewController.m; sourceTree = "<group>"; };
		0E422A1D23829B9C00D3B3ED /* SWUByWayPlanCell.m */ = {isa = PBXFileReference; fileEncoding = 4; lastKnownFileType = sourcecode.c.objc; path = SWUByWayPlanCell.m; sourceTree = "<group>"; };
		0E422A1E23829B9C00D3B3ED /* SWUByWayModel.h */ = {isa = PBXFileReference; fileEncoding = 4; lastKnownFileType = sourcecode.c.h; path = SWUByWayModel.h; sourceTree = "<group>"; };
		0E422A1F23829B9C00D3B3ED /* SWUByWayCell.m */ = {isa = PBXFileReference; fileEncoding = 4; lastKnownFileType = sourcecode.c.objc; path = SWUByWayCell.m; sourceTree = "<group>"; };
		0E422A2023829B9C00D3B3ED /* SWUByWayPlanCell.h */ = {isa = PBXFileReference; fileEncoding = 4; lastKnownFileType = sourcecode.c.h; path = SWUByWayPlanCell.h; sourceTree = "<group>"; };
		0E422A2123829B9C00D3B3ED /* SWUByWayCell.h */ = {isa = PBXFileReference; fileEncoding = 4; lastKnownFileType = sourcecode.c.h; path = SWUByWayCell.h; sourceTree = "<group>"; };
		0E422A2223829B9C00D3B3ED /* SWUByWayModel.m */ = {isa = PBXFileReference; fileEncoding = 4; lastKnownFileType = sourcecode.c.objc; path = SWUByWayModel.m; sourceTree = "<group>"; };
		0E422A2423829B9C00D3B3ED /* SWUByWayPickerView.m */ = {isa = PBXFileReference; fileEncoding = 4; lastKnownFileType = sourcecode.c.objc; path = SWUByWayPickerView.m; sourceTree = "<group>"; };
		0E422A2523829B9C00D3B3ED /* SWUByWayHeaderView.h */ = {isa = PBXFileReference; fileEncoding = 4; lastKnownFileType = sourcecode.c.h; path = SWUByWayHeaderView.h; sourceTree = "<group>"; };
		0E422A2623829B9C00D3B3ED /* SWUByWayScrollView.m */ = {isa = PBXFileReference; fileEncoding = 4; lastKnownFileType = sourcecode.c.objc; path = SWUByWayScrollView.m; sourceTree = "<group>"; };
		0E422A2723829B9C00D3B3ED /* SWUByWayHeaderView.m */ = {isa = PBXFileReference; fileEncoding = 4; lastKnownFileType = sourcecode.c.objc; path = SWUByWayHeaderView.m; sourceTree = "<group>"; };
		0E422A2823829B9C00D3B3ED /* SWUByWayPickerView.h */ = {isa = PBXFileReference; fileEncoding = 4; lastKnownFileType = sourcecode.c.h; path = SWUByWayPickerView.h; sourceTree = "<group>"; };
		0E422A2923829B9C00D3B3ED /* SWUByWayScrollView.h */ = {isa = PBXFileReference; fileEncoding = 4; lastKnownFileType = sourcecode.c.h; path = SWUByWayScrollView.h; sourceTree = "<group>"; };
		0E422A2A23829B9C00D3B3ED /* Constants.h */ = {isa = PBXFileReference; fileEncoding = 4; lastKnownFileType = sourcecode.c.h; path = Constants.h; sourceTree = "<group>"; };
		0E422A2D23829B9C00D3B3ED /* SWUScoreViewController.h */ = {isa = PBXFileReference; fileEncoding = 4; lastKnownFileType = sourcecode.c.h; path = SWUScoreViewController.h; sourceTree = "<group>"; };
		0E422A2E23829B9C00D3B3ED /* SWUScoreViewController.m */ = {isa = PBXFileReference; fileEncoding = 4; lastKnownFileType = sourcecode.c.objc; path = SWUScoreViewController.m; sourceTree = "<group>"; };
		0E422A3023829B9C00D3B3ED /* SWUScoreModel.h */ = {isa = PBXFileReference; fileEncoding = 4; lastKnownFileType = sourcecode.c.h; path = SWUScoreModel.h; sourceTree = "<group>"; };
		0E422A3123829B9C00D3B3ED /* SWUScoreCell.m */ = {isa = PBXFileReference; fileEncoding = 4; lastKnownFileType = sourcecode.c.objc; path = SWUScoreCell.m; sourceTree = "<group>"; };
		0E422A3223829B9C00D3B3ED /* SWUScoreModel.m */ = {isa = PBXFileReference; fileEncoding = 4; lastKnownFileType = sourcecode.c.objc; path = SWUScoreModel.m; sourceTree = "<group>"; };
		0E422A3323829B9C00D3B3ED /* SWUScoreCell.h */ = {isa = PBXFileReference; fileEncoding = 4; lastKnownFileType = sourcecode.c.h; path = SWUScoreCell.h; sourceTree = "<group>"; };
		0E422A3523829B9C00D3B3ED /* SWUScrollerBackView.h */ = {isa = PBXFileReference; fileEncoding = 4; lastKnownFileType = sourcecode.c.h; path = SWUScrollerBackView.h; sourceTree = "<group>"; };
		0E422A3623829B9C00D3B3ED /* SWUPickerView.m */ = {isa = PBXFileReference; fileEncoding = 4; lastKnownFileType = sourcecode.c.objc; path = SWUPickerView.m; sourceTree = "<group>"; };
		0E422A3723829B9C00D3B3ED /* SWUPointView.h */ = {isa = PBXFileReference; fileEncoding = 4; lastKnownFileType = sourcecode.c.h; path = SWUPointView.h; sourceTree = "<group>"; };
		0E422A3823829B9C00D3B3ED /* SWUTotalScoreView.h */ = {isa = PBXFileReference; fileEncoding = 4; lastKnownFileType = sourcecode.c.h; path = SWUTotalScoreView.h; sourceTree = "<group>"; };
		0E422A3923829B9C00D3B3ED /* SWUScoreHeaderView.h */ = {isa = PBXFileReference; fileEncoding = 4; lastKnownFileType = sourcecode.c.h; path = SWUScoreHeaderView.h; sourceTree = "<group>"; };
		0E422A3A23829B9C00D3B3ED /* SWUPickerView.h */ = {isa = PBXFileReference; fileEncoding = 4; lastKnownFileType = sourcecode.c.h; path = SWUPickerView.h; sourceTree = "<group>"; };
		0E422A3B23829B9C00D3B3ED /* SWUScrollerBackView.m */ = {isa = PBXFileReference; fileEncoding = 4; lastKnownFileType = sourcecode.c.objc; path = SWUScrollerBackView.m; sourceTree = "<group>"; };
		0E422A3C23829B9C00D3B3ED /* SWUPointView.m */ = {isa = PBXFileReference; fileEncoding = 4; lastKnownFileType = sourcecode.c.objc; path = SWUPointView.m; sourceTree = "<group>"; };
		0E422A3D23829B9C00D3B3ED /* SWUScoreHeaderView.m */ = {isa = PBXFileReference; fileEncoding = 4; lastKnownFileType = sourcecode.c.objc; path = SWUScoreHeaderView.m; sourceTree = "<group>"; };
		0E422A3E23829B9C00D3B3ED /* SWUTotalScoreView.m */ = {isa = PBXFileReference; fileEncoding = 4; lastKnownFileType = sourcecode.c.objc; path = SWUTotalScoreView.m; sourceTree = "<group>"; };
		0E422A4023829B9C00D3B3ED /* Mine.plist */ = {isa = PBXFileReference; fileEncoding = 4; lastKnownFileType = text.plist.xml; path = Mine.plist; sourceTree = "<group>"; };
		0E422A4223829B9C00D3B3ED /* SWUMineViewController.h */ = {isa = PBXFileReference; fileEncoding = 4; lastKnownFileType = sourcecode.c.h; path = SWUMineViewController.h; sourceTree = "<group>"; };
		0E422A4323829B9C00D3B3ED /* SWUBindingViewController.h */ = {isa = PBXFileReference; fileEncoding = 4; lastKnownFileType = sourcecode.c.h; path = SWUBindingViewController.h; sourceTree = "<group>"; };
		0E422A4423829B9D00D3B3ED /* SWUBindingViewController.m */ = {isa = PBXFileReference; fileEncoding = 4; lastKnownFileType = sourcecode.c.objc; path = SWUBindingViewController.m; sourceTree = "<group>"; };
		0E422A4523829B9D00D3B3ED /* SWUMineViewController.m */ = {isa = PBXFileReference; fileEncoding = 4; lastKnownFileType = sourcecode.c.objc; path = SWUMineViewController.m; sourceTree = "<group>"; };
		0E422A4723829B9D00D3B3ED /* SWUMineModel.h */ = {isa = PBXFileReference; fileEncoding = 4; lastKnownFileType = sourcecode.c.h; path = SWUMineModel.h; sourceTree = "<group>"; };
		0E422A4823829B9D00D3B3ED /* SWUBindingModel.m */ = {isa = PBXFileReference; fileEncoding = 4; lastKnownFileType = sourcecode.c.objc; path = SWUBindingModel.m; sourceTree = "<group>"; };
		0E422A4923829B9D00D3B3ED /* SWUMineModel.m */ = {isa = PBXFileReference; fileEncoding = 4; lastKnownFileType = sourcecode.c.objc; path = SWUMineModel.m; sourceTree = "<group>"; };
		0E422A4A23829B9D00D3B3ED /* SWUBindingModel.h */ = {isa = PBXFileReference; fileEncoding = 4; lastKnownFileType = sourcecode.c.h; path = SWUBindingModel.h; sourceTree = "<group>"; };
		0E422A4C23829B9D00D3B3ED /* SWUHeaderView.h */ = {isa = PBXFileReference; fileEncoding = 4; lastKnownFileType = sourcecode.c.h; path = SWUHeaderView.h; sourceTree = "<group>"; };
		0E422A4D23829B9D00D3B3ED /* SWUMineTableViewCell.m */ = {isa = PBXFileReference; fileEncoding = 4; lastKnownFileType = sourcecode.c.objc; path = SWUMineTableViewCell.m; sourceTree = "<group>"; };
		0E422A4E23829B9D00D3B3ED /* SWUMineTableViewCell.h */ = {isa = PBXFileReference; fileEncoding = 4; lastKnownFileType = sourcecode.c.h; path = SWUMineTableViewCell.h; sourceTree = "<group>"; };
		0E422A4F23829B9D00D3B3ED /* SWUHeaderView.m */ = {isa = PBXFileReference; fileEncoding = 4; lastKnownFileType = sourcecode.c.objc; path = SWUHeaderView.m; sourceTree = "<group>"; };
		0E422A5223829B9D00D3B3ED /* SWUTabBarController.m */ = {isa = PBXFileReference; fileEncoding = 4; lastKnownFileType = sourcecode.c.objc; path = SWUTabBarController.m; sourceTree = "<group>"; };
		0E422A5323829B9D00D3B3ED /* SWUNavigationController.h */ = {isa = PBXFileReference; fileEncoding = 4; lastKnownFileType = sourcecode.c.h; path = SWUNavigationController.h; sourceTree = "<group>"; };
		0E422A5423829B9D00D3B3ED /* SWUTabBarController.h */ = {isa = PBXFileReference; fileEncoding = 4; lastKnownFileType = sourcecode.c.h; path = SWUTabBarController.h; sourceTree = "<group>"; };
		0E422A5523829B9D00D3B3ED /* SWUNavigationController.m */ = {isa = PBXFileReference; fileEncoding = 4; lastKnownFileType = sourcecode.c.objc; path = SWUNavigationController.m; sourceTree = "<group>"; };
		0E422A5823829B9D00D3B3ED /* SWURegisterViewController.m */ = {isa = PBXFileReference; fileEncoding = 4; lastKnownFileType = sourcecode.c.objc; path = SWURegisterViewController.m; sourceTree = "<group>"; };
		0E422A5923829B9D00D3B3ED /* SWULoginViewController.m */ = {isa = PBXFileReference; fileEncoding = 4; lastKnownFileType = sourcecode.c.objc; path = SWULoginViewController.m; sourceTree = "<group>"; };
		0E422A5A23829B9D00D3B3ED /* SWUForgetPwdViewController.h */ = {isa = PBXFileReference; fileEncoding = 4; lastKnownFileType = sourcecode.c.h; path = SWUForgetPwdViewController.h; sourceTree = "<group>"; };
		0E422A5B23829B9D00D3B3ED /* SWURegisterViewController.h */ = {isa = PBXFileReference; fileEncoding = 4; lastKnownFileType = sourcecode.c.h; path = SWURegisterViewController.h; sourceTree = "<group>"; };
		0E422A5C23829B9D00D3B3ED /* SWULoginViewController.h */ = {isa = PBXFileReference; fileEncoding = 4; lastKnownFileType = sourcecode.c.h; path = SWULoginViewController.h; sourceTree = "<group>"; };
		0E422A5D23829B9D00D3B3ED /* SWUForgetPwdViewController.m */ = {isa = PBXFileReference; fileEncoding = 4; lastKnownFileType = sourcecode.c.objc; path = SWUForgetPwdViewController.m; sourceTree = "<group>"; };
		0E422A5F23829B9D00D3B3ED /* SWULoginModel.h */ = {isa = PBXFileReference; fileEncoding = 4; lastKnownFileType = sourcecode.c.h; path = SWULoginModel.h; sourceTree = "<group>"; };
		0E422A6023829B9D00D3B3ED /* SWULoginModel.m */ = {isa = PBXFileReference; fileEncoding = 4; lastKnownFileType = sourcecode.c.objc; path = SWULoginModel.m; sourceTree = "<group>"; };
		0E422A6223829B9D00D3B3ED /* SWULoginLabel.m */ = {isa = PBXFileReference; fileEncoding = 4; lastKnownFileType = sourcecode.c.objc; path = SWULoginLabel.m; sourceTree = "<group>"; };
		0E422A6323829B9D00D3B3ED /* SWUVerificationCodeButton.m */ = {isa = PBXFileReference; fileEncoding = 4; lastKnownFileType = sourcecode.c.objc; path = SWUVerificationCodeButton.m; sourceTree = "<group>"; };
		0E422A6423829B9D00D3B3ED /* SWUTextField.h */ = {isa = PBXFileReference; fileEncoding = 4; lastKnownFileType = sourcecode.c.h; path = SWUTextField.h; sourceTree = "<group>"; };
		0E422A6523829B9D00D3B3ED /* SWULoginLabel.h */ = {isa = PBXFileReference; fileEncoding = 4; lastKnownFileType = sourcecode.c.h; path = SWULoginLabel.h; sourceTree = "<group>"; };
		0E422A6623829B9D00D3B3ED /* SWUVerificationCodeButton.h */ = {isa = PBXFileReference; fileEncoding = 4; lastKnownFileType = sourcecode.c.h; path = SWUVerificationCodeButton.h; sourceTree = "<group>"; };
		0E422A6723829B9D00D3B3ED /* SWUTextField.m */ = {isa = PBXFileReference; fileEncoding = 4; lastKnownFileType = sourcecode.c.objc; path = SWUTextField.m; sourceTree = "<group>"; };
		0EBAA1DF239D3A5C00ACC960 /* SWUBaseData.h */ = {isa = PBXFileReference; lastKnownFileType = sourcecode.c.h; path = SWUBaseData.h; sourceTree = "<group>"; };
		0EBAA1E0239D3A5C00ACC960 /* SWUBaseData.m */ = {isa = PBXFileReference; lastKnownFileType = sourcecode.c.objc; path = SWUBaseData.m; sourceTree = "<group>"; };
		0EBAA1E2239DEDF200ACC960 /* SWUDataSource.h */ = {isa = PBXFileReference; lastKnownFileType = sourcecode.c.h; path = SWUDataSource.h; sourceTree = "<group>"; };
		0EBAA1E3239DEDF200ACC960 /* SWUDataSource.m */ = {isa = PBXFileReference; lastKnownFileType = sourcecode.c.objc; path = SWUDataSource.m; sourceTree = "<group>"; };
		0EBAA1E7239E367A00ACC960 /* SWUMainDataSource.h */ = {isa = PBXFileReference; lastKnownFileType = sourcecode.c.h; path = SWUMainDataSource.h; sourceTree = "<group>"; };
		0EBAA1E8239E367A00ACC960 /* SWUMainDataSource.m */ = {isa = PBXFileReference; lastKnownFileType = sourcecode.c.objc; path = SWUMainDataSource.m; sourceTree = "<group>"; };
		0EBAA1EB239E477500ACC960 /* Factory.h */ = {isa = PBXFileReference; lastKnownFileType = sourcecode.c.h; path = Factory.h; sourceTree = "<group>"; };
		0EBAA1EC239E477500ACC960 /* Factory.m */ = {isa = PBXFileReference; lastKnownFileType = sourcecode.c.objc; path = Factory.m; sourceTree = "<group>"; };
		0EBAA1F1239E6C6900ACC960 /* SWUPublishView.h */ = {isa = PBXFileReference; lastKnownFileType = sourcecode.c.h; name = SWUPublishView.h; path = OpenSwuNG/Classes/Lost/SWUPublishView.h; sourceTree = SOURCE_ROOT; };
		0EBAA1F2239E6C6900ACC960 /* SWUPublishView.m */ = {isa = PBXFileReference; lastKnownFileType = sourcecode.c.objc; name = SWUPublishView.m; path = OpenSwuNG/Classes/Lost/SWUPublishView.m; sourceTree = SOURCE_ROOT; };
		4B4B04CD213ECC66008FA20D /* OpenSwuNG.app */ = {isa = PBXFileReference; explicitFileType = wrapper.application; includeInIndex = 0; path = OpenSwuNG.app; sourceTree = BUILT_PRODUCTS_DIR; };
		4B4B04D9213ECC67008FA20D /* Assets.xcassets */ = {isa = PBXFileReference; lastKnownFileType = folder.assetcatalog; path = Assets.xcassets; sourceTree = "<group>"; };
		4B4B04DC213ECC67008FA20D /* Base */ = {isa = PBXFileReference; lastKnownFileType = file.storyboard; name = Base; path = Base.lproj/LaunchScreen.storyboard; sourceTree = "<group>"; };
		4B4B04DE213ECC67008FA20D /* Info.plist */ = {isa = PBXFileReference; lastKnownFileType = text.plist.xml; path = Info.plist; sourceTree = "<group>"; };
		CD0B42B6BB2805C5D6295880 /* Pods-OpenSwuNG.debug.xcconfig */ = {isa = PBXFileReference; includeInIndex = 1; lastKnownFileType = text.xcconfig; name = "Pods-OpenSwuNG.debug.xcconfig"; path = "Pods/Target Support Files/Pods-OpenSwuNG/Pods-OpenSwuNG.debug.xcconfig"; sourceTree = "<group>"; };
		F8B7907FCE06F2DC1CECC24F /* Pods-OpenSwuNG.release.xcconfig */ = {isa = PBXFileReference; includeInIndex = 1; lastKnownFileType = text.xcconfig; name = "Pods-OpenSwuNG.release.xcconfig"; path = "Pods/Target Support Files/Pods-OpenSwuNG/Pods-OpenSwuNG.release.xcconfig"; sourceTree = "<group>"; };
/* End PBXFileReference section */

/* Begin PBXFrameworksBuildPhase section */
		4B4B04CA213ECC66008FA20D /* Frameworks */ = {
			isa = PBXFrameworksBuildPhase;
			buildActionMask = 2147483647;
			files = (
				DC09C91A2C60A4222D2326BA /* libPods-OpenSwuNG.a in Frameworks */,
			);
			runOnlyForDeploymentPostprocessing = 0;
		};
/* End PBXFrameworksBuildPhase section */

/* Begin PBXGroup section */
		0E42299E23829B9C00D3B3ED /* Classes */ = {
			isa = PBXGroup;
			children = (
				0EBAA1EA239E475900ACC960 /* Until */,
				0EBAA1E6239E2D4200ACC960 /* Base */,
				0E42299F23829B9C00D3B3ED /* Home */,
				0E4229B723829B9C00D3B3ED /* Schedule */,
				0E4229D023829B9C00D3B3ED /* Lost */,
				0E4229DE23829B9C00D3B3ED /* Other */,
				0E4229ED23829B9C00D3B3ED /* Library */,
				0E422A0923829B9C00D3B3ED /* About */,
				0E422A1823829B9C00D3B3ED /* ByWay */,
				0E422A2B23829B9C00D3B3ED /* Score */,
				0E422A3F23829B9C00D3B3ED /* Mine */,
				0E422A5023829B9D00D3B3ED /* Main */,
				0E422A5623829B9D00D3B3ED /* Login */,
			);
			path = Classes;
			sourceTree = "<group>";
		};
		0E42299F23829B9C00D3B3ED /* Home */ = {
			isa = PBXGroup;
			children = (
				0E23245A23915E78001E74EC /* load.gif */,
				0E4229A023829B9C00D3B3ED /* Controller */,
				0E4229A523829B9C00D3B3ED /* Model */,
				0E4229AC23829B9C00D3B3ED /* View */,
			);
			path = Home;
			sourceTree = "<group>";
		};
		0E4229A023829B9C00D3B3ED /* Controller */ = {
			isa = PBXGroup;
			children = (
				0E4229A123829B9C00D3B3ED /* SWUNewsInfoController.h */,
				0E4229A323829B9C00D3B3ED /* SWUNewsInfoController.m */,
				0E4229A423829B9C00D3B3ED /* SWUMainViewController.h */,
				0E4229A223829B9C00D3B3ED /* SWUMainViewController.m */,
			);
			path = Controller;
			sourceTree = "<group>";
		};
		0E4229A523829B9C00D3B3ED /* Model */ = {
			isa = PBXGroup;
			children = (
				0E4229A723829B9C00D3B3ED /* SWUNewsModel.h */,
				0E4229AB23829B9C00D3B3ED /* SWUNewsModel.m */,
				0EBAA1E7239E367A00ACC960 /* SWUMainDataSource.h */,
				0EBAA1E8239E367A00ACC960 /* SWUMainDataSource.m */,
			);
			path = Model;
			sourceTree = "<group>";
		};
		0E4229AC23829B9C00D3B3ED /* View */ = {
			isa = PBXGroup;
			children = (
				0E4229A923829B9C00D3B3ED /* SWUNewsCell.h */,
				0E4229A623829B9C00D3B3ED /* SWUNewsCell.m */,
				0E4229B223829B9C00D3B3ED /* SWUHomeSchedule.h */,
				0E4229AD23829B9C00D3B3ED /* SWUHomeSchedule.m */,
				0E4229B323829B9C00D3B3ED /* SWUHomeScheduleSubview.h */,
				0E4229AE23829B9C00D3B3ED /* SWUHomeScheduleSubview.m */,
				0E4229B623829B9C00D3B3ED /* SWUMainHeaderView.h */,
				0E4229AF23829B9C00D3B3ED /* SWUMainHeaderView.m */,
				0E4229B023829B9C00D3B3ED /* SWUMainButton.h */,
				0E4229B523829B9C00D3B3ED /* SWUMainButton.m */,
				0E4229B423829B9C00D3B3ED /* SWUHomeBanner.h */,
				0E4229B123829B9C00D3B3ED /* SWUHomeBanner.m */,
			);
			path = View;
			sourceTree = "<group>";
		};
		0E4229B723829B9C00D3B3ED /* Schedule */ = {
			isa = PBXGroup;
			children = (
				0E4229B823829B9C00D3B3ED /* course.plist */,
				0E4229B923829B9C00D3B3ED /* Controller */,
				0E4229BE23829B9C00D3B3ED /* Model */,
				0E4229C523829B9C00D3B3ED /* View */,
			);
			path = Schedule;
			sourceTree = "<group>";
		};
		0E4229B923829B9C00D3B3ED /* Controller */ = {
			isa = PBXGroup;
			children = (
				0E4229BC23829B9C00D3B3ED /* SWUScheduleViewController.h */,
				0E4229BA23829B9C00D3B3ED /* SWUScheduleViewController.m */,
				0E4229BD23829B9C00D3B3ED /* SWUAlertViewController.h */,
				0E4229BB23829B9C00D3B3ED /* SWUAlertViewController.m */,
			);
			path = Controller;
			sourceTree = "<group>";
		};
		0E4229BE23829B9C00D3B3ED /* Model */ = {
			isa = PBXGroup;
			children = (
				0E4229C223829B9C00D3B3ED /* Weekitem.h */,
				0E4229BF23829B9C00D3B3ED /* Weekitem.m */,
				0E4229C023829B9C00D3B3ED /* Data.h */,
				0E4229C423829B9C00D3B3ED /* Data.m */,
				0E4229C123829B9C00D3B3ED /* SWUScheduleModel.h */,
				0E4229C323829B9C00D3B3ED /* SWUScheduleModel.m */,
			);
			path = Model;
			sourceTree = "<group>";
		};
		0E4229C523829B9C00D3B3ED /* View */ = {
			isa = PBXGroup;
			children = (
				0E4229C623829B9C00D3B3ED /* SWUCollectionViewCell.h */,
				0E4229CC23829B9C00D3B3ED /* SWUCollectionViewCell.m */,
				0E4229C723829B9C00D3B3ED /* SWUNavTitleView.h */,
				0E4229CB23829B9C00D3B3ED /* SWUNavTitleView.m */,
				0E4229CE23829B9C00D3B3ED /* SWUScrollview.h */,
				0E4229C823829B9C00D3B3ED /* SWUScrollview.m */,
				0E4229CD23829B9C00D3B3ED /* SWULabel.h */,
				0E4229C923829B9C00D3B3ED /* SWULabel.m */,
				0E4229CA23829B9C00D3B3ED /* SWUWeekSelectView.h */,
				0E4229CF23829B9C00D3B3ED /* SWUWeekSelectView.m */,
			);
			path = View;
			sourceTree = "<group>";
		};
		0E4229D023829B9C00D3B3ED /* Lost */ = {
			isa = PBXGroup;
			children = (
				0E4229D123829B9C00D3B3ED /* Controller */,
				0E4229D823829B9C00D3B3ED /* Model */,
				0E4229DD23829B9C00D3B3ED /* View */,
			);
			path = Lost;
			sourceTree = "<group>";
		};
		0E4229D123829B9C00D3B3ED /* Controller */ = {
			isa = PBXGroup;
			children = (
				0E4229D523829B9C00D3B3ED /* SWUMinePublisViewController.h */,
				0E4229D223829B9C00D3B3ED /* SWUMinePublisViewController.m */,
				0E4229D723829B9C00D3B3ED /* SWULostViewController.h */,
				0E4229D323829B9C00D3B3ED /* SWULostViewController.m */,
				0E4229D623829B9C00D3B3ED /* SWUPublishViewController.h */,
				0E4229D423829B9C00D3B3ED /* SWUPublishViewController.m */,
			);
			path = Controller;
			sourceTree = "<group>";
		};
		0E4229D823829B9C00D3B3ED /* Model */ = {
			isa = PBXGroup;
			children = (
				0E4229DC23829B9C00D3B3ED /* SWULostModel.h */,
				0E4229DA23829B9C00D3B3ED /* SWULostModel.m */,
			);
			path = Model;
			sourceTree = "<group>";
		};
		0E4229DD23829B9C00D3B3ED /* View */ = {
			isa = PBXGroup;
			children = (
				0E4229D923829B9C00D3B3ED /* SWULostCell.h */,
				0E4229DB23829B9C00D3B3ED /* SWULostCell.m */,
				0EBAA1F1239E6C6900ACC960 /* SWUPublishView.h */,
				0EBAA1F2239E6C6900ACC960 /* SWUPublishView.m */,
			);
			path = View;
			sourceTree = "<group>";
		};
		0E4229DE23829B9C00D3B3ED /* Other */ = {
			isa = PBXGroup;
			children = (
				0E4229DF23829B9C00D3B3ED /* AppDelegate.h */,
				0E4229EC23829B9C00D3B3ED /* AppDelegate.m */,
				0E4229EB23829B9C00D3B3ED /* SWUFactory.h */,
				0E4229E023829B9C00D3B3ED /* SWUFactory.m */,
				0E4229E123829B9C00D3B3ED /* Category */,
				0E4229EA23829B9C00D3B3ED /* main.m */,
			);
			path = Other;
			sourceTree = "<group>";
		};
		0E4229E123829B9C00D3B3ED /* Category */ = {
			isa = PBXGroup;
			children = (
				0E4229E223829B9C00D3B3ED /* UIButton+Login.m */,
				0E4229E323829B9C00D3B3ED /* NSDate+DistanceOfTimes.h */,
				0E4229E423829B9C00D3B3ED /* UIBarButtonItem+Item.h */,
				0E4229E523829B9C00D3B3ED /* NSDate+PickerView.h */,
				0E4229E623829B9C00D3B3ED /* UIButton+Login.h */,
				0E4229E723829B9C00D3B3ED /* NSDate+DistanceOfTimes.m */,
				0E4229E823829B9C00D3B3ED /* UIBarButtonItem+Item.m */,
				0E4229E923829B9C00D3B3ED /* NSDate+PickerView.m */,
			);
			path = Category;
			sourceTree = "<group>";
		};
		0E4229ED23829B9C00D3B3ED /* Library */ = {
			isa = PBXGroup;
			children = (
				0E4229EE23829B9C00D3B3ED /* Controller */,
				0E4229F523829B9C00D3B3ED /* Model */,
				0E422A0423829B9C00D3B3ED /* View */,
			);
			path = Library;
			sourceTree = "<group>";
		};
		0E4229EE23829B9C00D3B3ED /* Controller */ = {
			isa = PBXGroup;
			children = (
				0E4229F323829B9C00D3B3ED /* SWUBookCaseController.h */,
				0E4229EF23829B9C00D3B3ED /* SWUBookCaseController.m */,
				0E4229F223829B9C00D3B3ED /* SWUSearchController.h */,
				0E4229F023829B9C00D3B3ED /* SWUSearchController.m */,
				0E4229F123829B9C00D3B3ED /* SWULibraryViewController.h */,
				0E4229F423829B9C00D3B3ED /* SWULibraryViewController.m */,
			);
			path = Controller;
			sourceTree = "<group>";
		};
		0E4229F523829B9C00D3B3ED /* Model */ = {
			isa = PBXGroup;
			children = (
				0E4229F723829B9C00D3B3ED /* SWULibraryHistoryModel.h */,
				0E4229FF23829B9C00D3B3ED /* SWULibraryHistoryModel.m */,
				0E422A0123829B9C00D3B3ED /* SWULibraryCollectModel.h */,
				0E4229FA23829B9C00D3B3ED /* SWULibraryCollectModel.m */,
				0E422A0023829B9C00D3B3ED /* SWULibraryBorrowingModel.h */,
				0E4229FB23829B9C00D3B3ED /* SWULibraryBorrowingModel.m */,
				0E4229FD23829B9C00D3B3ED /* SWUPopularModel.h */,
				0E4229F623829B9C00D3B3ED /* SWUPopularModel.m */,
			);
			path = Model;
			sourceTree = "<group>";
		};
		0E422A0423829B9C00D3B3ED /* View */ = {
			isa = PBXGroup;
			children = (
				0E4229F923829B9C00D3B3ED /* SWUBookCaseCell.h */,
				0E422A0223829B9C00D3B3ED /* SWUBookCaseCell.m */,
				0E4229FC23829B9C00D3B3ED /* SWULibraryCell.h */,
				0E422A0323829B9C00D3B3ED /* SWULibraryCell.m */,
				0E422A0723829B9C00D3B3ED /* SWUBookCaseHeaderView.h */,
				0E422A0523829B9C00D3B3ED /* SWUBookCaseHeaderView.m */,
				0E422A0823829B9C00D3B3ED /* SWULibraryHeaderView.h */,
				0E422A0623829B9C00D3B3ED /* SWULibraryHeaderView.m */,
			);
			path = View;
			sourceTree = "<group>";
		};
		0E422A0923829B9C00D3B3ED /* About */ = {
			isa = PBXGroup;
			children = (
				0E422A0A23829B9C00D3B3ED /* Controller */,
				0E422A1123829B9C00D3B3ED /* Model */,
				0E422A1423829B9C00D3B3ED /* View */,
				0E422A1723829B9C00D3B3ED /* About.plist */,
			);
			path = About;
			sourceTree = "<group>";
		};
		0E422A0A23829B9C00D3B3ED /* Controller */ = {
			isa = PBXGroup;
			children = (
				0E422A0B23829B9C00D3B3ED /* SWUUpdateLogViewController.h */,
				0E422A0C23829B9C00D3B3ED /* SWUAboutViewController.m */,
				0E422A0D23829B9C00D3B3ED /* SWUAboutUsViewController.m */,
				0E422A0E23829B9C00D3B3ED /* SWUUpdateLogViewController.m */,
				0E422A0F23829B9C00D3B3ED /* SWUAboutViewController.h */,
				0E422A1023829B9C00D3B3ED /* SWUAboutUsViewController.h */,
			);
			path = Controller;
			sourceTree = "<group>";
		};
		0E422A1123829B9C00D3B3ED /* Model */ = {
			isa = PBXGroup;
			children = (
				0E422A1223829B9C00D3B3ED /* SWUAboutModel.m */,
				0E422A1323829B9C00D3B3ED /* SWUAboutModel.h */,
			);
			path = Model;
			sourceTree = "<group>";
		};
		0E422A1423829B9C00D3B3ED /* View */ = {
			isa = PBXGroup;
			children = (
				0E422A1523829B9C00D3B3ED /* SWUAboutHeaderView.m */,
				0E422A1623829B9C00D3B3ED /* SWUAboutHeaderView.h */,
			);
			path = View;
			sourceTree = "<group>";
		};
		0E422A1823829B9C00D3B3ED /* ByWay */ = {
			isa = PBXGroup;
			children = (
				0E422A1923829B9C00D3B3ED /* Controller */,
				0E422A1C23829B9C00D3B3ED /* Model */,
				0E422A2323829B9C00D3B3ED /* View */,
			);
			path = ByWay;
			sourceTree = "<group>";
		};
		0E422A1923829B9C00D3B3ED /* Controller */ = {
			isa = PBXGroup;
			children = (
				0E422A1A23829B9C00D3B3ED /* SWUBayWayViewController.h */,
				0E422A1B23829B9C00D3B3ED /* SWUBayWayViewController.m */,
			);
			path = Controller;
			sourceTree = "<group>";
		};
		0E422A1C23829B9C00D3B3ED /* Model */ = {
			isa = PBXGroup;
			children = (
				0E422A1D23829B9C00D3B3ED /* SWUByWayPlanCell.m */,
				0E422A1E23829B9C00D3B3ED /* SWUByWayModel.h */,
				0E422A1F23829B9C00D3B3ED /* SWUByWayCell.m */,
				0E422A2023829B9C00D3B3ED /* SWUByWayPlanCell.h */,
				0E422A2123829B9C00D3B3ED /* SWUByWayCell.h */,
				0E422A2223829B9C00D3B3ED /* SWUByWayModel.m */,
			);
			path = Model;
			sourceTree = "<group>";
		};
		0E422A2323829B9C00D3B3ED /* View */ = {
			isa = PBXGroup;
			children = (
				0E422A2823829B9C00D3B3ED /* SWUByWayPickerView.h */,
				0E422A2423829B9C00D3B3ED /* SWUByWayPickerView.m */,
				0E422A2523829B9C00D3B3ED /* SWUByWayHeaderView.h */,
				0E422A2723829B9C00D3B3ED /* SWUByWayHeaderView.m */,
				0E422A2923829B9C00D3B3ED /* SWUByWayScrollView.h */,
				0E422A2623829B9C00D3B3ED /* SWUByWayScrollView.m */,
			);
			path = View;
			sourceTree = "<group>";
		};
		0E422A2B23829B9C00D3B3ED /* Score */ = {
			isa = PBXGroup;
			children = (
				0E422A2C23829B9C00D3B3ED /* Controller */,
				0E422A2F23829B9C00D3B3ED /* Model */,
				0E422A3423829B9C00D3B3ED /* View */,
			);
			path = Score;
			sourceTree = "<group>";
		};
		0E422A2C23829B9C00D3B3ED /* Controller */ = {
			isa = PBXGroup;
			children = (
				0E422A2D23829B9C00D3B3ED /* SWUScoreViewController.h */,
				0E422A2E23829B9C00D3B3ED /* SWUScoreViewController.m */,
			);
			path = Controller;
			sourceTree = "<group>";
		};
		0E422A2F23829B9C00D3B3ED /* Model */ = {
			isa = PBXGroup;
			children = (
				0E422A3023829B9C00D3B3ED /* SWUScoreModel.h */,
				0E422A3223829B9C00D3B3ED /* SWUScoreModel.m */,
				0E422A3323829B9C00D3B3ED /* SWUScoreCell.h */,
				0E422A3123829B9C00D3B3ED /* SWUScoreCell.m */,
			);
			path = Model;
			sourceTree = "<group>";
		};
		0E422A3423829B9C00D3B3ED /* View */ = {
			isa = PBXGroup;
			children = (
				0E422A3523829B9C00D3B3ED /* SWUScrollerBackView.h */,
				0E422A3B23829B9C00D3B3ED /* SWUScrollerBackView.m */,
				0E422A3A23829B9C00D3B3ED /* SWUPickerView.h */,
				0E422A3623829B9C00D3B3ED /* SWUPickerView.m */,
				0E422A3723829B9C00D3B3ED /* SWUPointView.h */,
				0E422A3C23829B9C00D3B3ED /* SWUPointView.m */,
				0E422A3823829B9C00D3B3ED /* SWUTotalScoreView.h */,
				0E422A3E23829B9C00D3B3ED /* SWUTotalScoreView.m */,
				0E422A3923829B9C00D3B3ED /* SWUScoreHeaderView.h */,
				0E422A3D23829B9C00D3B3ED /* SWUScoreHeaderView.m */,
			);
			path = View;
			sourceTree = "<group>";
		};
		0E422A3F23829B9C00D3B3ED /* Mine */ = {
			isa = PBXGroup;
			children = (
				0E422A4023829B9C00D3B3ED /* Mine.plist */,
				0E422A4123829B9C00D3B3ED /* Controller */,
				0E422A4623829B9D00D3B3ED /* Model */,
				0E422A4B23829B9D00D3B3ED /* View */,
			);
			path = Mine;
			sourceTree = "<group>";
		};
		0E422A4123829B9C00D3B3ED /* Controller */ = {
			isa = PBXGroup;
			children = (
				0E422A4223829B9C00D3B3ED /* SWUMineViewController.h */,
				0E422A4323829B9C00D3B3ED /* SWUBindingViewController.h */,
				0E422A4423829B9D00D3B3ED /* SWUBindingViewController.m */,
				0E422A4523829B9D00D3B3ED /* SWUMineViewController.m */,
			);
			path = Controller;
			sourceTree = "<group>";
		};
		0E422A4623829B9D00D3B3ED /* Model */ = {
			isa = PBXGroup;
			children = (
				0E422A4723829B9D00D3B3ED /* SWUMineModel.h */,
				0E422A4923829B9D00D3B3ED /* SWUMineModel.m */,
				0E422A4A23829B9D00D3B3ED /* SWUBindingModel.h */,
				0E422A4823829B9D00D3B3ED /* SWUBindingModel.m */,
			);
			path = Model;
			sourceTree = "<group>";
		};
		0E422A4B23829B9D00D3B3ED /* View */ = {
			isa = PBXGroup;
			children = (
				0E422A4C23829B9D00D3B3ED /* SWUHeaderView.h */,
				0E422A4F23829B9D00D3B3ED /* SWUHeaderView.m */,
				0E422A4E23829B9D00D3B3ED /* SWUMineTableViewCell.h */,
				0E422A4D23829B9D00D3B3ED /* SWUMineTableViewCell.m */,
			);
			path = View;
			sourceTree = "<group>";
		};
		0E422A5023829B9D00D3B3ED /* Main */ = {
			isa = PBXGroup;
			children = (
				0E422A5123829B9D00D3B3ED /* Controller */,
			);
			path = Main;
			sourceTree = "<group>";
		};
		0E422A5123829B9D00D3B3ED /* Controller */ = {
			isa = PBXGroup;
			children = (
				0E422A5223829B9D00D3B3ED /* SWUTabBarController.m */,
				0E422A5323829B9D00D3B3ED /* SWUNavigationController.h */,
				0E422A5423829B9D00D3B3ED /* SWUTabBarController.h */,
				0E422A5523829B9D00D3B3ED /* SWUNavigationController.m */,
			);
			path = Controller;
			sourceTree = "<group>";
		};
		0E422A5623829B9D00D3B3ED /* Login */ = {
			isa = PBXGroup;
			children = (
				0E422A5723829B9D00D3B3ED /* Controller */,
				0E422A5E23829B9D00D3B3ED /* Model */,
				0E422A6123829B9D00D3B3ED /* View */,
			);
			path = Login;
			sourceTree = "<group>";
		};
		0E422A5723829B9D00D3B3ED /* Controller */ = {
			isa = PBXGroup;
			children = (
				0E422A5823829B9D00D3B3ED /* SWURegisterViewController.m */,
				0E422A5923829B9D00D3B3ED /* SWULoginViewController.m */,
				0E422A5A23829B9D00D3B3ED /* SWUForgetPwdViewController.h */,
				0E422A5B23829B9D00D3B3ED /* SWURegisterViewController.h */,
				0E422A5C23829B9D00D3B3ED /* SWULoginViewController.h */,
				0E422A5D23829B9D00D3B3ED /* SWUForgetPwdViewController.m */,
			);
			path = Controller;
			sourceTree = "<group>";
		};
		0E422A5E23829B9D00D3B3ED /* Model */ = {
			isa = PBXGroup;
			children = (
				0E422A5F23829B9D00D3B3ED /* SWULoginModel.h */,
				0E422A6023829B9D00D3B3ED /* SWULoginModel.m */,
			);
			path = Model;
			sourceTree = "<group>";
		};
		0E422A6123829B9D00D3B3ED /* View */ = {
			isa = PBXGroup;
			children = (
				0E422A6223829B9D00D3B3ED /* SWULoginLabel.m */,
				0E422A6323829B9D00D3B3ED /* SWUVerificationCodeButton.m */,
				0E422A6423829B9D00D3B3ED /* SWUTextField.h */,
				0E422A6523829B9D00D3B3ED /* SWULoginLabel.h */,
				0E422A6623829B9D00D3B3ED /* SWUVerificationCodeButton.h */,
				0E422A6723829B9D00D3B3ED /* SWUTextField.m */,
			);
			path = View;
			sourceTree = "<group>";
		};
		0EBAA1E6239E2D4200ACC960 /* Base */ = {
			isa = PBXGroup;
			children = (
				0EBAA1DF239D3A5C00ACC960 /* SWUBaseData.h */,
				0EBAA1E0239D3A5C00ACC960 /* SWUBaseData.m */,
				0EBAA1E2239DEDF200ACC960 /* SWUDataSource.h */,
				0EBAA1E3239DEDF200ACC960 /* SWUDataSource.m */,
			);
			path = Base;
			sourceTree = "<group>";
		};
		0EBAA1EA239E475900ACC960 /* Until */ = {
			isa = PBXGroup;
			children = (
				0E422A2A23829B9C00D3B3ED /* Constants.h */,
				0EBAA1EB239E477500ACC960 /* Factory.h */,
				0EBAA1EC239E477500ACC960 /* Factory.m */,
			);
			path = Until;
			sourceTree = "<group>";
		};
		28EF1B5D3E93E805818CEC18 /* Pods */ = {
			isa = PBXGroup;
			children = (
				CD0B42B6BB2805C5D6295880 /* Pods-OpenSwuNG.debug.xcconfig */,
				F8B7907FCE06F2DC1CECC24F /* Pods-OpenSwuNG.release.xcconfig */,
			);
			name = Pods;
			sourceTree = "<group>";
		};
		4B4B04C4213ECC66008FA20D = {
			isa = PBXGroup;
			children = (
				4B4B04CF213ECC66008FA20D /* OpenSwuNG */,
				4B4B04CE213ECC66008FA20D /* Products */,
				28EF1B5D3E93E805818CEC18 /* Pods */,
				8A1F23BCE7A3E2F4677BF21D /* Frameworks */,
			);
			sourceTree = "<group>";
		};
		4B4B04CE213ECC66008FA20D /* Products */ = {
			isa = PBXGroup;
			children = (
				4B4B04CD213ECC66008FA20D /* OpenSwuNG.app */,
			);
			name = Products;
			sourceTree = "<group>";
		};
		4B4B04CF213ECC66008FA20D /* OpenSwuNG */ = {
			isa = PBXGroup;
			children = (
				0E42299E23829B9C00D3B3ED /* Classes */,
				4B4B04DB213ECC67008FA20D /* LaunchScreen.storyboard */,
				4B4B04D9213ECC67008FA20D /* Assets.xcassets */,
				4B4B04DE213ECC67008FA20D /* Info.plist */,
			);
			path = OpenSwuNG;
			sourceTree = "<group>";
		};
		8A1F23BCE7A3E2F4677BF21D /* Frameworks */ = {
			isa = PBXGroup;
			children = (
				055E4E42096CDE36E1746EE7 /* libPods-OpenSwuNG.a */,
			);
			name = Frameworks;
			sourceTree = "<group>";
		};
/* End PBXGroup section */

/* Begin PBXNativeTarget section */
		4B4B04CC213ECC66008FA20D /* OpenSwuNG */ = {
			isa = PBXNativeTarget;
			buildConfigurationList = 4B4B04E3213ECC67008FA20D /* Build configuration list for PBXNativeTarget "OpenSwuNG" */;
			buildPhases = (
				8F4FA79A4A75D3462CCC925E /* [CP] Check Pods Manifest.lock */,
				4B4B04C9213ECC66008FA20D /* Sources */,
				4B4B04CA213ECC66008FA20D /* Frameworks */,
				4B4B04CB213ECC66008FA20D /* Resources */,
				1D7562F5CD9F527E95320CDF /* [CP] Copy Pods Resources */,
			);
			buildRules = (
			);
			dependencies = (
			);
			name = OpenSwuNG;
			productName = OpenSwuNG;
			productReference = 4B4B04CD213ECC66008FA20D /* OpenSwuNG.app */;
			productType = "com.apple.product-type.application";
		};
/* End PBXNativeTarget section */

/* Begin PBXProject section */
		4B4B04C5213ECC66008FA20D /* Project object */ = {
			isa = PBXProject;
			attributes = {
				LastUpgradeCheck = 0940;
				TargetAttributes = {
					4B4B04CC213ECC66008FA20D = {
						CreatedOnToolsVersion = 9.4.1;
					};
				};
			};
			buildConfigurationList = 4B4B04C8213ECC66008FA20D /* Build configuration list for PBXProject "OpenSwuNG" */;
			compatibilityVersion = "Xcode 9.3";
			developmentRegion = en;
			hasScannedForEncodings = 0;
			knownRegions = (
				en,
				Base,
			);
			mainGroup = 4B4B04C4213ECC66008FA20D;
			productRefGroup = 4B4B04CE213ECC66008FA20D /* Products */;
			projectDirPath = "";
			projectRoot = "";
			targets = (
				4B4B04CC213ECC66008FA20D /* OpenSwuNG */,
			);
		};
/* End PBXProject section */

/* Begin PBXResourcesBuildPhase section */
		4B4B04CB213ECC66008FA20D /* Resources */ = {
			isa = PBXResourcesBuildPhase;
			buildActionMask = 2147483647;
			files = (
				0E422A9A23829B9D00D3B3ED /* About.plist in Resources */,
				4B4B04DD213ECC67008FA20D /* LaunchScreen.storyboard in Resources */,
				4B4B04DA213ECC67008FA20D /* Assets.xcassets in Resources */,
				0E422AAA23829B9D00D3B3ED /* Mine.plist in Resources */,
				0E23245B23915E78001E74EC /* load.gif in Resources */,
				0E422A7223829B9D00D3B3ED /* course.plist in Resources */,
			);
			runOnlyForDeploymentPostprocessing = 0;
		};
/* End PBXResourcesBuildPhase section */

/* Begin PBXShellScriptBuildPhase section */
		1D7562F5CD9F527E95320CDF /* [CP] Copy Pods Resources */ = {
			isa = PBXShellScriptBuildPhase;
			buildActionMask = 2147483647;
			files = (
			);
			inputFileListPaths = (
				"${PODS_ROOT}/Target Support Files/Pods-OpenSwuNG/Pods-OpenSwuNG-resources-${CONFIGURATION}-input-files.xcfilelist",
			);
			name = "[CP] Copy Pods Resources";
			outputFileListPaths = (
				"${PODS_ROOT}/Target Support Files/Pods-OpenSwuNG/Pods-OpenSwuNG-resources-${CONFIGURATION}-output-files.xcfilelist",
			);
			runOnlyForDeploymentPostprocessing = 0;
			shellPath = /bin/sh;
			shellScript = "\"${PODS_ROOT}/Target Support Files/Pods-OpenSwuNG/Pods-OpenSwuNG-resources.sh\"\n";
			showEnvVarsInLog = 0;
		};
		8F4FA79A4A75D3462CCC925E /* [CP] Check Pods Manifest.lock */ = {
			isa = PBXShellScriptBuildPhase;
			buildActionMask = 2147483647;
			files = (
			);
			inputPaths = (
				"${PODS_PODFILE_DIR_PATH}/Podfile.lock",
				"${PODS_ROOT}/Manifest.lock",
			);
			name = "[CP] Check Pods Manifest.lock";
			outputPaths = (
				"$(DERIVED_FILE_DIR)/Pods-OpenSwuNG-checkManifestLockResult.txt",
			);
			runOnlyForDeploymentPostprocessing = 0;
			shellPath = /bin/sh;
			shellScript = "diff \"${PODS_PODFILE_DIR_PATH}/Podfile.lock\" \"${PODS_ROOT}/Manifest.lock\" > /dev/null\nif [ $? != 0 ] ; then\n    # print error to STDERR\n    echo \"error: The sandbox is not in sync with the Podfile.lock. Run 'pod install' or update your CocoaPods installation.\" >&2\n    exit 1\nfi\n# This output is used by Xcode 'outputs' to avoid re-running this script phase.\necho \"SUCCESS\" > \"${SCRIPT_OUTPUT_FILE_0}\"\n";
			showEnvVarsInLog = 0;
		};
/* End PBXShellScriptBuildPhase section */

/* Begin PBXSourcesBuildPhase section */
		4B4B04C9213ECC66008FA20D /* Sources */ = {
			isa = PBXSourcesBuildPhase;
			buildActionMask = 2147483647;
			files = (
				0E422A7C23829B9D00D3B3ED /* SWUWeekSelectView.m in Sources */,
				0E422A9523829B9D00D3B3ED /* SWUAboutViewController.m in Sources */,
				0E422A8E23829B9D00D3B3ED /* SWULibraryBorrowingModel.m in Sources */,
				0E422A9023829B9D00D3B3ED /* SWULibraryHistoryModel.m in Sources */,
				0E422A7B23829B9D00D3B3ED /* SWUCollectionViewCell.m in Sources */,
				0E422AB123829B9D00D3B3ED /* SWUTabBarController.m in Sources */,
				0E422A6923829B9D00D3B3ED /* SWUNewsInfoController.m in Sources */,
				0E422AB623829B9D00D3B3ED /* SWULoginModel.m in Sources */,
				0E422AA423829B9D00D3B3ED /* SWUScoreModel.m in Sources */,
				0E422AB723829B9D00D3B3ED /* SWULoginLabel.m in Sources */,
				0E422A8023829B9D00D3B3ED /* SWULostModel.m in Sources */,
				0E422AA923829B9D00D3B3ED /* SWUTotalScoreView.m in Sources */,
				0E422A8823829B9D00D3B3ED /* AppDelegate.m in Sources */,
				0E422A8A23829B9D00D3B3ED /* SWUSearchController.m in Sources */,
				0E422A7023829B9D00D3B3ED /* SWUHomeBanner.m in Sources */,
				0E422A7123829B9D00D3B3ED /* SWUMainButton.m in Sources */,
				0EBAA1F3239E6C6900ACC960 /* SWUPublishView.m in Sources */,
				0E422AB023829B9D00D3B3ED /* SWUHeaderView.m in Sources */,
				0E422A8123829B9D00D3B3ED /* SWULostCell.m in Sources */,
				0EBAA1E9239E367A00ACC960 /* SWUMainDataSource.m in Sources */,
				0E422AB523829B9D00D3B3ED /* SWUForgetPwdViewController.m in Sources */,
				0E422AB423829B9D00D3B3ED /* SWULoginViewController.m in Sources */,
				0E422A7823829B9D00D3B3ED /* SWUScrollview.m in Sources */,
				0E422A7E23829B9D00D3B3ED /* SWULostViewController.m in Sources */,
				0E422A7923829B9D00D3B3ED /* SWULabel.m in Sources */,
				0E422AB923829B9D00D3B3ED /* SWUTextField.m in Sources */,
				0E422A6C23829B9D00D3B3ED /* SWUNewsModel.m in Sources */,
				0E422AA023829B9D00D3B3ED /* SWUByWayScrollView.m in Sources */,
				0E422A8423829B9D00D3B3ED /* NSDate+DistanceOfTimes.m in Sources */,
				0E422A8323829B9D00D3B3ED /* UIButton+Login.m in Sources */,
				0E422AB223829B9D00D3B3ED /* SWUNavigationController.m in Sources */,
				0E422A9423829B9D00D3B3ED /* SWULibraryHeaderView.m in Sources */,
				0E422A8723829B9D00D3B3ED /* main.m in Sources */,
				0E422AA523829B9D00D3B3ED /* SWUPickerView.m in Sources */,
				0E422A8623829B9D00D3B3ED /* NSDate+PickerView.m in Sources */,
				0E422A9823829B9D00D3B3ED /* SWUAboutModel.m in Sources */,
				0E422A7623829B9D00D3B3ED /* SWUScheduleModel.m in Sources */,
				0E422AAB23829B9D00D3B3ED /* SWUBindingViewController.m in Sources */,
				0E422AA223829B9D00D3B3ED /* SWUScoreViewController.m in Sources */,
				0E422A7723829B9D00D3B3ED /* Data.m in Sources */,
				0E422A8C23829B9D00D3B3ED /* SWUPopularModel.m in Sources */,
				0E422A8B23829B9D00D3B3ED /* SWULibraryViewController.m in Sources */,
				0E422A6A23829B9D00D3B3ED /* SWUNewsCell.m in Sources */,
				0E422A7423829B9D00D3B3ED /* SWUAlertViewController.m in Sources */,
				0E422AAD23829B9D00D3B3ED /* SWUBindingModel.m in Sources */,
				0E422AA823829B9D00D3B3ED /* SWUScoreHeaderView.m in Sources */,
				0E422A8923829B9D00D3B3ED /* SWUBookCaseController.m in Sources */,
				0E422A7A23829B9D00D3B3ED /* SWUNavTitleView.m in Sources */,
				0E422A6E23829B9D00D3B3ED /* SWUHomeScheduleSubview.m in Sources */,
				0E422A6823829B9D00D3B3ED /* SWUMainViewController.m in Sources */,
				0E422A9C23829B9D00D3B3ED /* SWUByWayPlanCell.m in Sources */,
				0EBAA1E4239DEDF200ACC960 /* SWUDataSource.m in Sources */,
				0E422A7523829B9D00D3B3ED /* Weekitem.m in Sources */,
				0E422A8223829B9D00D3B3ED /* SWUFactory.m in Sources */,
				0E422AB823829B9D00D3B3ED /* SWUVerificationCodeButton.m in Sources */,
				0EBAA1ED239E477500ACC960 /* Factory.m in Sources */,
				0E422A9D23829B9D00D3B3ED /* SWUByWayCell.m in Sources */,
				0E422AA123829B9D00D3B3ED /* SWUByWayHeaderView.m in Sources */,
				0E422A8D23829B9D00D3B3ED /* SWULibraryCollectModel.m in Sources */,
				0E422A9223829B9D00D3B3ED /* SWULibraryCell.m in Sources */,
				0E422AB323829B9D00D3B3ED /* SWURegisterViewController.m in Sources */,
				0E422A9323829B9D00D3B3ED /* SWUBookCaseHeaderView.m in Sources */,
				0E422A6F23829B9D00D3B3ED /* SWUMainHeaderView.m in Sources */,
				0E422AAC23829B9D00D3B3ED /* SWUMineViewController.m in Sources */,
				0E422A9923829B9D00D3B3ED /* SWUAboutHeaderView.m in Sources */,
				0E422A7F23829B9D00D3B3ED /* SWUPublishViewController.m in Sources */,
				0E422A9B23829B9D00D3B3ED /* SWUBayWayViewController.m in Sources */,
				0E422A7D23829B9D00D3B3ED /* SWUMinePublisViewController.m in Sources */,
				0E422A6D23829B9D00D3B3ED /* SWUHomeSchedule.m in Sources */,
				0E422A7323829B9D00D3B3ED /* SWUScheduleViewController.m in Sources */,
				0E422A9E23829B9D00D3B3ED /* SWUByWayModel.m in Sources */,
				0E422A8523829B9D00D3B3ED /* UIBarButtonItem+Item.m in Sources */,
				0E422AA323829B9D00D3B3ED /* SWUScoreCell.m in Sources */,
				0E422AA623829B9D00D3B3ED /* SWUScrollerBackView.m in Sources */,
				0E422AAF23829B9D00D3B3ED /* SWUMineTableViewCell.m in Sources */,
				0E422A9623829B9D00D3B3ED /* SWUAboutUsViewController.m in Sources */,
				0E422A9123829B9D00D3B3ED /* SWUBookCaseCell.m in Sources */,
				0E422AA723829B9D00D3B3ED /* SWUPointView.m in Sources */,
				0EBAA1E1239D3A5C00ACC960 /* SWUBaseData.m in Sources */,
				0E422A9723829B9D00D3B3ED /* SWUUpdateLogViewController.m in Sources */,
				0E422AAE23829B9D00D3B3ED /* SWUMineModel.m in Sources */,
				0E422A9F23829B9D00D3B3ED /* SWUByWayPickerView.m in Sources */,
			);
			runOnlyForDeploymentPostprocessing = 0;
		};
/* End PBXSourcesBuildPhase section */

/* Begin PBXVariantGroup section */
		4B4B04DB213ECC67008FA20D /* LaunchScreen.storyboard */ = {
			isa = PBXVariantGroup;
			children = (
				4B4B04DC213ECC67008FA20D /* Base */,
			);
			name = LaunchScreen.storyboard;
			sourceTree = "<group>";
		};
/* End PBXVariantGroup section */

/* Begin XCBuildConfiguration section */
		4B4B04E1213ECC67008FA20D /* Debug */ = {
			isa = XCBuildConfiguration;
			buildSettings = {
				ALWAYS_SEARCH_USER_PATHS = NO;
				CLANG_ANALYZER_NONNULL = YES;
				CLANG_ANALYZER_NUMBER_OBJECT_CONVERSION = YES_AGGRESSIVE;
				CLANG_CXX_LANGUAGE_STANDARD = "gnu++14";
				CLANG_CXX_LIBRARY = "libc++";
				CLANG_ENABLE_MODULES = YES;
				CLANG_ENABLE_OBJC_ARC = YES;
				CLANG_ENABLE_OBJC_WEAK = YES;
				CLANG_WARN_BLOCK_CAPTURE_AUTORELEASING = YES;
				CLANG_WARN_BOOL_CONVERSION = YES;
				CLANG_WARN_COMMA = YES;
				CLANG_WARN_CONSTANT_CONVERSION = YES;
				CLANG_WARN_DEPRECATED_OBJC_IMPLEMENTATIONS = YES;
				CLANG_WARN_DIRECT_OBJC_ISA_USAGE = YES_ERROR;
				CLANG_WARN_DOCUMENTATION_COMMENTS = YES;
				CLANG_WARN_EMPTY_BODY = YES;
				CLANG_WARN_ENUM_CONVERSION = YES;
				CLANG_WARN_INFINITE_RECURSION = YES;
				CLANG_WARN_INT_CONVERSION = YES;
				CLANG_WARN_NON_LITERAL_NULL_CONVERSION = YES;
				CLANG_WARN_OBJC_IMPLICIT_RETAIN_SELF = YES;
				CLANG_WARN_OBJC_LITERAL_CONVERSION = YES;
				CLANG_WARN_OBJC_ROOT_CLASS = YES_ERROR;
				CLANG_WARN_RANGE_LOOP_ANALYSIS = YES;
				CLANG_WARN_STRICT_PROTOTYPES = YES;
				CLANG_WARN_SUSPICIOUS_MOVE = YES;
				CLANG_WARN_UNGUARDED_AVAILABILITY = YES_AGGRESSIVE;
				CLANG_WARN_UNREACHABLE_CODE = YES;
				CLANG_WARN__DUPLICATE_METHOD_MATCH = YES;
				CODE_SIGN_IDENTITY = "iPhone Developer";
				COPY_PHASE_STRIP = NO;
				DEBUG_INFORMATION_FORMAT = dwarf;
				ENABLE_STRICT_OBJC_MSGSEND = YES;
				ENABLE_TESTABILITY = YES;
				GCC_C_LANGUAGE_STANDARD = gnu11;
				GCC_DYNAMIC_NO_PIC = NO;
				GCC_NO_COMMON_BLOCKS = YES;
				GCC_OPTIMIZATION_LEVEL = 0;
				GCC_PREPROCESSOR_DEFINITIONS = (
					"DEBUG=1",
					"$(inherited)",
				);
				GCC_WARN_64_TO_32_BIT_CONVERSION = YES;
				GCC_WARN_ABOUT_RETURN_TYPE = YES_ERROR;
				GCC_WARN_UNDECLARED_SELECTOR = YES;
				GCC_WARN_UNINITIALIZED_AUTOS = YES_AGGRESSIVE;
				GCC_WARN_UNUSED_FUNCTION = YES;
				GCC_WARN_UNUSED_VARIABLE = YES;
				IPHONEOS_DEPLOYMENT_TARGET = 11.4;
				MTL_ENABLE_DEBUG_INFO = YES;
				ONLY_ACTIVE_ARCH = YES;
				SDKROOT = iphoneos;
			};
			name = Debug;
		};
		4B4B04E2213ECC67008FA20D /* Release */ = {
			isa = XCBuildConfiguration;
			buildSettings = {
				ALWAYS_SEARCH_USER_PATHS = NO;
				CLANG_ANALYZER_NONNULL = YES;
				CLANG_ANALYZER_NUMBER_OBJECT_CONVERSION = YES_AGGRESSIVE;
				CLANG_CXX_LANGUAGE_STANDARD = "gnu++14";
				CLANG_CXX_LIBRARY = "libc++";
				CLANG_ENABLE_MODULES = YES;
				CLANG_ENABLE_OBJC_ARC = YES;
				CLANG_ENABLE_OBJC_WEAK = YES;
				CLANG_WARN_BLOCK_CAPTURE_AUTORELEASING = YES;
				CLANG_WARN_BOOL_CONVERSION = YES;
				CLANG_WARN_COMMA = YES;
				CLANG_WARN_CONSTANT_CONVERSION = YES;
				CLANG_WARN_DEPRECATED_OBJC_IMPLEMENTATIONS = YES;
				CLANG_WARN_DIRECT_OBJC_ISA_USAGE = YES_ERROR;
				CLANG_WARN_DOCUMENTATION_COMMENTS = YES;
				CLANG_WARN_EMPTY_BODY = YES;
				CLANG_WARN_ENUM_CONVERSION = YES;
				CLANG_WARN_INFINITE_RECURSION = YES;
				CLANG_WARN_INT_CONVERSION = YES;
				CLANG_WARN_NON_LITERAL_NULL_CONVERSION = YES;
				CLANG_WARN_OBJC_IMPLICIT_RETAIN_SELF = YES;
				CLANG_WARN_OBJC_LITERAL_CONVERSION = YES;
				CLANG_WARN_OBJC_ROOT_CLASS = YES_ERROR;
				CLANG_WARN_RANGE_LOOP_ANALYSIS = YES;
				CLANG_WARN_STRICT_PROTOTYPES = YES;
				CLANG_WARN_SUSPICIOUS_MOVE = YES;
				CLANG_WARN_UNGUARDED_AVAILABILITY = YES_AGGRESSIVE;
				CLANG_WARN_UNREACHABLE_CODE = YES;
				CLANG_WARN__DUPLICATE_METHOD_MATCH = YES;
				CODE_SIGN_IDENTITY = "iPhone Developer";
				COPY_PHASE_STRIP = NO;
				DEBUG_INFORMATION_FORMAT = "dwarf-with-dsym";
				ENABLE_NS_ASSERTIONS = NO;
				ENABLE_STRICT_OBJC_MSGSEND = YES;
				GCC_C_LANGUAGE_STANDARD = gnu11;
				GCC_NO_COMMON_BLOCKS = YES;
				GCC_WARN_64_TO_32_BIT_CONVERSION = YES;
				GCC_WARN_ABOUT_RETURN_TYPE = YES_ERROR;
				GCC_WARN_UNDECLARED_SELECTOR = YES;
				GCC_WARN_UNINITIALIZED_AUTOS = YES_AGGRESSIVE;
				GCC_WARN_UNUSED_FUNCTION = YES;
				GCC_WARN_UNUSED_VARIABLE = YES;
				IPHONEOS_DEPLOYMENT_TARGET = 11.4;
				MTL_ENABLE_DEBUG_INFO = NO;
				SDKROOT = iphoneos;
				VALIDATE_PRODUCT = YES;
			};
			name = Release;
		};
		4B4B04E4213ECC67008FA20D /* Debug */ = {
			isa = XCBuildConfiguration;
			baseConfigurationReference = CD0B42B6BB2805C5D6295880 /* Pods-OpenSwuNG.debug.xcconfig */;
			buildSettings = {
				ASSETCATALOG_COMPILER_APPICON_NAME = AppIcon;
				CODE_SIGN_IDENTITY = "iPhone Developer";
				CODE_SIGN_STYLE = Automatic;
				DEVELOPMENT_TEAM = WGW75UGN4E;
				INFOPLIST_FILE = OpenSwuNG/Info.plist;
				IPHONEOS_DEPLOYMENT_TARGET = 11.0;
				LD_RUNPATH_SEARCH_PATHS = (
					"$(inherited)",
					"@executable_path/Frameworks",
				);
				PRODUCT_BUNDLE_IDENTIFIER = "SWU-OPENSOURCE.OpenSwuNG2";
				PRODUCT_NAME = "$(TARGET_NAME)";
				TARGETED_DEVICE_FAMILY = "1,2";
			};
			name = Debug;
		};
		4B4B04E5213ECC67008FA20D /* Release */ = {
			isa = XCBuildConfiguration;
			baseConfigurationReference = F8B7907FCE06F2DC1CECC24F /* Pods-OpenSwuNG.release.xcconfig */;
			buildSettings = {
				ASSETCATALOG_COMPILER_APPICON_NAME = AppIcon;
				CODE_SIGN_STYLE = Automatic;
				DEVELOPMENT_TEAM = WGW75UGN4E;
				INFOPLIST_FILE = OpenSwuNG/Info.plist;
				IPHONEOS_DEPLOYMENT_TARGET = 11.0;
				LD_RUNPATH_SEARCH_PATHS = (
					"$(inherited)",
					"@executable_path/Frameworks",
				);
				PRODUCT_BUNDLE_IDENTIFIER = "SWU-OPENSOURCE.OpenSwuNG2";
				PRODUCT_NAME = "$(TARGET_NAME)";
				TARGETED_DEVICE_FAMILY = "1,2";
			};
			name = Release;
		};
/* End XCBuildConfiguration section */

/* Begin XCConfigurationList section */
		4B4B04C8213ECC66008FA20D /* Build configuration list for PBXProject "OpenSwuNG" */ = {
			isa = XCConfigurationList;
			buildConfigurations = (
				4B4B04E1213ECC67008FA20D /* Debug */,
				4B4B04E2213ECC67008FA20D /* Release */,
			);
			defaultConfigurationIsVisible = 0;
			defaultConfigurationName = Release;
		};
		4B4B04E3213ECC67008FA20D /* Build configuration list for PBXNativeTarget "OpenSwuNG" */ = {
			isa = XCConfigurationList;
			buildConfigurations = (
				4B4B04E4213ECC67008FA20D /* Debug */,
				4B4B04E5213ECC67008FA20D /* Release */,
			);
			defaultConfigurationIsVisible = 0;
			defaultConfigurationName = Release;
		};
/* End XCConfigurationList section */
	};
	rootObject = 4B4B04C5213ECC66008FA20D /* Project object */;
}
