// !$*UTF8*$!
{
	archiveVersion = 1;
	classes = {
	};
	objectVersion = 50;
	objects = {

/* Begin PBXBuildFile section */
		4B4B04DA213ECC67008FA20D /* Assets.xcassets in Resources */ = {isa = PBXBuildFile; fileRef = 4B4B04D9213ECC67008FA20D /* Assets.xcassets */; };
		4B4B04DD213ECC67008FA20D /* LaunchScreen.storyboard in Resources */ = {isa = PBXBuildFile; fileRef = 4B4B04DB213ECC67008FA20D /* LaunchScreen.storyboard */; };
		BF0F095B2236A36700CD362E /* SWUHomeScheduleSubview.m in Sources */ = {isa = PBXBuildFile; fileRef = BF0F09522236A36500CD362E /* SWUHomeScheduleSubview.m */; };
		BF0F095C2236A36700CD362E /* SWUHomeSchedule.m in Sources */ = {isa = PBXBuildFile; fileRef = BF0F09542236A36600CD362E /* SWUHomeSchedule.m */; };
		BF0F095D2236A36700CD362E /* SWUHomeBanner.m in Sources */ = {isa = PBXBuildFile; fileRef = BF0F09552236A36600CD362E /* SWUHomeBanner.m */; };
		BF0F095E2236A36700CD362E /* SWUMainButton.m in Sources */ = {isa = PBXBuildFile; fileRef = BF0F09582236A36700CD362E /* SWUMainButton.m */; };
		BF0F09622236A37C00CD362E /* SWUMainModel.m in Sources */ = {isa = PBXBuildFile; fileRef = BF0F09612236A37B00CD362E /* SWUMainModel.m */; };
		BF71B15F221F8FFC00C00868 /* SWUAboutModel.m in Sources */ = {isa = PBXBuildFile; fileRef = BF71B15E221F8FFC00C00868 /* SWUAboutModel.m */; };
		BF71B161221F903000C00868 /* About.plist in Resources */ = {isa = PBXBuildFile; fileRef = BF71B160221F903000C00868 /* About.plist */; };
		BF71B164221F93B900C00868 /* SWUAboutUsViewController.m in Sources */ = {isa = PBXBuildFile; fileRef = BF71B163221F93B900C00868 /* SWUAboutUsViewController.m */; };
		BF71B167221F93D400C00868 /* SWUUpdateLogViewController.m in Sources */ = {isa = PBXBuildFile; fileRef = BF71B166221F93D400C00868 /* SWUUpdateLogViewController.m */; };
		BF75E8CE2218F59B005244C5 /* SWUTabBarController.m in Sources */ = {isa = PBXBuildFile; fileRef = BF75E8B52218F59B005244C5 /* SWUTabBarController.m */; };
		BF75E8CF2218F59B005244C5 /* SWUMainViewController.m in Sources */ = {isa = PBXBuildFile; fileRef = BF75E8BB2218F59B005244C5 /* SWUMainViewController.m */; };
		BF75E8D02218F59B005244C5 /* SWUMineViewController.m in Sources */ = {isa = PBXBuildFile; fileRef = BF75E8C12218F59B005244C5 /* SWUMineViewController.m */; };
		BF75E8D12218F59B005244C5 /* AppDelegate.m in Sources */ = {isa = PBXBuildFile; fileRef = BF75E8C62218F59B005244C5 /* AppDelegate.m */; };
		BF75E8D22218F59B005244C5 /* main.m in Sources */ = {isa = PBXBuildFile; fileRef = BF75E8C72218F59B005244C5 /* main.m */; };
		BF7E68B4221BE1480032422F /* SWUHeaderView.m in Sources */ = {isa = PBXBuildFile; fileRef = BF7E68B2221BE1470032422F /* SWUHeaderView.m */; };
		BF7E68B7221BEB4B0032422F /* SWUMineTableViewCell.m in Sources */ = {isa = PBXBuildFile; fileRef = BF7E68B6221BEB4B0032422F /* SWUMineTableViewCell.m */; };
		BF7E6913221C19D80032422F /* SWUMineModel.m in Sources */ = {isa = PBXBuildFile; fileRef = BF7E6912221C19D80032422F /* SWUMineModel.m */; };
		BF7E6917221C55540032422F /* Mine.plist in Resources */ = {isa = PBXBuildFile; fileRef = BF7E6916221C55540032422F /* Mine.plist */; };
		BF7E691E221CF8010032422F /* SWUAboutViewController.m in Sources */ = {isa = PBXBuildFile; fileRef = BF7E691D221CF8010032422F /* SWUAboutViewController.m */; };
		BF7E6921221D320C0032422F /* SWUAboutHeaderView.m in Sources */ = {isa = PBXBuildFile; fileRef = BF7E6920221D320C0032422F /* SWUAboutHeaderView.m */; };
		BF7E6947221D3C730032422F /* SWUNavigationController.m in Sources */ = {isa = PBXBuildFile; fileRef = BF7E6946221D3C730032422F /* SWUNavigationController.m */; };
		BFA4BE3B22255E06006F674E /* SWUScrollview.m in Sources */ = {isa = PBXBuildFile; fileRef = BFA4BE3A22255E06006F674E /* SWUScrollview.m */; };
		BFA4BE3E22255EE1006F674E /* SWULabel.m in Sources */ = {isa = PBXBuildFile; fileRef = BFA4BE3D22255EE1006F674E /* SWULabel.m */; };
		BFA4BE4122255FDF006F674E /* SWUCollectionViewCell.m in Sources */ = {isa = PBXBuildFile; fileRef = BFA4BE4022255FDF006F674E /* SWUCollectionViewCell.m */; };
		BFA4BE4822256264006F674E /* course.plist in Resources */ = {isa = PBXBuildFile; fileRef = BFA4BE4222256263006F674E /* course.plist */; };
		BFA4BE4922256264006F674E /* Data.m in Sources */ = {isa = PBXBuildFile; fileRef = BFA4BE4522256264006F674E /* Data.m */; };
		BFA4BE4A22256264006F674E /* Weekitem.m in Sources */ = {isa = PBXBuildFile; fileRef = BFA4BE4722256264006F674E /* Weekitem.m */; };
		BFA4BE7622262F66006F674E /* SWUAlertViewController.m in Sources */ = {isa = PBXBuildFile; fileRef = BFA4BE7522262F66006F674E /* SWUAlertViewController.m */; };
		BFA4BE7922267E21006F674E /* SWUNavTitleView.m in Sources */ = {isa = PBXBuildFile; fileRef = BFA4BE7822267E21006F674E /* SWUNavTitleView.m */; };
		BFA4BE7C222697DD006F674E /* SWUScheduleViewController.m in Sources */ = {isa = PBXBuildFile; fileRef = BFA4BE7B222697DD006F674E /* SWUScheduleViewController.m */; };
		BFA4BE7F2226A3C5006F674E /* SWUWeekSelectView.m in Sources */ = {isa = PBXBuildFile; fileRef = BFA4BE7E2226A3C5006F674E /* SWUWeekSelectView.m */; };
		BFA4BE862226D230006F674E /* SWULoginViewController.m in Sources */ = {isa = PBXBuildFile; fileRef = BFA4BE852226D230006F674E /* SWULoginViewController.m */; };
		BFA4BE892226D2A4006F674E /* SWURegisterViewController.m in Sources */ = {isa = PBXBuildFile; fileRef = BFA4BE882226D2A4006F674E /* SWURegisterViewController.m */; };
		BFA4BE8C2226D2E6006F674E /* SWUBindingViewController.m in Sources */ = {isa = PBXBuildFile; fileRef = BFA4BE8B2226D2E6006F674E /* SWUBindingViewController.m */; };
		BFB95C802231169600090BEE /* SWULoginModel.m in Sources */ = {isa = PBXBuildFile; fileRef = BFB95C7F2231169600090BEE /* SWULoginModel.m */; };
		BFB95C8322312D6F00090BEE /* SWUVerificationCodeButton.m in Sources */ = {isa = PBXBuildFile; fileRef = BFB95C8222312D6F00090BEE /* SWUVerificationCodeButton.m */; };
		BFB95CD322323AAB00090BEE /* SWUBindingModel.m in Sources */ = {isa = PBXBuildFile; fileRef = BFB95CD222323AAB00090BEE /* SWUBindingModel.m */; };
		BFB95CD622323D6800090BEE /* SWUAFN.m in Sources */ = {isa = PBXBuildFile; fileRef = BFB95CD522323D6800090BEE /* SWUAFN.m */; };
		BFB95CD922326B6B00090BEE /* SWUScheduleModel.m in Sources */ = {isa = PBXBuildFile; fileRef = BFB95CD822326B6B00090BEE /* SWUScheduleModel.m */; };
		BFB95CE02233931B00090BEE /* NSDate+DistanceOfTimes.m in Sources */ = {isa = PBXBuildFile; fileRef = BFB95CDF2233931B00090BEE /* NSDate+DistanceOfTimes.m */; };
		BFB95CE62233CD8700090BEE /* SWUScoreViewController.m in Sources */ = {isa = PBXBuildFile; fileRef = BFB95CE52233CD8700090BEE /* SWUScoreViewController.m */; };
		BFB95CE92233DED900090BEE /* SWUPointView.m in Sources */ = {isa = PBXBuildFile; fileRef = BFB95CE82233DED900090BEE /* SWUPointView.m */; };
		BFB95CEC2233F77800090BEE /* SWUTotalScoreView.m in Sources */ = {isa = PBXBuildFile; fileRef = BFB95CEB2233F77800090BEE /* SWUTotalScoreView.m */; };
		BFB95CEF2233FCAB00090BEE /* SWUScrollerBackView.m in Sources */ = {isa = PBXBuildFile; fileRef = BFB95CEE2233FCAB00090BEE /* SWUScrollerBackView.m */; };
		BFB95CF422340EA600090BEE /* SWUScoreModel.m in Sources */ = {isa = PBXBuildFile; fileRef = BFB95CF322340EA600090BEE /* SWUScoreModel.m */; };
		BFB95CF72234A6DB00090BEE /* SWUScoreHeaderView.m in Sources */ = {isa = PBXBuildFile; fileRef = BFB95CF62234A6DB00090BEE /* SWUScoreHeaderView.m */; };
		BFB95CFA2234ABBC00090BEE /* SWUScoreCell.m in Sources */ = {isa = PBXBuildFile; fileRef = BFB95CF92234ABBC00090BEE /* SWUScoreCell.m */; };
		BFB95CFD2235493C00090BEE /* SWUPickerView.m in Sources */ = {isa = PBXBuildFile; fileRef = BFB95CFC2235493C00090BEE /* SWUPickerView.m */; };
		BFB95D2222354FC800090BEE /* NSDate+PickerView.m in Sources */ = {isa = PBXBuildFile; fileRef = BFB95D2122354FC800090BEE /* NSDate+PickerView.m */; };
		BFD47F6F22222435000AED18 /* UIBarButtonItem+Item.m in Sources */ = {isa = PBXBuildFile; fileRef = BFD47F6D22222435000AED18 /* UIBarButtonItem+Item.m */; };
		BFF9ADA122280A9C00B10767 /* SWUTextField.m in Sources */ = {isa = PBXBuildFile; fileRef = BFF9ADA022280A9C00B10767 /* SWUTextField.m */; };
		BFF9ADA422281BB700B10767 /* UIButton+Login.m in Sources */ = {isa = PBXBuildFile; fileRef = BFF9ADA322281BB700B10767 /* UIButton+Login.m */; };
		BFF9ADFA22296FDE00B10767 /* SWUForgetPwdViewController.m in Sources */ = {isa = PBXBuildFile; fileRef = BFF9ADF922296FDE00B10767 /* SWUForgetPwdViewController.m */; };
		BFF9ADFD222A321E00B10767 /* SWULoginLabel.m in Sources */ = {isa = PBXBuildFile; fileRef = BFF9ADFC222A321E00B10767 /* SWULoginLabel.m */; };
		DC09C91A2C60A4222D2326BA /* libPods-OpenSwuNG.a in Frameworks */ = {isa = PBXBuildFile; fileRef = 055E4E42096CDE36E1746EE7 /* libPods-OpenSwuNG.a */; };
/* End PBXBuildFile section */

/* Begin PBXFileReference section */
		055E4E42096CDE36E1746EE7 /* libPods-OpenSwuNG.a */ = {isa = PBXFileReference; explicitFileType = archive.ar; includeInIndex = 0; path = "libPods-OpenSwuNG.a"; sourceTree = BUILT_PRODUCTS_DIR; };
		4B4B04CD213ECC66008FA20D /* OpenSwuNG.app */ = {isa = PBXFileReference; explicitFileType = wrapper.application; includeInIndex = 0; path = OpenSwuNG.app; sourceTree = BUILT_PRODUCTS_DIR; };
		4B4B04D9213ECC67008FA20D /* Assets.xcassets */ = {isa = PBXFileReference; lastKnownFileType = folder.assetcatalog; path = Assets.xcassets; sourceTree = "<group>"; };
		4B4B04DC213ECC67008FA20D /* Base */ = {isa = PBXFileReference; lastKnownFileType = file.storyboard; name = Base; path = Base.lproj/LaunchScreen.storyboard; sourceTree = "<group>"; };
		4B4B04DE213ECC67008FA20D /* Info.plist */ = {isa = PBXFileReference; lastKnownFileType = text.plist.xml; path = Info.plist; sourceTree = "<group>"; };
		BF0F09512236A36500CD362E /* SWUHomeBanner.h */ = {isa = PBXFileReference; fileEncoding = 4; lastKnownFileType = sourcecode.c.h; path = SWUHomeBanner.h; sourceTree = "<group>"; };
		BF0F09522236A36500CD362E /* SWUHomeScheduleSubview.m */ = {isa = PBXFileReference; fileEncoding = 4; lastKnownFileType = sourcecode.c.objc; path = SWUHomeScheduleSubview.m; sourceTree = "<group>"; };
		BF0F09532236A36500CD362E /* SWUHomeSchedule.h */ = {isa = PBXFileReference; fileEncoding = 4; lastKnownFileType = sourcecode.c.h; path = SWUHomeSchedule.h; sourceTree = "<group>"; };
		BF0F09542236A36600CD362E /* SWUHomeSchedule.m */ = {isa = PBXFileReference; fileEncoding = 4; lastKnownFileType = sourcecode.c.objc; path = SWUHomeSchedule.m; sourceTree = "<group>"; };
		BF0F09552236A36600CD362E /* SWUHomeBanner.m */ = {isa = PBXFileReference; fileEncoding = 4; lastKnownFileType = sourcecode.c.objc; path = SWUHomeBanner.m; sourceTree = "<group>"; };
		BF0F09562236A36600CD362E /* SWUHomeScheduleSubview.h */ = {isa = PBXFileReference; fileEncoding = 4; lastKnownFileType = sourcecode.c.h; path = SWUHomeScheduleSubview.h; sourceTree = "<group>"; };
		BF0F09582236A36700CD362E /* SWUMainButton.m */ = {isa = PBXFileReference; fileEncoding = 4; lastKnownFileType = sourcecode.c.objc; path = SWUMainButton.m; sourceTree = "<group>"; };
		BF0F095A2236A36700CD362E /* SWUMainButton.h */ = {isa = PBXFileReference; fileEncoding = 4; lastKnownFileType = sourcecode.c.h; path = SWUMainButton.h; sourceTree = "<group>"; };
		BF0F09602236A37B00CD362E /* SWUMainModel.h */ = {isa = PBXFileReference; fileEncoding = 4; lastKnownFileType = sourcecode.c.h; path = SWUMainModel.h; sourceTree = "<group>"; };
		BF0F09612236A37B00CD362E /* SWUMainModel.m */ = {isa = PBXFileReference; fileEncoding = 4; lastKnownFileType = sourcecode.c.objc; path = SWUMainModel.m; sourceTree = "<group>"; };
		BF71B15D221F8FFC00C00868 /* SWUAboutModel.h */ = {isa = PBXFileReference; lastKnownFileType = sourcecode.c.h; path = SWUAboutModel.h; sourceTree = "<group>"; };
		BF71B15E221F8FFC00C00868 /* SWUAboutModel.m */ = {isa = PBXFileReference; lastKnownFileType = sourcecode.c.objc; path = SWUAboutModel.m; sourceTree = "<group>"; };
		BF71B160221F903000C00868 /* About.plist */ = {isa = PBXFileReference; fileEncoding = 4; lastKnownFileType = text.plist.xml; path = About.plist; sourceTree = "<group>"; };
		BF71B162221F93B900C00868 /* SWUAboutUsViewController.h */ = {isa = PBXFileReference; lastKnownFileType = sourcecode.c.h; path = SWUAboutUsViewController.h; sourceTree = "<group>"; };
		BF71B163221F93B900C00868 /* SWUAboutUsViewController.m */ = {isa = PBXFileReference; lastKnownFileType = sourcecode.c.objc; path = SWUAboutUsViewController.m; sourceTree = "<group>"; };
		BF71B165221F93D400C00868 /* SWUUpdateLogViewController.h */ = {isa = PBXFileReference; lastKnownFileType = sourcecode.c.h; path = SWUUpdateLogViewController.h; sourceTree = "<group>"; };
		BF71B166221F93D400C00868 /* SWUUpdateLogViewController.m */ = {isa = PBXFileReference; lastKnownFileType = sourcecode.c.objc; path = SWUUpdateLogViewController.m; sourceTree = "<group>"; };
		BF75E8B42218F59B005244C5 /* SWUTabBarController.h */ = {isa = PBXFileReference; fileEncoding = 4; lastKnownFileType = sourcecode.c.h; path = SWUTabBarController.h; sourceTree = "<group>"; };
		BF75E8B52218F59B005244C5 /* SWUTabBarController.m */ = {isa = PBXFileReference; fileEncoding = 4; lastKnownFileType = sourcecode.c.objc; path = SWUTabBarController.m; sourceTree = "<group>"; };
		BF75E8BA2218F59B005244C5 /* SWUMainViewController.h */ = {isa = PBXFileReference; fileEncoding = 4; lastKnownFileType = sourcecode.c.h; path = SWUMainViewController.h; sourceTree = "<group>"; };
		BF75E8BB2218F59B005244C5 /* SWUMainViewController.m */ = {isa = PBXFileReference; fileEncoding = 4; lastKnownFileType = sourcecode.c.objc; path = SWUMainViewController.m; sourceTree = "<group>"; };
		BF75E8C02218F59B005244C5 /* SWUMineViewController.h */ = {isa = PBXFileReference; fileEncoding = 4; lastKnownFileType = sourcecode.c.h; path = SWUMineViewController.h; sourceTree = "<group>"; };
		BF75E8C12218F59B005244C5 /* SWUMineViewController.m */ = {isa = PBXFileReference; fileEncoding = 4; lastKnownFileType = sourcecode.c.objc; path = SWUMineViewController.m; sourceTree = "<group>"; };
		BF75E8C52218F59B005244C5 /* AppDelegate.h */ = {isa = PBXFileReference; fileEncoding = 4; lastKnownFileType = sourcecode.c.h; path = AppDelegate.h; sourceTree = "<group>"; };
		BF75E8C62218F59B005244C5 /* AppDelegate.m */ = {isa = PBXFileReference; fileEncoding = 4; lastKnownFileType = sourcecode.c.objc; path = AppDelegate.m; sourceTree = "<group>"; };
		BF75E8C72218F59B005244C5 /* main.m */ = {isa = PBXFileReference; fileEncoding = 4; lastKnownFileType = sourcecode.c.objc; path = main.m; sourceTree = "<group>"; };
		BF7E68B2221BE1470032422F /* SWUHeaderView.m */ = {isa = PBXFileReference; fileEncoding = 4; lastKnownFileType = sourcecode.c.objc; path = SWUHeaderView.m; sourceTree = "<group>"; };
		BF7E68B3221BE1480032422F /* SWUHeaderView.h */ = {isa = PBXFileReference; fileEncoding = 4; lastKnownFileType = sourcecode.c.h; path = SWUHeaderView.h; sourceTree = "<group>"; };
		BF7E68B5221BEB4B0032422F /* SWUMineTableViewCell.h */ = {isa = PBXFileReference; lastKnownFileType = sourcecode.c.h; path = SWUMineTableViewCell.h; sourceTree = "<group>"; };
		BF7E68B6221BEB4B0032422F /* SWUMineTableViewCell.m */ = {isa = PBXFileReference; lastKnownFileType = sourcecode.c.objc; path = SWUMineTableViewCell.m; sourceTree = "<group>"; };
		BF7E6911221C19D80032422F /* SWUMineModel.h */ = {isa = PBXFileReference; fileEncoding = 4; lastKnownFileType = sourcecode.c.h; path = SWUMineModel.h; sourceTree = "<group>"; };
		BF7E6912221C19D80032422F /* SWUMineModel.m */ = {isa = PBXFileReference; fileEncoding = 4; lastKnownFileType = sourcecode.c.objc; path = SWUMineModel.m; sourceTree = "<group>"; };
		BF7E6916221C55540032422F /* Mine.plist */ = {isa = PBXFileReference; fileEncoding = 4; lastKnownFileType = text.plist.xml; path = Mine.plist; sourceTree = "<group>"; };
		BF7E691C221CF8010032422F /* SWUAboutViewController.h */ = {isa = PBXFileReference; lastKnownFileType = sourcecode.c.h; path = SWUAboutViewController.h; sourceTree = "<group>"; };
		BF7E691D221CF8010032422F /* SWUAboutViewController.m */ = {isa = PBXFileReference; lastKnownFileType = sourcecode.c.objc; path = SWUAboutViewController.m; sourceTree = "<group>"; };
		BF7E691F221D320C0032422F /* SWUAboutHeaderView.h */ = {isa = PBXFileReference; lastKnownFileType = sourcecode.c.h; path = SWUAboutHeaderView.h; sourceTree = "<group>"; };
		BF7E6920221D320C0032422F /* SWUAboutHeaderView.m */ = {isa = PBXFileReference; lastKnownFileType = sourcecode.c.objc; path = SWUAboutHeaderView.m; sourceTree = "<group>"; };
		BF7E6945221D3C730032422F /* SWUNavigationController.h */ = {isa = PBXFileReference; lastKnownFileType = sourcecode.c.h; path = SWUNavigationController.h; sourceTree = "<group>"; };
		BF7E6946221D3C730032422F /* SWUNavigationController.m */ = {isa = PBXFileReference; lastKnownFileType = sourcecode.c.objc; path = SWUNavigationController.m; sourceTree = "<group>"; };
		BFA4BE3922255E06006F674E /* SWUScrollview.h */ = {isa = PBXFileReference; lastKnownFileType = sourcecode.c.h; path = SWUScrollview.h; sourceTree = "<group>"; };
		BFA4BE3A22255E06006F674E /* SWUScrollview.m */ = {isa = PBXFileReference; lastKnownFileType = sourcecode.c.objc; path = SWUScrollview.m; sourceTree = "<group>"; };
		BFA4BE3C22255EE1006F674E /* SWULabel.h */ = {isa = PBXFileReference; fileEncoding = 4; lastKnownFileType = sourcecode.c.h; path = SWULabel.h; sourceTree = "<group>"; };
		BFA4BE3D22255EE1006F674E /* SWULabel.m */ = {isa = PBXFileReference; fileEncoding = 4; lastKnownFileType = sourcecode.c.objc; path = SWULabel.m; sourceTree = "<group>"; };
		BFA4BE3F22255FDF006F674E /* SWUCollectionViewCell.h */ = {isa = PBXFileReference; lastKnownFileType = sourcecode.c.h; path = SWUCollectionViewCell.h; sourceTree = "<group>"; };
		BFA4BE4022255FDF006F674E /* SWUCollectionViewCell.m */ = {isa = PBXFileReference; lastKnownFileType = sourcecode.c.objc; path = SWUCollectionViewCell.m; sourceTree = "<group>"; };
		BFA4BE4222256263006F674E /* course.plist */ = {isa = PBXFileReference; fileEncoding = 4; lastKnownFileType = text.plist.xml; path = course.plist; sourceTree = "<group>"; };
		BFA4BE4422256264006F674E /* Data.h */ = {isa = PBXFileReference; fileEncoding = 4; lastKnownFileType = sourcecode.c.h; path = Data.h; sourceTree = "<group>"; };
		BFA4BE4522256264006F674E /* Data.m */ = {isa = PBXFileReference; fileEncoding = 4; lastKnownFileType = sourcecode.c.objc; path = Data.m; sourceTree = "<group>"; };
		BFA4BE4622256264006F674E /* Weekitem.h */ = {isa = PBXFileReference; fileEncoding = 4; lastKnownFileType = sourcecode.c.h; path = Weekitem.h; sourceTree = "<group>"; };
		BFA4BE4722256264006F674E /* Weekitem.m */ = {isa = PBXFileReference; fileEncoding = 4; lastKnownFileType = sourcecode.c.objc; path = Weekitem.m; sourceTree = "<group>"; };
		BFA4BE732226070D006F674E /* Constants.h */ = {isa = PBXFileReference; lastKnownFileType = sourcecode.c.h; path = Constants.h; sourceTree = "<group>"; };
		BFA4BE7422262F66006F674E /* SWUAlertViewController.h */ = {isa = PBXFileReference; lastKnownFileType = sourcecode.c.h; name = SWUAlertViewController.h; path = OpenSwuNG/Classes/Schedule/Controller/SWUAlertViewController.h; sourceTree = SOURCE_ROOT; };
		BFA4BE7522262F66006F674E /* SWUAlertViewController.m */ = {isa = PBXFileReference; lastKnownFileType = sourcecode.c.objc; name = SWUAlertViewController.m; path = OpenSwuNG/Classes/Schedule/Controller/SWUAlertViewController.m; sourceTree = SOURCE_ROOT; };
		BFA4BE7722267E21006F674E /* SWUNavTitleView.h */ = {isa = PBXFileReference; lastKnownFileType = sourcecode.c.h; path = SWUNavTitleView.h; sourceTree = "<group>"; };
		BFA4BE7822267E21006F674E /* SWUNavTitleView.m */ = {isa = PBXFileReference; lastKnownFileType = sourcecode.c.objc; path = SWUNavTitleView.m; sourceTree = "<group>"; };
		BFA4BE7A222697DD006F674E /* SWUScheduleViewController.h */ = {isa = PBXFileReference; lastKnownFileType = sourcecode.c.h; path = SWUScheduleViewController.h; sourceTree = "<group>"; };
		BFA4BE7B222697DD006F674E /* SWUScheduleViewController.m */ = {isa = PBXFileReference; lastKnownFileType = sourcecode.c.objc; path = SWUScheduleViewController.m; sourceTree = "<group>"; };
		BFA4BE7D2226A3C5006F674E /* SWUWeekSelectView.h */ = {isa = PBXFileReference; lastKnownFileType = sourcecode.c.h; path = SWUWeekSelectView.h; sourceTree = "<group>"; };
		BFA4BE7E2226A3C5006F674E /* SWUWeekSelectView.m */ = {isa = PBXFileReference; lastKnownFileType = sourcecode.c.objc; path = SWUWeekSelectView.m; sourceTree = "<group>"; };
		BFA4BE842226D230006F674E /* SWULoginViewController.h */ = {isa = PBXFileReference; lastKnownFileType = sourcecode.c.h; path = SWULoginViewController.h; sourceTree = "<group>"; };
		BFA4BE852226D230006F674E /* SWULoginViewController.m */ = {isa = PBXFileReference; lastKnownFileType = sourcecode.c.objc; path = SWULoginViewController.m; sourceTree = "<group>"; };
		BFA4BE872226D2A4006F674E /* SWURegisterViewController.h */ = {isa = PBXFileReference; lastKnownFileType = sourcecode.c.h; path = SWURegisterViewController.h; sourceTree = "<group>"; };
		BFA4BE882226D2A4006F674E /* SWURegisterViewController.m */ = {isa = PBXFileReference; lastKnownFileType = sourcecode.c.objc; path = SWURegisterViewController.m; sourceTree = "<group>"; };
		BFA4BE8A2226D2E6006F674E /* SWUBindingViewController.h */ = {isa = PBXFileReference; lastKnownFileType = sourcecode.c.h; path = SWUBindingViewController.h; sourceTree = "<group>"; };
		BFA4BE8B2226D2E6006F674E /* SWUBindingViewController.m */ = {isa = PBXFileReference; lastKnownFileType = sourcecode.c.objc; path = SWUBindingViewController.m; sourceTree = "<group>"; };
		BFB95C7E2231169600090BEE /* SWULoginModel.h */ = {isa = PBXFileReference; lastKnownFileType = sourcecode.c.h; path = SWULoginModel.h; sourceTree = "<group>"; };
		BFB95C7F2231169600090BEE /* SWULoginModel.m */ = {isa = PBXFileReference; lastKnownFileType = sourcecode.c.objc; path = SWULoginModel.m; sourceTree = "<group>"; };
		BFB95C8122312D6F00090BEE /* SWUVerificationCodeButton.h */ = {isa = PBXFileReference; lastKnownFileType = sourcecode.c.h; path = SWUVerificationCodeButton.h; sourceTree = "<group>"; };
		BFB95C8222312D6F00090BEE /* SWUVerificationCodeButton.m */ = {isa = PBXFileReference; lastKnownFileType = sourcecode.c.objc; path = SWUVerificationCodeButton.m; sourceTree = "<group>"; };
		BFB95CD122323AAB00090BEE /* SWUBindingModel.h */ = {isa = PBXFileReference; lastKnownFileType = sourcecode.c.h; path = SWUBindingModel.h; sourceTree = "<group>"; };
		BFB95CD222323AAB00090BEE /* SWUBindingModel.m */ = {isa = PBXFileReference; lastKnownFileType = sourcecode.c.objc; path = SWUBindingModel.m; sourceTree = "<group>"; };
		BFB95CD422323D6800090BEE /* SWUAFN.h */ = {isa = PBXFileReference; lastKnownFileType = sourcecode.c.h; path = SWUAFN.h; sourceTree = "<group>"; };
		BFB95CD522323D6800090BEE /* SWUAFN.m */ = {isa = PBXFileReference; lastKnownFileType = sourcecode.c.objc; path = SWUAFN.m; sourceTree = "<group>"; };
		BFB95CD722326B6B00090BEE /* SWUScheduleModel.h */ = {isa = PBXFileReference; lastKnownFileType = sourcecode.c.h; path = SWUScheduleModel.h; sourceTree = "<group>"; };
		BFB95CD822326B6B00090BEE /* SWUScheduleModel.m */ = {isa = PBXFileReference; lastKnownFileType = sourcecode.c.objc; path = SWUScheduleModel.m; sourceTree = "<group>"; };
		BFB95CDE2233931B00090BEE /* NSDate+DistanceOfTimes.h */ = {isa = PBXFileReference; lastKnownFileType = sourcecode.c.h; path = "NSDate+DistanceOfTimes.h"; sourceTree = "<group>"; };
		BFB95CDF2233931B00090BEE /* NSDate+DistanceOfTimes.m */ = {isa = PBXFileReference; lastKnownFileType = sourcecode.c.objc; path = "NSDate+DistanceOfTimes.m"; sourceTree = "<group>"; };
		BFB95CE42233CD8700090BEE /* SWUScoreViewController.h */ = {isa = PBXFileReference; lastKnownFileType = sourcecode.c.h; path = SWUScoreViewController.h; sourceTree = "<group>"; };
		BFB95CE52233CD8700090BEE /* SWUScoreViewController.m */ = {isa = PBXFileReference; lastKnownFileType = sourcecode.c.objc; path = SWUScoreViewController.m; sourceTree = "<group>"; };
		BFB95CE72233DED900090BEE /* SWUPointView.h */ = {isa = PBXFileReference; lastKnownFileType = sourcecode.c.h; path = SWUPointView.h; sourceTree = "<group>"; };
		BFB95CE82233DED900090BEE /* SWUPointView.m */ = {isa = PBXFileReference; lastKnownFileType = sourcecode.c.objc; path = SWUPointView.m; sourceTree = "<group>"; };
		BFB95CEA2233F77800090BEE /* SWUTotalScoreView.h */ = {isa = PBXFileReference; lastKnownFileType = sourcecode.c.h; path = SWUTotalScoreView.h; sourceTree = "<group>"; };
		BFB95CEB2233F77800090BEE /* SWUTotalScoreView.m */ = {isa = PBXFileReference; lastKnownFileType = sourcecode.c.objc; path = SWUTotalScoreView.m; sourceTree = "<group>"; };
		BFB95CED2233FCAB00090BEE /* SWUScrollerBackView.h */ = {isa = PBXFileReference; lastKnownFileType = sourcecode.c.h; path = SWUScrollerBackView.h; sourceTree = "<group>"; };
		BFB95CEE2233FCAB00090BEE /* SWUScrollerBackView.m */ = {isa = PBXFileReference; lastKnownFileType = sourcecode.c.objc; path = SWUScrollerBackView.m; sourceTree = "<group>"; };
		BFB95CF222340EA600090BEE /* SWUScoreModel.h */ = {isa = PBXFileReference; lastKnownFileType = sourcecode.c.h; path = SWUScoreModel.h; sourceTree = "<group>"; };
		BFB95CF322340EA600090BEE /* SWUScoreModel.m */ = {isa = PBXFileReference; lastKnownFileType = sourcecode.c.objc; path = SWUScoreModel.m; sourceTree = "<group>"; };
		BFB95CF52234A6DB00090BEE /* SWUScoreHeaderView.h */ = {isa = PBXFileReference; lastKnownFileType = sourcecode.c.h; path = SWUScoreHeaderView.h; sourceTree = "<group>"; };
		BFB95CF62234A6DB00090BEE /* SWUScoreHeaderView.m */ = {isa = PBXFileReference; lastKnownFileType = sourcecode.c.objc; path = SWUScoreHeaderView.m; sourceTree = "<group>"; };
		BFB95CF82234ABBC00090BEE /* SWUScoreCell.h */ = {isa = PBXFileReference; lastKnownFileType = sourcecode.c.h; path = SWUScoreCell.h; sourceTree = "<group>"; };
		BFB95CF92234ABBC00090BEE /* SWUScoreCell.m */ = {isa = PBXFileReference; lastKnownFileType = sourcecode.c.objc; path = SWUScoreCell.m; sourceTree = "<group>"; };
		BFB95CFB2235493C00090BEE /* SWUPickerView.h */ = {isa = PBXFileReference; lastKnownFileType = sourcecode.c.h; path = SWUPickerView.h; sourceTree = "<group>"; };
		BFB95CFC2235493C00090BEE /* SWUPickerView.m */ = {isa = PBXFileReference; lastKnownFileType = sourcecode.c.objc; path = SWUPickerView.m; sourceTree = "<group>"; };
		BFB95D2022354FC800090BEE /* NSDate+PickerView.h */ = {isa = PBXFileReference; lastKnownFileType = sourcecode.c.h; path = "NSDate+PickerView.h"; sourceTree = "<group>"; };
		BFB95D2122354FC800090BEE /* NSDate+PickerView.m */ = {isa = PBXFileReference; lastKnownFileType = sourcecode.c.objc; path = "NSDate+PickerView.m"; sourceTree = "<group>"; };
		BFD47F6D22222435000AED18 /* UIBarButtonItem+Item.m */ = {isa = PBXFileReference; fileEncoding = 4; lastKnownFileType = sourcecode.c.objc; path = "UIBarButtonItem+Item.m"; sourceTree = "<group>"; };
		BFD47F6E22222435000AED18 /* UIBarButtonItem+Item.h */ = {isa = PBXFileReference; fileEncoding = 4; lastKnownFileType = sourcecode.c.h; path = "UIBarButtonItem+Item.h"; sourceTree = "<group>"; };
		BFF9AD9F22280A9C00B10767 /* SWUTextField.h */ = {isa = PBXFileReference; lastKnownFileType = sourcecode.c.h; path = SWUTextField.h; sourceTree = "<group>"; };
		BFF9ADA022280A9C00B10767 /* SWUTextField.m */ = {isa = PBXFileReference; lastKnownFileType = sourcecode.c.objc; path = SWUTextField.m; sourceTree = "<group>"; };
		BFF9ADA222281BB700B10767 /* UIButton+Login.h */ = {isa = PBXFileReference; lastKnownFileType = sourcecode.c.h; path = "UIButton+Login.h"; sourceTree = "<group>"; };
		BFF9ADA322281BB700B10767 /* UIButton+Login.m */ = {isa = PBXFileReference; lastKnownFileType = sourcecode.c.objc; path = "UIButton+Login.m"; sourceTree = "<group>"; };
		BFF9ADF822296FDE00B10767 /* SWUForgetPwdViewController.h */ = {isa = PBXFileReference; lastKnownFileType = sourcecode.c.h; path = SWUForgetPwdViewController.h; sourceTree = "<group>"; };
		BFF9ADF922296FDE00B10767 /* SWUForgetPwdViewController.m */ = {isa = PBXFileReference; lastKnownFileType = sourcecode.c.objc; path = SWUForgetPwdViewController.m; sourceTree = "<group>"; };
		BFF9ADFB222A321E00B10767 /* SWULoginLabel.h */ = {isa = PBXFileReference; lastKnownFileType = sourcecode.c.h; path = SWULoginLabel.h; sourceTree = "<group>"; };
		BFF9ADFC222A321E00B10767 /* SWULoginLabel.m */ = {isa = PBXFileReference; lastKnownFileType = sourcecode.c.objc; path = SWULoginLabel.m; sourceTree = "<group>"; };
		CD0B42B6BB2805C5D6295880 /* Pods-OpenSwuNG.debug.xcconfig */ = {isa = PBXFileReference; includeInIndex = 1; lastKnownFileType = text.xcconfig; name = "Pods-OpenSwuNG.debug.xcconfig"; path = "Pods/Target Support Files/Pods-OpenSwuNG/Pods-OpenSwuNG.debug.xcconfig"; sourceTree = "<group>"; };
		F8B7907FCE06F2DC1CECC24F /* Pods-OpenSwuNG.release.xcconfig */ = {isa = PBXFileReference; includeInIndex = 1; lastKnownFileType = text.xcconfig; name = "Pods-OpenSwuNG.release.xcconfig"; path = "Pods/Target Support Files/Pods-OpenSwuNG/Pods-OpenSwuNG.release.xcconfig"; sourceTree = "<group>"; };
/* End PBXFileReference section */

/* Begin PBXFrameworksBuildPhase section */
		4B4B04CA213ECC66008FA20D /* Frameworks */ = {
			isa = PBXFrameworksBuildPhase;
			buildActionMask = 2147483647;
			files = (
				DC09C91A2C60A4222D2326BA /* libPods-OpenSwuNG.a in Frameworks */,
			);
			runOnlyForDeploymentPostprocessing = 0;
		};
/* End PBXFrameworksBuildPhase section */

/* Begin PBXGroup section */
		28EF1B5D3E93E805818CEC18 /* Pods */ = {
			isa = PBXGroup;
			children = (
				CD0B42B6BB2805C5D6295880 /* Pods-OpenSwuNG.debug.xcconfig */,
				F8B7907FCE06F2DC1CECC24F /* Pods-OpenSwuNG.release.xcconfig */,
			);
			name = Pods;
			sourceTree = "<group>";
		};
		4B4B04C4213ECC66008FA20D = {
			isa = PBXGroup;
			children = (
				4B4B04CF213ECC66008FA20D /* OpenSwuNG */,
				4B4B04CE213ECC66008FA20D /* Products */,
				28EF1B5D3E93E805818CEC18 /* Pods */,
				8A1F23BCE7A3E2F4677BF21D /* Frameworks */,
			);
			sourceTree = "<group>";
		};
		4B4B04CE213ECC66008FA20D /* Products */ = {
			isa = PBXGroup;
			children = (
				4B4B04CD213ECC66008FA20D /* OpenSwuNG.app */,
			);
			name = Products;
			sourceTree = "<group>";
		};
		4B4B04CF213ECC66008FA20D /* OpenSwuNG */ = {
			isa = PBXGroup;
			children = (
				BF75E8B12218F59B005244C5 /* Classes */,
				4B4B04DB213ECC67008FA20D /* LaunchScreen.storyboard */,
				4B4B04D9213ECC67008FA20D /* Assets.xcassets */,
				4B4B04DE213ECC67008FA20D /* Info.plist */,
			);
			path = OpenSwuNG;
			sourceTree = "<group>";
		};
		8A1F23BCE7A3E2F4677BF21D /* Frameworks */ = {
			isa = PBXGroup;
			children = (
				055E4E42096CDE36E1746EE7 /* libPods-OpenSwuNG.a */,
			);
			name = Frameworks;
			sourceTree = "<group>";
		};
		BF75E8B12218F59B005244C5 /* Classes */ = {
			isa = PBXGroup;
			children = (
				BFA4BE802226D1A3006F674E /* Login */,
				BF7E6918221C5B5D0032422F /* About */,
				BF75E8B22218F59B005244C5 /* Main */,
				BF75E8B82218F59B005244C5 /* Home */,
				BF75E8BE2218F59B005244C5 /* Mine */,
				BF75E8C82218F59B005244C5 /* Schedule */,
				BF75E8C42218F59B005244C5 /* Other */,
				BFA4BE732226070D006F674E /* Constants.h */,
			);
			path = Classes;
			sourceTree = "<group>";
		};
		BF75E8B22218F59B005244C5 /* Main */ = {
			isa = PBXGroup;
			children = (
				BF75E8B32218F59B005244C5 /* Controller */,
				BF75E8B62218F59B005244C5 /* Model */,
				BF75E8B72218F59B005244C5 /* View */,
			);
			path = Main;
			sourceTree = "<group>";
		};
		BF75E8B32218F59B005244C5 /* Controller */ = {
			isa = PBXGroup;
			children = (
				BF75E8B42218F59B005244C5 /* SWUTabBarController.h */,
				BF75E8B52218F59B005244C5 /* SWUTabBarController.m */,
				BF7E6945221D3C730032422F /* SWUNavigationController.h */,
				BF7E6946221D3C730032422F /* SWUNavigationController.m */,
			);
			path = Controller;
			sourceTree = "<group>";
		};
		BF75E8B62218F59B005244C5 /* Model */ = {
			isa = PBXGroup;
			children = (
			);
			path = Model;
			sourceTree = "<group>";
		};
		BF75E8B72218F59B005244C5 /* View */ = {
			isa = PBXGroup;
			children = (
			);
			path = View;
			sourceTree = "<group>";
		};
		BF75E8B82218F59B005244C5 /* Home */ = {
			isa = PBXGroup;
			children = (
				BF75E8B92218F59B005244C5 /* Controller */,
				BF75E8BC2218F59B005244C5 /* Model */,
				BF75E8BD2218F59B005244C5 /* View */,
			);
			path = Home;
			sourceTree = "<group>";
		};
		BF75E8B92218F59B005244C5 /* Controller */ = {
			isa = PBXGroup;
			children = (
				BF75E8BA2218F59B005244C5 /* SWUMainViewController.h */,
				BF75E8BB2218F59B005244C5 /* SWUMainViewController.m */,
				BFB95CE42233CD8700090BEE /* SWUScoreViewController.h */,
				BFB95CE52233CD8700090BEE /* SWUScoreViewController.m */,
			);
			path = Controller;
			sourceTree = "<group>";
		};
		BF75E8BC2218F59B005244C5 /* Model */ = {
			isa = PBXGroup;
			children = (
				BF0F09602236A37B00CD362E /* SWUMainModel.h */,
				BF0F09612236A37B00CD362E /* SWUMainModel.m */,
				BFB95CF222340EA600090BEE /* SWUScoreModel.h */,
				BFB95CF322340EA600090BEE /* SWUScoreModel.m */,
			);
			path = Model;
			sourceTree = "<group>";
		};
		BF75E8BD2218F59B005244C5 /* View */ = {
			isa = PBXGroup;
			children = (
				BF0F09512236A36500CD362E /* SWUHomeBanner.h */,
				BF0F09552236A36600CD362E /* SWUHomeBanner.m */,
				BF0F09532236A36500CD362E /* SWUHomeSchedule.h */,
				BF0F09542236A36600CD362E /* SWUHomeSchedule.m */,
				BF0F09562236A36600CD362E /* SWUHomeScheduleSubview.h */,
				BF0F09522236A36500CD362E /* SWUHomeScheduleSubview.m */,
				BF0F095A2236A36700CD362E /* SWUMainButton.h */,
				BF0F09582236A36700CD362E /* SWUMainButton.m */,
				BFB95CE72233DED900090BEE /* SWUPointView.h */,
				BFB95CE82233DED900090BEE /* SWUPointView.m */,
				BFB95CEA2233F77800090BEE /* SWUTotalScoreView.h */,
				BFB95CEB2233F77800090BEE /* SWUTotalScoreView.m */,
				BFB95CED2233FCAB00090BEE /* SWUScrollerBackView.h */,
				BFB95CEE2233FCAB00090BEE /* SWUScrollerBackView.m */,
				BFB95CF52234A6DB00090BEE /* SWUScoreHeaderView.h */,
				BFB95CF62234A6DB00090BEE /* SWUScoreHeaderView.m */,
				BFB95CF82234ABBC00090BEE /* SWUScoreCell.h */,
				BFB95CF92234ABBC00090BEE /* SWUScoreCell.m */,
				BFB95CFB2235493C00090BEE /* SWUPickerView.h */,
				BFB95CFC2235493C00090BEE /* SWUPickerView.m */,
			);
			path = View;
			sourceTree = "<group>";
		};
		BF75E8BE2218F59B005244C5 /* Mine */ = {
			isa = PBXGroup;
			children = (
				BF7E6916221C55540032422F /* Mine.plist */,
				BF7E6910221C19D80032422F /* Model */,
				BF75E8BF2218F59B005244C5 /* Controller */,
				BF75E8C32218F59B005244C5 /* View */,
			);
			path = Mine;
			sourceTree = "<group>";
		};
		BF75E8BF2218F59B005244C5 /* Controller */ = {
			isa = PBXGroup;
			children = (
				BFA4BE8A2226D2E6006F674E /* SWUBindingViewController.h */,
				BFA4BE8B2226D2E6006F674E /* SWUBindingViewController.m */,
				BF75E8C02218F59B005244C5 /* SWUMineViewController.h */,
				BF75E8C12218F59B005244C5 /* SWUMineViewController.m */,
			);
			path = Controller;
			sourceTree = "<group>";
		};
		BF75E8C32218F59B005244C5 /* View */ = {
			isa = PBXGroup;
			children = (
				BF7E68B3221BE1480032422F /* SWUHeaderView.h */,
				BF7E68B2221BE1470032422F /* SWUHeaderView.m */,
				BF7E68B5221BEB4B0032422F /* SWUMineTableViewCell.h */,
				BF7E68B6221BEB4B0032422F /* SWUMineTableViewCell.m */,
			);
			path = View;
			sourceTree = "<group>";
		};
		BF75E8C42218F59B005244C5 /* Other */ = {
			isa = PBXGroup;
			children = (
				BFD47F6C222223E6000AED18 /* Category */,
				BF75E8C52218F59B005244C5 /* AppDelegate.h */,
				BF75E8C62218F59B005244C5 /* AppDelegate.m */,
				BF75E8C72218F59B005244C5 /* main.m */,
				BFB95CD422323D6800090BEE /* SWUAFN.h */,
				BFB95CD522323D6800090BEE /* SWUAFN.m */,
			);
			path = Other;
			sourceTree = "<group>";
		};
		BF75E8C82218F59B005244C5 /* Schedule */ = {
			isa = PBXGroup;
			children = (
				BFA4BE4222256263006F674E /* course.plist */,
				BFA4BE4322256264006F674E /* Model */,
				BF75E8C92218F59B005244C5 /* Controller */,
				BF75E8CD2218F59B005244C5 /* View */,
			);
			path = Schedule;
			sourceTree = "<group>";
		};
		BF75E8C92218F59B005244C5 /* Controller */ = {
			isa = PBXGroup;
			children = (
				BFA4BE7A222697DD006F674E /* SWUScheduleViewController.h */,
				BFA4BE7B222697DD006F674E /* SWUScheduleViewController.m */,
				BFA4BE7422262F66006F674E /* SWUAlertViewController.h */,
				BFA4BE7522262F66006F674E /* SWUAlertViewController.m */,
			);
			path = Controller;
			sourceTree = "<group>";
		};
		BF75E8CD2218F59B005244C5 /* View */ = {
			isa = PBXGroup;
			children = (
				BFA4BE7D2226A3C5006F674E /* SWUWeekSelectView.h */,
				BFA4BE7E2226A3C5006F674E /* SWUWeekSelectView.m */,
				BFA4BE7722267E21006F674E /* SWUNavTitleView.h */,
				BFA4BE7822267E21006F674E /* SWUNavTitleView.m */,
				BFA4BE3C22255EE1006F674E /* SWULabel.h */,
				BFA4BE3D22255EE1006F674E /* SWULabel.m */,
				BFA4BE3922255E06006F674E /* SWUScrollview.h */,
				BFA4BE3A22255E06006F674E /* SWUScrollview.m */,
				BFA4BE3F22255FDF006F674E /* SWUCollectionViewCell.h */,
				BFA4BE4022255FDF006F674E /* SWUCollectionViewCell.m */,
			);
			path = View;
			sourceTree = "<group>";
		};
		BF7E6910221C19D80032422F /* Model */ = {
			isa = PBXGroup;
			children = (
				BF7E6911221C19D80032422F /* SWUMineModel.h */,
				BF7E6912221C19D80032422F /* SWUMineModel.m */,
				BFB95CD122323AAB00090BEE /* SWUBindingModel.h */,
				BFB95CD222323AAB00090BEE /* SWUBindingModel.m */,
			);
			path = Model;
			sourceTree = "<group>";
		};
		BF7E6918221C5B5D0032422F /* About */ = {
			isa = PBXGroup;
			children = (
				BF71B160221F903000C00868 /* About.plist */,
				BF7E6919221C5B5D0032422F /* Controller */,
				BF7E691A221C5B5D0032422F /* Model */,
				BF7E691B221C5B5D0032422F /* View */,
			);
			path = About;
			sourceTree = "<group>";
		};
		BF7E6919221C5B5D0032422F /* Controller */ = {
			isa = PBXGroup;
			children = (
				BF7E691C221CF8010032422F /* SWUAboutViewController.h */,
				BF7E691D221CF8010032422F /* SWUAboutViewController.m */,
				BF71B162221F93B900C00868 /* SWUAboutUsViewController.h */,
				BF71B163221F93B900C00868 /* SWUAboutUsViewController.m */,
				BF71B165221F93D400C00868 /* SWUUpdateLogViewController.h */,
				BF71B166221F93D400C00868 /* SWUUpdateLogViewController.m */,
			);
			path = Controller;
			sourceTree = "<group>";
		};
		BF7E691A221C5B5D0032422F /* Model */ = {
			isa = PBXGroup;
			children = (
				BF71B15D221F8FFC00C00868 /* SWUAboutModel.h */,
				BF71B15E221F8FFC00C00868 /* SWUAboutModel.m */,
			);
			path = Model;
			sourceTree = "<group>";
		};
		BF7E691B221C5B5D0032422F /* View */ = {
			isa = PBXGroup;
			children = (
				BF7E691F221D320C0032422F /* SWUAboutHeaderView.h */,
				BF7E6920221D320C0032422F /* SWUAboutHeaderView.m */,
			);
			path = View;
			sourceTree = "<group>";
		};
		BFA4BE4322256264006F674E /* Model */ = {
			isa = PBXGroup;
			children = (
				BFB95CD722326B6B00090BEE /* SWUScheduleModel.h */,
				BFB95CD822326B6B00090BEE /* SWUScheduleModel.m */,
				BFA4BE4422256264006F674E /* Data.h */,
				BFA4BE4522256264006F674E /* Data.m */,
				BFA4BE4622256264006F674E /* Weekitem.h */,
				BFA4BE4722256264006F674E /* Weekitem.m */,
			);
			path = Model;
			sourceTree = "<group>";
		};
		BFA4BE802226D1A3006F674E /* Login */ = {
			isa = PBXGroup;
			children = (
				BFB95C7D2231165F00090BEE /* Model */,
				BFA4BE812226D1A3006F674E /* Controller */,
				BFA4BE832226D1A3006F674E /* View */,
			);
			path = Login;
			sourceTree = "<group>";
		};
		BFA4BE812226D1A3006F674E /* Controller */ = {
			isa = PBXGroup;
			children = (
				BFA4BE842226D230006F674E /* SWULoginViewController.h */,
				BFA4BE852226D230006F674E /* SWULoginViewController.m */,
				BFA4BE872226D2A4006F674E /* SWURegisterViewController.h */,
				BFA4BE882226D2A4006F674E /* SWURegisterViewController.m */,
				BFF9ADF822296FDE00B10767 /* SWUForgetPwdViewController.h */,
				BFF9ADF922296FDE00B10767 /* SWUForgetPwdViewController.m */,
			);
			path = Controller;
			sourceTree = "<group>";
		};
		BFA4BE832226D1A3006F674E /* View */ = {
			isa = PBXGroup;
			children = (
				BFF9AD9F22280A9C00B10767 /* SWUTextField.h */,
				BFF9ADA022280A9C00B10767 /* SWUTextField.m */,
				BFF9ADFB222A321E00B10767 /* SWULoginLabel.h */,
				BFF9ADFC222A321E00B10767 /* SWULoginLabel.m */,
				BFB95C8122312D6F00090BEE /* SWUVerificationCodeButton.h */,
				BFB95C8222312D6F00090BEE /* SWUVerificationCodeButton.m */,
			);
			path = View;
			sourceTree = "<group>";
		};
		BFB95C7D2231165F00090BEE /* Model */ = {
			isa = PBXGroup;
			children = (
				BFB95C7E2231169600090BEE /* SWULoginModel.h */,
				BFB95C7F2231169600090BEE /* SWULoginModel.m */,
			);
			path = Model;
			sourceTree = "<group>";
		};
		BFD47F6C222223E6000AED18 /* Category */ = {
			isa = PBXGroup;
			children = (
				BFD47F6E22222435000AED18 /* UIBarButtonItem+Item.h */,
				BFD47F6D22222435000AED18 /* UIBarButtonItem+Item.m */,
				BFF9ADA222281BB700B10767 /* UIButton+Login.h */,
				BFF9ADA322281BB700B10767 /* UIButton+Login.m */,
				BFB95CDE2233931B00090BEE /* NSDate+DistanceOfTimes.h */,
				BFB95CDF2233931B00090BEE /* NSDate+DistanceOfTimes.m */,
				BFB95D2022354FC800090BEE /* NSDate+PickerView.h */,
				BFB95D2122354FC800090BEE /* NSDate+PickerView.m */,
			);
			path = Category;
			sourceTree = "<group>";
		};
/* End PBXGroup section */

/* Begin PBXNativeTarget section */
		4B4B04CC213ECC66008FA20D /* OpenSwuNG */ = {
			isa = PBXNativeTarget;
			buildConfigurationList = 4B4B04E3213ECC67008FA20D /* Build configuration list for PBXNativeTarget "OpenSwuNG" */;
			buildPhases = (
				8F4FA79A4A75D3462CCC925E /* [CP] Check Pods Manifest.lock */,
				4B4B04C9213ECC66008FA20D /* Sources */,
				4B4B04CA213ECC66008FA20D /* Frameworks */,
				4B4B04CB213ECC66008FA20D /* Resources */,
				1D7562F5CD9F527E95320CDF /* [CP] Copy Pods Resources */,
			);
			buildRules = (
			);
			dependencies = (
			);
			name = OpenSwuNG;
			productName = OpenSwuNG;
			productReference = 4B4B04CD213ECC66008FA20D /* OpenSwuNG.app */;
			productType = "com.apple.product-type.application";
		};
/* End PBXNativeTarget section */

/* Begin PBXProject section */
		4B4B04C5213ECC66008FA20D /* Project object */ = {
			isa = PBXProject;
			attributes = {
				LastUpgradeCheck = 0940;
				TargetAttributes = {
					4B4B04CC213ECC66008FA20D = {
						CreatedOnToolsVersion = 9.4.1;
					};
				};
			};
			buildConfigurationList = 4B4B04C8213ECC66008FA20D /* Build configuration list for PBXProject "OpenSwuNG" */;
			compatibilityVersion = "Xcode 9.3";
			developmentRegion = en;
			hasScannedForEncodings = 0;
			knownRegions = (
				en,
				Base,
			);
			mainGroup = 4B4B04C4213ECC66008FA20D;
			productRefGroup = 4B4B04CE213ECC66008FA20D /* Products */;
			projectDirPath = "";
			projectRoot = "";
			targets = (
				4B4B04CC213ECC66008FA20D /* OpenSwuNG */,
			);
		};
/* End PBXProject section */

/* Begin PBXResourcesBuildPhase section */
		4B4B04CB213ECC66008FA20D /* Resources */ = {
			isa = PBXResourcesBuildPhase;
			buildActionMask = 2147483647;
			files = (
				BF71B161221F903000C00868 /* About.plist in Resources */,
				4B4B04DD213ECC67008FA20D /* LaunchScreen.storyboard in Resources */,
				4B4B04DA213ECC67008FA20D /* Assets.xcassets in Resources */,
				BFA4BE4822256264006F674E /* course.plist in Resources */,
				BF7E6917221C55540032422F /* Mine.plist in Resources */,
			);
			runOnlyForDeploymentPostprocessing = 0;
		};
/* End PBXResourcesBuildPhase section */

/* Begin PBXShellScriptBuildPhase section */
		1D7562F5CD9F527E95320CDF /* [CP] Copy Pods Resources */ = {
			isa = PBXShellScriptBuildPhase;
			buildActionMask = 2147483647;
			files = (
			);
			inputFileListPaths = (
			);
			inputPaths = (
				"${PODS_ROOT}/Target Support Files/Pods-OpenSwuNG/Pods-OpenSwuNG-resources.sh",
				"${PODS_ROOT}/SVProgressHUD/SVProgressHUD/SVProgressHUD.bundle",
			);
			name = "[CP] Copy Pods Resources";
			outputFileListPaths = (
			);
			outputPaths = (
				"${TARGET_BUILD_DIR}/${UNLOCALIZED_RESOURCES_FOLDER_PATH}/SVProgressHUD.bundle",
			);
			runOnlyForDeploymentPostprocessing = 0;
			shellPath = /bin/sh;
			shellScript = "\"${PODS_ROOT}/Target Support Files/Pods-OpenSwuNG/Pods-OpenSwuNG-resources.sh\"\n";
			showEnvVarsInLog = 0;
		};
		8F4FA79A4A75D3462CCC925E /* [CP] Check Pods Manifest.lock */ = {
			isa = PBXShellScriptBuildPhase;
			buildActionMask = 2147483647;
			files = (
			);
			inputPaths = (
				"${PODS_PODFILE_DIR_PATH}/Podfile.lock",
				"${PODS_ROOT}/Manifest.lock",
			);
			name = "[CP] Check Pods Manifest.lock";
			outputPaths = (
				"$(DERIVED_FILE_DIR)/Pods-OpenSwuNG-checkManifestLockResult.txt",
			);
			runOnlyForDeploymentPostprocessing = 0;
			shellPath = /bin/sh;
			shellScript = "diff \"${PODS_PODFILE_DIR_PATH}/Podfile.lock\" \"${PODS_ROOT}/Manifest.lock\" > /dev/null\nif [ $? != 0 ] ; then\n    # print error to STDERR\n    echo \"error: The sandbox is not in sync with the Podfile.lock. Run 'pod install' or update your CocoaPods installation.\" >&2\n    exit 1\nfi\n# This output is used by Xcode 'outputs' to avoid re-running this script phase.\necho \"SUCCESS\" > \"${SCRIPT_OUTPUT_FILE_0}\"\n";
			showEnvVarsInLog = 0;
		};
/* End PBXShellScriptBuildPhase section */

/* Begin PBXSourcesBuildPhase section */
		4B4B04C9213ECC66008FA20D /* Sources */ = {
			isa = PBXSourcesBuildPhase;
			buildActionMask = 2147483647;
			files = (
				BFA4BE7F2226A3C5006F674E /* SWUWeekSelectView.m in Sources */,
				BFB95CD322323AAB00090BEE /* SWUBindingModel.m in Sources */,
				BFF9ADFA22296FDE00B10767 /* SWUForgetPwdViewController.m in Sources */,
				BFF9ADA122280A9C00B10767 /* SWUTextField.m in Sources */,
				BFA4BE3E22255EE1006F674E /* SWULabel.m in Sources */,
				BFB95CE62233CD8700090BEE /* SWUScoreViewController.m in Sources */,
				BF7E691E221CF8010032422F /* SWUAboutViewController.m in Sources */,
				BF71B164221F93B900C00868 /* SWUAboutUsViewController.m in Sources */,
				BF75E8D22218F59B005244C5 /* main.m in Sources */,
				BFB95C8322312D6F00090BEE /* SWUVerificationCodeButton.m in Sources */,
				BFB95CF422340EA600090BEE /* SWUScoreModel.m in Sources */,
				BFA4BE7C222697DD006F674E /* SWUScheduleViewController.m in Sources */,
				BFA4BE4A22256264006F674E /* Weekitem.m in Sources */,
				BFA4BE7922267E21006F674E /* SWUNavTitleView.m in Sources */,
				BF75E8D12218F59B005244C5 /* AppDelegate.m in Sources */,
				BF75E8CE2218F59B005244C5 /* SWUTabBarController.m in Sources */,
				BFB95CE92233DED900090BEE /* SWUPointView.m in Sources */,
				BF0F095C2236A36700CD362E /* SWUHomeSchedule.m in Sources */,
				BFA4BE862226D230006F674E /* SWULoginViewController.m in Sources */,
				BFB95CD922326B6B00090BEE /* SWUScheduleModel.m in Sources */,
				BFF9ADA422281BB700B10767 /* UIButton+Login.m in Sources */,
				BFB95CFA2234ABBC00090BEE /* SWUScoreCell.m in Sources */,
				BFD47F6F22222435000AED18 /* UIBarButtonItem+Item.m in Sources */,
				BFF9ADFD222A321E00B10767 /* SWULoginLabel.m in Sources */,
				BF75E8D02218F59B005244C5 /* SWUMineViewController.m in Sources */,
				BF7E6921221D320C0032422F /* SWUAboutHeaderView.m in Sources */,
				BFA4BE4922256264006F674E /* Data.m in Sources */,
				BFB95CEC2233F77800090BEE /* SWUTotalScoreView.m in Sources */,
				BF7E6913221C19D80032422F /* SWUMineModel.m in Sources */,
				BFA4BE8C2226D2E6006F674E /* SWUBindingViewController.m in Sources */,
				BF7E68B7221BEB4B0032422F /* SWUMineTableViewCell.m in Sources */,
				BF7E6947221D3C730032422F /* SWUNavigationController.m in Sources */,
				BF0F095D2236A36700CD362E /* SWUHomeBanner.m in Sources */,
				BFB95CE02233931B00090BEE /* NSDate+DistanceOfTimes.m in Sources */,
				BFA4BE3B22255E06006F674E /* SWUScrollview.m in Sources */,
				BFB95CD622323D6800090BEE /* SWUAFN.m in Sources */,
				BFB95CEF2233FCAB00090BEE /* SWUScrollerBackView.m in Sources */,
				BFA4BE7622262F66006F674E /* SWUAlertViewController.m in Sources */,
				BF75E8CF2218F59B005244C5 /* SWUMainViewController.m in Sources */,
				BFB95CFD2235493C00090BEE /* SWUPickerView.m in Sources */,
				BFA4BE892226D2A4006F674E /* SWURegisterViewController.m in Sources */,
				BFB95CF72234A6DB00090BEE /* SWUScoreHeaderView.m in Sources */,
				BF0F095E2236A36700CD362E /* SWUMainButton.m in Sources */,
				BF0F095B2236A36700CD362E /* SWUHomeScheduleSubview.m in Sources */,
				BFA4BE4122255FDF006F674E /* SWUCollectionViewCell.m in Sources */,
				BF71B167221F93D400C00868 /* SWUUpdateLogViewController.m in Sources */,
				BF7E68B4221BE1480032422F /* SWUHeaderView.m in Sources */,
				BFB95D2222354FC800090BEE /* NSDate+PickerView.m in Sources */,
				BFB95C802231169600090BEE /* SWULoginModel.m in Sources */,
				BF0F09622236A37C00CD362E /* SWUMainModel.m in Sources */,
				BF71B15F221F8FFC00C00868 /* SWUAboutModel.m in Sources */,
			);
			runOnlyForDeploymentPostprocessing = 0;
		};
/* End PBXSourcesBuildPhase section */

/* Begin PBXVariantGroup section */
		4B4B04DB213ECC67008FA20D /* LaunchScreen.storyboard */ = {
			isa = PBXVariantGroup;
			children = (
				4B4B04DC213ECC67008FA20D /* Base */,
			);
			name = LaunchScreen.storyboard;
			sourceTree = "<group>";
		};
/* End PBXVariantGroup section */

/* Begin XCBuildConfiguration section */
		4B4B04E1213ECC67008FA20D /* Debug */ = {
			isa = XCBuildConfiguration;
			buildSettings = {
				ALWAYS_SEARCH_USER_PATHS = NO;
				CLANG_ANALYZER_NONNULL = YES;
				CLANG_ANALYZER_NUMBER_OBJECT_CONVERSION = YES_AGGRESSIVE;
				CLANG_CXX_LANGUAGE_STANDARD = "gnu++14";
				CLANG_CXX_LIBRARY = "libc++";
				CLANG_ENABLE_MODULES = YES;
				CLANG_ENABLE_OBJC_ARC = YES;
				CLANG_ENABLE_OBJC_WEAK = YES;
				CLANG_WARN_BLOCK_CAPTURE_AUTORELEASING = YES;
				CLANG_WARN_BOOL_CONVERSION = YES;
				CLANG_WARN_COMMA = YES;
				CLANG_WARN_CONSTANT_CONVERSION = YES;
				CLANG_WARN_DEPRECATED_OBJC_IMPLEMENTATIONS = YES;
				CLANG_WARN_DIRECT_OBJC_ISA_USAGE = YES_ERROR;
				CLANG_WARN_DOCUMENTATION_COMMENTS = YES;
				CLANG_WARN_EMPTY_BODY = YES;
				CLANG_WARN_ENUM_CONVERSION = YES;
				CLANG_WARN_INFINITE_RECURSION = YES;
				CLANG_WARN_INT_CONVERSION = YES;
				CLANG_WARN_NON_LITERAL_NULL_CONVERSION = YES;
				CLANG_WARN_OBJC_IMPLICIT_RETAIN_SELF = YES;
				CLANG_WARN_OBJC_LITERAL_CONVERSION = YES;
				CLANG_WARN_OBJC_ROOT_CLASS = YES_ERROR;
				CLANG_WARN_RANGE_LOOP_ANALYSIS = YES;
				CLANG_WARN_STRICT_PROTOTYPES = YES;
				CLANG_WARN_SUSPICIOUS_MOVE = YES;
				CLANG_WARN_UNGUARDED_AVAILABILITY = YES_AGGRESSIVE;
				CLANG_WARN_UNREACHABLE_CODE = YES;
				CLANG_WARN__DUPLICATE_METHOD_MATCH = YES;
				CODE_SIGN_IDENTITY = "iPhone Developer";
				COPY_PHASE_STRIP = NO;
				DEBUG_INFORMATION_FORMAT = dwarf;
				ENABLE_STRICT_OBJC_MSGSEND = YES;
				ENABLE_TESTABILITY = YES;
				GCC_C_LANGUAGE_STANDARD = gnu11;
				GCC_DYNAMIC_NO_PIC = NO;
				GCC_NO_COMMON_BLOCKS = YES;
				GCC_OPTIMIZATION_LEVEL = 0;
				GCC_PREPROCESSOR_DEFINITIONS = (
					"DEBUG=1",
					"$(inherited)",
				);
				GCC_WARN_64_TO_32_BIT_CONVERSION = YES;
				GCC_WARN_ABOUT_RETURN_TYPE = YES_ERROR;
				GCC_WARN_UNDECLARED_SELECTOR = YES;
				GCC_WARN_UNINITIALIZED_AUTOS = YES_AGGRESSIVE;
				GCC_WARN_UNUSED_FUNCTION = YES;
				GCC_WARN_UNUSED_VARIABLE = YES;
				IPHONEOS_DEPLOYMENT_TARGET = 11.4;
				MTL_ENABLE_DEBUG_INFO = YES;
				ONLY_ACTIVE_ARCH = YES;
				SDKROOT = iphoneos;
			};
			name = Debug;
		};
		4B4B04E2213ECC67008FA20D /* Release */ = {
			isa = XCBuildConfiguration;
			buildSettings = {
				ALWAYS_SEARCH_USER_PATHS = NO;
				CLANG_ANALYZER_NONNULL = YES;
				CLANG_ANALYZER_NUMBER_OBJECT_CONVERSION = YES_AGGRESSIVE;
				CLANG_CXX_LANGUAGE_STANDARD = "gnu++14";
				CLANG_CXX_LIBRARY = "libc++";
				CLANG_ENABLE_MODULES = YES;
				CLANG_ENABLE_OBJC_ARC = YES;
				CLANG_ENABLE_OBJC_WEAK = YES;
				CLANG_WARN_BLOCK_CAPTURE_AUTORELEASING = YES;
				CLANG_WARN_BOOL_CONVERSION = YES;
				CLANG_WARN_COMMA = YES;
				CLANG_WARN_CONSTANT_CONVERSION = YES;
				CLANG_WARN_DEPRECATED_OBJC_IMPLEMENTATIONS = YES;
				CLANG_WARN_DIRECT_OBJC_ISA_USAGE = YES_ERROR;
				CLANG_WARN_DOCUMENTATION_COMMENTS = YES;
				CLANG_WARN_EMPTY_BODY = YES;
				CLANG_WARN_ENUM_CONVERSION = YES;
				CLANG_WARN_INFINITE_RECURSION = YES;
				CLANG_WARN_INT_CONVERSION = YES;
				CLANG_WARN_NON_LITERAL_NULL_CONVERSION = YES;
				CLANG_WARN_OBJC_IMPLICIT_RETAIN_SELF = YES;
				CLANG_WARN_OBJC_LITERAL_CONVERSION = YES;
				CLANG_WARN_OBJC_ROOT_CLASS = YES_ERROR;
				CLANG_WARN_RANGE_LOOP_ANALYSIS = YES;
				CLANG_WARN_STRICT_PROTOTYPES = YES;
				CLANG_WARN_SUSPICIOUS_MOVE = YES;
				CLANG_WARN_UNGUARDED_AVAILABILITY = YES_AGGRESSIVE;
				CLANG_WARN_UNREACHABLE_CODE = YES;
				CLANG_WARN__DUPLICATE_METHOD_MATCH = YES;
				CODE_SIGN_IDENTITY = "iPhone Developer";
				COPY_PHASE_STRIP = NO;
				DEBUG_INFORMATION_FORMAT = "dwarf-with-dsym";
				ENABLE_NS_ASSERTIONS = NO;
				ENABLE_STRICT_OBJC_MSGSEND = YES;
				GCC_C_LANGUAGE_STANDARD = gnu11;
				GCC_NO_COMMON_BLOCKS = YES;
				GCC_WARN_64_TO_32_BIT_CONVERSION = YES;
				GCC_WARN_ABOUT_RETURN_TYPE = YES_ERROR;
				GCC_WARN_UNDECLARED_SELECTOR = YES;
				GCC_WARN_UNINITIALIZED_AUTOS = YES_AGGRESSIVE;
				GCC_WARN_UNUSED_FUNCTION = YES;
				GCC_WARN_UNUSED_VARIABLE = YES;
				IPHONEOS_DEPLOYMENT_TARGET = 11.4;
				MTL_ENABLE_DEBUG_INFO = NO;
				SDKROOT = iphoneos;
				VALIDATE_PRODUCT = YES;
			};
			name = Release;
		};
		4B4B04E4213ECC67008FA20D /* Debug */ = {
			isa = XCBuildConfiguration;
			baseConfigurationReference = CD0B42B6BB2805C5D6295880 /* Pods-OpenSwuNG.debug.xcconfig */;
			buildSettings = {
				ASSETCATALOG_COMPILER_APPICON_NAME = AppIcon;
				CODE_SIGN_STYLE = Automatic;
				INFOPLIST_FILE = OpenSwuNG/Info.plist;
				LD_RUNPATH_SEARCH_PATHS = (
					"$(inherited)",
					"@executable_path/Frameworks",
				);
				PRODUCT_BUNDLE_IDENTIFIER = "SWU-OPENSOURCE.OpenSwuNG";
				PRODUCT_NAME = "$(TARGET_NAME)";
				TARGETED_DEVICE_FAMILY = "1,2";
			};
			name = Debug;
		};
		4B4B04E5213ECC67008FA20D /* Release */ = {
			isa = XCBuildConfiguration;
			baseConfigurationReference = F8B7907FCE06F2DC1CECC24F /* Pods-OpenSwuNG.release.xcconfig */;
			buildSettings = {
				ASSETCATALOG_COMPILER_APPICON_NAME = AppIcon;
				CODE_SIGN_STYLE = Automatic;
				INFOPLIST_FILE = OpenSwuNG/Info.plist;
				LD_RUNPATH_SEARCH_PATHS = (
					"$(inherited)",
					"@executable_path/Frameworks",
				);
				PRODUCT_BUNDLE_IDENTIFIER = "SWU-OPENSOURCE.OpenSwuNG";
				PRODUCT_NAME = "$(TARGET_NAME)";
				TARGETED_DEVICE_FAMILY = "1,2";
			};
			name = Release;
		};
/* End XCBuildConfiguration section */

/* Begin XCConfigurationList section */
		4B4B04C8213ECC66008FA20D /* Build configuration list for PBXProject "OpenSwuNG" */ = {
			isa = XCConfigurationList;
			buildConfigurations = (
				4B4B04E1213ECC67008FA20D /* Debug */,
				4B4B04E2213ECC67008FA20D /* Release */,
			);
			defaultConfigurationIsVisible = 0;
			defaultConfigurationName = Release;
		};
		4B4B04E3213ECC67008FA20D /* Build configuration list for PBXNativeTarget "OpenSwuNG" */ = {
			isa = XCConfigurationList;
			buildConfigurations = (
				4B4B04E4213ECC67008FA20D /* Debug */,
				4B4B04E5213ECC67008FA20D /* Release */,
			);
			defaultConfigurationIsVisible = 0;
			defaultConfigurationName = Release;
		};
/* End XCConfigurationList section */
	};
	rootObject = 4B4B04C5213ECC66008FA20D /* Project object */;
}
